
Microsoft Visual Studio Solution File, Format Version 12.00
# Visual Studio 14
VisualStudioVersion = 14.0.24720.0
MinimumVisualStudioVersion = 10.0.40219.1
Project("{8BC9CEB8-8B4A-11D0-8D11-00A0C91BC942}") = "Day2", "Day2\Day2.vcxproj", "{D30F2DC2-C247-46A9-9ECA-968FC5B007BC}"
EndProject
Project("{8BC9CEB8-8B4A-11D0-8D11-00A0C91BC942}") = "Day3", "Day3\Day3.vcxproj", "{E528ECB8-A860-4CFB-8036-228911336B95}"
EndProject
Project("{8BC9CEB8-8B4A-11D0-8D11-00A0C91BC942}") = "Day4", "Day4\Day4.vcxproj", "{3278C52E-9ED2-4753-AE66-59F5386473A3}"
EndProject
Project("{8BC9CEB8-8B4A-11D0-8D11-00A0C91BC942}") = "Day5", "Day5\Day5.vcxproj", "{CB10A03D-5CD6-4610-99FF-2A5E5693CDF2}"
EndProject
Project("{8BC9CEB8-8B4A-11D0-8D11-00A0C91BC942}") = "Day1", "Day1\Day1.vcxproj", "{32B4DDDD-1A6A-4527-BEEB-3A61B76A03E1}"
EndProject
Project("{8BC9CEB8-8B4A-11D0-8D11-00A0C91BC942}") = "Day6", "Day6\Day6.vcxproj", "{BCBCCEAF-E854-41ED-86A6-B66135BB56C4}"
EndProject
Project("{8BC9CEB8-8B4A-11D0-8D11-00A0C91BC942}") = "Day7", "Day7\Day7.vcxproj", "{A0EF6600-5FFB-444A-8B09-8C90AC3519F7}"
EndProject
Project("{8BC9CEB8-8B4A-11D0-8D11-00A0C91BC942}") = "Day8", "Day8\Day8.vcxproj", "{67A759FB-5CD8-474E-9688-731EB1750D9D}"
EndProject
Project("{8BC9CEB8-8B4A-11D0-8D11-00A0C91BC942}") = "Day9", "Day9\Day9.vcxproj", "{CD08364C-0025-4E8E-B02E-209971A69F74}"
EndProject
Project("{8BC9CEB8-8B4A-11D0-8D11-00A0C91BC942}") = "Day11", "Day11\Day11.vcxproj", "{60D0C0CC-F0FE-46A9-A657-BC290D0CF956}"
EndProject
Project("{8BC9CEB8-8B4A-11D0-8D11-00A0C91BC942}") = "Day10", "Day10\Day10.vcxproj", "{B6DB4F56-4381-43A7-90B9-4F17BEFCFF0B}"
EndProject
Project("{8BC9CEB8-8B4A-11D0-8D11-00A0C91BC942}") = "Day12", "Day12\Day12.vcxproj", "{13FF5459-4F3C-4DAE-8241-8D149B31C895}"
EndProject
Project("{8BC9CEB8-8B4A-11D0-8D11-00A0C91BC942}") = "Day13", "Day13\Day13.vcxproj", "{CDD7D095-A52B-4CEA-96E4-82A3379792A7}"
EndProject
Project("{8BC9CEB8-8B4A-11D0-8D11-00A0C91BC942}") = "Day14", "Day14\Day14.vcxproj", "{0375F1F7-D0D1-4ECF-B7F7-732EC856D301}"
EndProject
Project("{8BC9CEB8-8B4A-11D0-8D11-00A0C91BC942}") = "Day15", "Day15\Day15.vcxproj", "{029D4DDD-32D8-4447-AAF5-E26404E041FD}"
EndProject
Global
	GlobalSection(SolutionConfigurationPlatforms) = preSolution
		Debug|x64 = Debug|x64
		Debug|x86 = Debug|x86
		Release|x64 = Release|x64
		Release|x86 = Release|x86
	EndGlobalSection
	GlobalSection(ProjectConfigurationPlatforms) = postSolution
		{D30F2DC2-C247-46A9-9ECA-968FC5B007BC}.Debug|x64.ActiveCfg = Debug|x64
		{D30F2DC2-C247-46A9-9ECA-968FC5B007BC}.Debug|x64.Build.0 = Debug|x64
		{D30F2DC2-C247-46A9-9ECA-968FC5B007BC}.Debug|x86.ActiveCfg = Debug|Win32
		{D30F2DC2-C247-46A9-9ECA-968FC5B007BC}.Debug|x86.Build.0 = Debug|Win32
		{D30F2DC2-C247-46A9-9ECA-968FC5B007BC}.Release|x64.ActiveCfg = Release|x64
		{D30F2DC2-C247-46A9-9ECA-968FC5B007BC}.Release|x64.Build.0 = Release|x64
		{D30F2DC2-C247-46A9-9ECA-968FC5B007BC}.Release|x86.ActiveCfg = Release|Win32
		{D30F2DC2-C247-46A9-9ECA-968FC5B007BC}.Release|x86.Build.0 = Release|Win32
		{E528ECB8-A860-4CFB-8036-228911336B95}.Debug|x64.ActiveCfg = Debug|x64
		{E528ECB8-A860-4CFB-8036-228911336B95}.Debug|x64.Build.0 = Debug|x64
		{E528ECB8-A860-4CFB-8036-228911336B95}.Debug|x86.ActiveCfg = Debug|Win32
		{E528ECB8-A860-4CFB-8036-228911336B95}.Debug|x86.Build.0 = Debug|Win32
		{E528ECB8-A860-4CFB-8036-228911336B95}.Release|x64.ActiveCfg = Release|x64
		{E528ECB8-A860-4CFB-8036-228911336B95}.Release|x64.Build.0 = Release|x64
		{E528ECB8-A860-4CFB-8036-228911336B95}.Release|x86.ActiveCfg = Release|Win32
		{E528ECB8-A860-4CFB-8036-228911336B95}.Release|x86.Build.0 = Release|Win32
		{3278C52E-9ED2-4753-AE66-59F5386473A3}.Debug|x64.ActiveCfg = Debug|x64
		{3278C52E-9ED2-4753-AE66-59F5386473A3}.Debug|x64.Build.0 = Debug|x64
		{3278C52E-9ED2-4753-AE66-59F5386473A3}.Debug|x86.ActiveCfg = Debug|Win32
		{3278C52E-9ED2-4753-AE66-59F5386473A3}.Debug|x86.Build.0 = Debug|Win32
		{3278C52E-9ED2-4753-AE66-59F5386473A3}.Release|x64.ActiveCfg = Release|x64
		{3278C52E-9ED2-4753-AE66-59F5386473A3}.Release|x64.Build.0 = Release|x64
		{3278C52E-9ED2-4753-AE66-59F5386473A3}.Release|x86.ActiveCfg = Release|Win32
		{3278C52E-9ED2-4753-AE66-59F5386473A3}.Release|x86.Build.0 = Release|Win32
		{CB10A03D-5CD6-4610-99FF-2A5E5693CDF2}.Debug|x64.ActiveCfg = Debug|x64
		{CB10A03D-5CD6-4610-99FF-2A5E5693CDF2}.Debug|x64.Build.0 = Debug|x64
		{CB10A03D-5CD6-4610-99FF-2A5E5693CDF2}.Debug|x86.ActiveCfg = Debug|Win32
		{CB10A03D-5CD6-4610-99FF-2A5E5693CDF2}.Debug|x86.Build.0 = Debug|Win32
		{CB10A03D-5CD6-4610-99FF-2A5E5693CDF2}.Release|x64.ActiveCfg = Release|x64
		{CB10A03D-5CD6-4610-99FF-2A5E5693CDF2}.Release|x64.Build.0 = Release|x64
		{CB10A03D-5CD6-4610-99FF-2A5E5693CDF2}.Release|x86.ActiveCfg = Release|Win32
		{CB10A03D-5CD6-4610-99FF-2A5E5693CDF2}.Release|x86.Build.0 = Release|Win32
		{32B4DDDD-1A6A-4527-BEEB-3A61B76A03E1}.Debug|x64.ActiveCfg = Debug|x64
		{32B4DDDD-1A6A-4527-BEEB-3A61B76A03E1}.Debug|x64.Build.0 = Debug|x64
		{32B4DDDD-1A6A-4527-BEEB-3A61B76A03E1}.Debug|x86.ActiveCfg = Debug|Win32
		{32B4DDDD-1A6A-4527-BEEB-3A61B76A03E1}.Debug|x86.Build.0 = Debug|Win32
		{32B4DDDD-1A6A-4527-BEEB-3A61B76A03E1}.Release|x64.ActiveCfg = Release|x64
		{32B4DDDD-1A6A-4527-BEEB-3A61B76A03E1}.Release|x64.Build.0 = Release|x64
		{32B4DDDD-1A6A-4527-BEEB-3A61B76A03E1}.Release|x86.ActiveCfg = Release|Win32
		{32B4DDDD-1A6A-4527-BEEB-3A61B76A03E1}.Release|x86.Build.0 = Release|Win32
		{BCBCCEAF-E854-41ED-86A6-B66135BB56C4}.Debug|x64.ActiveCfg = Debug|x64
		{BCBCCEAF-E854-41ED-86A6-B66135BB56C4}.Debug|x64.Build.0 = Debug|x64
		{BCBCCEAF-E854-41ED-86A6-B66135BB56C4}.Debug|x86.ActiveCfg = Debug|Win32
		{BCBCCEAF-E854-41ED-86A6-B66135BB56C4}.Debug|x86.Build.0 = Debug|Win32
		{BCBCCEAF-E854-41ED-86A6-B66135BB56C4}.Release|x64.ActiveCfg = Release|x64
		{BCBCCEAF-E854-41ED-86A6-B66135BB56C4}.Release|x64.Build.0 = Release|x64
		{BCBCCEAF-E854-41ED-86A6-B66135BB56C4}.Release|x86.ActiveCfg = Release|Win32
		{BCBCCEAF-E854-41ED-86A6-B66135BB56C4}.Release|x86.Build.0 = Release|Win32
		{A0EF6600-5FFB-444A-8B09-8C90AC3519F7}.Debug|x64.ActiveCfg = Debug|x64
		{A0EF6600-5FFB-444A-8B09-8C90AC3519F7}.Debug|x64.Build.0 = Debug|x64
		{A0EF6600-5FFB-444A-8B09-8C90AC3519F7}.Debug|x86.ActiveCfg = Debug|Win32
		{A0EF6600-5FFB-444A-8B09-8C90AC3519F7}.Debug|x86.Build.0 = Debug|Win32
		{A0EF6600-5FFB-444A-8B09-8C90AC3519F7}.Release|x64.ActiveCfg = Release|x64
		{A0EF6600-5FFB-444A-8B09-8C90AC3519F7}.Release|x64.Build.0 = Release|x64
		{A0EF6600-5FFB-444A-8B09-8C90AC3519F7}.Release|x86.ActiveCfg = Release|Win32
		{A0EF6600-5FFB-444A-8B09-8C90AC3519F7}.Release|x86.Build.0 = Release|Win32
		{67A759FB-5CD8-474E-9688-731EB1750D9D}.Debug|x64.ActiveCfg = Debug|x64
		{67A759FB-5CD8-474E-9688-731EB1750D9D}.Debug|x64.Build.0 = Debug|x64
		{67A759FB-5CD8-474E-9688-731EB1750D9D}.Debug|x86.ActiveCfg = Debug|Win32
		{67A759FB-5CD8-474E-9688-731EB1750D9D}.Debug|x86.Build.0 = Debug|Win32
		{67A759FB-5CD8-474E-9688-731EB1750D9D}.Release|x64.ActiveCfg = Release|x64
		{67A759FB-5CD8-474E-9688-731EB1750D9D}.Release|x64.Build.0 = Release|x64
		{67A759FB-5CD8-474E-9688-731EB1750D9D}.Release|x86.ActiveCfg = Release|Win32
		{67A759FB-5CD8-474E-9688-731EB1750D9D}.Release|x86.Build.0 = Release|Win32
		{CD08364C-0025-4E8E-B02E-209971A69F74}.Debug|x64.ActiveCfg = Debug|x64
		{CD08364C-0025-4E8E-B02E-209971A69F74}.Debug|x64.Build.0 = Debug|x64
		{CD08364C-0025-4E8E-B02E-209971A69F74}.Debug|x86.ActiveCfg = Debug|Win32
		{CD08364C-0025-4E8E-B02E-209971A69F74}.Debug|x86.Build.0 = Debug|Win32
		{CD08364C-0025-4E8E-B02E-209971A69F74}.Release|x64.ActiveCfg = Release|x64
		{CD08364C-0025-4E8E-B02E-209971A69F74}.Release|x64.Build.0 = Release|x64
		{CD08364C-0025-4E8E-B02E-209971A69F74}.Release|x86.ActiveCfg = Release|Win32
		{CD08364C-0025-4E8E-B02E-209971A69F74}.Release|x86.Build.0 = Release|Win32
		{60D0C0CC-F0FE-46A9-A657-BC290D0CF956}.Debug|x64.ActiveCfg = Debug|x64
		{60D0C0CC-F0FE-46A9-A657-BC290D0CF956}.Debug|x64.Build.0 = Debug|x64
		{60D0C0CC-F0FE-46A9-A657-BC290D0CF956}.Debug|x86.ActiveCfg = Debug|Win32
		{60D0C0CC-F0FE-46A9-A657-BC290D0CF956}.Debug|x86.Build.0 = Debug|Win32
		{60D0C0CC-F0FE-46A9-A657-BC290D0CF956}.Release|x64.ActiveCfg = Release|x64
		{60D0C0CC-F0FE-46A9-A657-BC290D0CF956}.Release|x64.Build.0 = Release|x64
		{60D0C0CC-F0FE-46A9-A657-BC290D0CF956}.Release|x86.ActiveCfg = Release|Win32
		{60D0C0CC-F0FE-46A9-A657-BC290D0CF956}.Release|x86.Build.0 = Release|Win32
		{B6DB4F56-4381-43A7-90B9-4F17BEFCFF0B}.Debug|x64.ActiveCfg = Debug|x64
		{B6DB4F56-4381-43A7-90B9-4F17BEFCFF0B}.Debug|x64.Build.0 = Debug|x64
		{B6DB4F56-4381-43A7-90B9-4F17BEFCFF0B}.Debug|x86.ActiveCfg = Debug|Win32
		{B6DB4F56-4381-43A7-90B9-4F17BEFCFF0B}.Debug|x86.Build.0 = Debug|Win32
		{B6DB4F56-4381-43A7-90B9-4F17BEFCFF0B}.Release|x64.ActiveCfg = Release|x64
		{B6DB4F56-4381-43A7-90B9-4F17BEFCFF0B}.Release|x64.Build.0 = Release|x64
		{B6DB4F56-4381-43A7-90B9-4F17BEFCFF0B}.Release|x86.ActiveCfg = Release|Win32
		{B6DB4F56-4381-43A7-90B9-4F17BEFCFF0B}.Release|x86.Build.0 = Release|Win32
		{13FF5459-4F3C-4DAE-8241-8D149B31C895}.Debug|x64.ActiveCfg = Debug|x64
		{13FF5459-4F3C-4DAE-8241-8D149B31C895}.Debug|x64.Build.0 = Debug|x64
		{13FF5459-4F3C-4DAE-8241-8D149B31C895}.Debug|x86.ActiveCfg = Debug|Win32
		{13FF5459-4F3C-4DAE-8241-8D149B31C895}.Debug|x86.Build.0 = Debug|Win32
		{13FF5459-4F3C-4DAE-8241-8D149B31C895}.Release|x64.ActiveCfg = Release|x64
		{13FF5459-4F3C-4DAE-8241-8D149B31C895}.Release|x64.Build.0 = Release|x64
		{13FF5459-4F3C-4DAE-8241-8D149B31C895}.Release|x86.ActiveCfg = Release|Win32
		{13FF5459-4F3C-4DAE-8241-8D149B31C895}.Release|x86.Build.0 = Release|Win32
		{CDD7D095-A52B-4CEA-96E4-82A3379792A7}.Debug|x64.ActiveCfg = Debug|x64
		{CDD7D095-A52B-4CEA-96E4-82A3379792A7}.Debug|x64.Build.0 = Debug|x64
		{CDD7D095-A52B-4CEA-96E4-82A3379792A7}.Debug|x86.ActiveCfg = Debug|Win32
		{CDD7D095-A52B-4CEA-96E4-82A3379792A7}.Debug|x86.Build.0 = Debug|Win32
		{CDD7D095-A52B-4CEA-96E4-82A3379792A7}.Release|x64.ActiveCfg = Release|x64
		{CDD7D095-A52B-4CEA-96E4-82A3379792A7}.Release|x64.Build.0 = Release|x64
		{CDD7D095-A52B-4CEA-96E4-82A3379792A7}.Release|x86.ActiveCfg = Release|Win32
		{CDD7D095-A52B-4CEA-96E4-82A3379792A7}.Release|x86.Build.0 = Release|Win32
		{0375F1F7-D0D1-4ECF-B7F7-732EC856D301}.Debug|x64.ActiveCfg = Debug|x64
		{0375F1F7-D0D1-4ECF-B7F7-732EC856D301}.Debug|x64.Build.0 = Debug|x64
		{0375F1F7-D0D1-4ECF-B7F7-732EC856D301}.Debug|x86.ActiveCfg = Debug|Win32
		{0375F1F7-D0D1-4ECF-B7F7-732EC856D301}.Debug|x86.Build.0 = Debug|Win32
		{0375F1F7-D0D1-4ECF-B7F7-732EC856D301}.Release|x64.ActiveCfg = Release|x64
		{0375F1F7-D0D1-4ECF-B7F7-732EC856D301}.Release|x64.Build.0 = Release|x64
		{0375F1F7-D0D1-4ECF-B7F7-732EC856D301}.Release|x86.ActiveCfg = Release|Win32
		{0375F1F7-D0D1-4ECF-B7F7-732EC856D301}.Release|x86.Build.0 = Release|Win32
		{029D4DDD-32D8-4447-AAF5-E26404E041FD}.Debug|x64.ActiveCfg = Debug|x64
		{029D4DDD-32D8-4447-AAF5-E26404E041FD}.Debug|x64.Build.0 = Debug|x64
		{029D4DDD-32D8-4447-AAF5-E26404E041FD}.Debug|x86.ActiveCfg = Debug|Win32
		{029D4DDD-32D8-4447-AAF5-E26404E041FD}.Debug|x86.Build.0 = Debug|Win32
		{029D4DDD-32D8-4447-AAF5-E26404E041FD}.Release|x64.ActiveCfg = Release|x64
		{029D4DDD-32D8-4447-AAF5-E26404E041FD}.Release|x64.Build.0 = Release|x64
		{029D4DDD-32D8-4447-AAF5-E26404E041FD}.Release|x86.ActiveCfg = Release|Win32
		{029D4DDD-32D8-4447-AAF5-E26404E041FD}.Release|x86.Build.0 = Release|Win32
	EndGlobalSection
	GlobalSection(SolutionProperties) = preSolution
		HideSolutionNode = FALSE
	EndGlobalSection
EndGlobal
