
Microsoft Visual Studio Solution File, Format Version 12.00
# Visual Studio Version 17
VisualStudioVersion = 17.14.36811.4
MinimumVisualStudioVersion = 10.0.40219.1
Project("{8BC9CEB8-8B4A-11D0-8D11-00A0C91BC942}") = "Day01", "Day01\Day01.vcxproj", "{A4E4FF0F-42D4-4D1F-9BBB-50FCAD719F8D}"
EndProject
Project("{8BC9CEB8-8B4A-11D0-8D11-00A0C91BC942}") = "Day02", "Day02\Day02.vcxproj", "{2688CB4E-BB76-4FE7-959F-9B75A671F19C}"
EndProject
Project("{8BC9CEB8-8B4A-11D0-8D11-00A0C91BC942}") = "Day03", "Day03\Day03.vcxproj", "{589754C0-FE97-46C9-9CE5-1C84DD9B453B}"
EndProject
Project("{8BC9CEB8-8B4A-11D0-8D11-00A0C91BC942}") = "Day04", "Day04\Day04.vcxproj", "{61A2CD08-AC8A-4122-90D4-14BDBB53A481}"
EndProject
Project("{8BC9CEB8-8B4A-11D0-8D11-00A0C91BC942}") = "Day05", "Day05\Day05.vcxproj", "{71FA698D-1235-427F-9322-4C48C1395997}"
EndProject
Project("{8BC9CEB8-8B4A-11D0-8D11-00A0C91BC942}") = "Day06", "Day06\Day06.vcxproj", "{E2FC9746-20BB-47E9-8218-D54B9EC269B0}"
EndProject
Project("{8BC9CEB8-8B4A-11D0-8D11-00A0C91BC942}") = "Day07", "Day07\Day07.vcxproj", "{1D71FA97-F9EA-4E2E-8EFE-0B09DF3DEE4F}"
EndProject
Project("{8BC9CEB8-8B4A-11D0-8D11-00A0C91BC942}") = "Day08", "Day08\Day08.vcxproj", "{1D323F2C-4555-4049-B1CE-C5400D1733DB}"
EndProject
Project("{8BC9CEB8-8B4A-11D0-8D11-00A0C91BC942}") = "Day09", "Day09\Day09.vcxproj", "{72E34460-3B12-46BD-A407-0D39E8143C18}"
EndProject
Project("{8BC9CEB8-8B4A-11D0-8D11-00A0C91BC942}") = "Day10", "Day10\Day10.vcxproj", "{D417E1C9-89DA-40E3-98AF-2A942FA2C607}"
EndProject
Project("{8BC9CEB8-8B4A-11D0-8D11-00A0C91BC942}") = "Day11", "Day11\Day11.vcxproj", "{80E24903-0023-4D7E-A71A-1D7332AD162F}"
EndProject
Project("{8BC9CEB8-8B4A-11D0-8D11-00A0C91BC942}") = "Day12", "Day12\Day12.vcxproj", "{329F021E-65BA-474D-A3DD-FD88FB843ECE}"
EndProject
Global
	GlobalSection(SolutionConfigurationPlatforms) = preSolution
		Debug|x64 = Debug|x64
		Debug|x86 = Debug|x86
		Release|x64 = Release|x64
		Release|x86 = Release|x86
	EndGlobalSection
	GlobalSection(ProjectConfigurationPlatforms) = postSolution
		{A4E4FF0F-42D4-4D1F-9BBB-50FCAD719F8D}.Debug|x64.ActiveCfg = Debug|x64
		{A4E4FF0F-42D4-4D1F-9BBB-50FCAD719F8D}.Debug|x64.Build.0 = Debug|x64
		{A4E4FF0F-42D4-4D1F-9BBB-50FCAD719F8D}.Debug|x86.ActiveCfg = Debug|Win32
		{A4E4FF0F-42D4-4D1F-9BBB-50FCAD719F8D}.Debug|x86.Build.0 = Debug|Win32
		{A4E4FF0F-42D4-4D1F-9BBB-50FCAD719F8D}.Release|x64.ActiveCfg = Release|x64
		{A4E4FF0F-42D4-4D1F-9BBB-50FCAD719F8D}.Release|x64.Build.0 = Release|x64
		{A4E4FF0F-42D4-4D1F-9BBB-50FCAD719F8D}.Release|x86.ActiveCfg = Release|Win32
		{A4E4FF0F-42D4-4D1F-9BBB-50FCAD719F8D}.Release|x86.Build.0 = Release|Win32
		{2688CB4E-BB76-4FE7-959F-9B75A671F19C}.Debug|x64.ActiveCfg = Debug|x64
		{2688CB4E-BB76-4FE7-959F-9B75A671F19C}.Debug|x64.Build.0 = Debug|x64
		{2688CB4E-BB76-4FE7-959F-9B75A671F19C}.Debug|x86.ActiveCfg = Debug|Win32
		{2688CB4E-BB76-4FE7-959F-9B75A671F19C}.Debug|x86.Build.0 = Debug|Win32
		{2688CB4E-BB76-4FE7-959F-9B75A671F19C}.Release|x64.ActiveCfg = Release|x64
		{2688CB4E-BB76-4FE7-959F-9B75A671F19C}.Release|x64.Build.0 = Release|x64
		{2688CB4E-BB76-4FE7-959F-9B75A671F19C}.Release|x86.ActiveCfg = Release|Win32
		{2688CB4E-BB76-4FE7-959F-9B75A671F19C}.Release|x86.Build.0 = Release|Win32
		{589754C0-FE97-46C9-9CE5-1C84DD9B453B}.Debug|x64.ActiveCfg = Debug|x64
		{589754C0-FE97-46C9-9CE5-1C84DD9B453B}.Debug|x64.Build.0 = Debug|x64
		{589754C0-FE97-46C9-9CE5-1C84DD9B453B}.Debug|x86.ActiveCfg = Debug|Win32
		{589754C0-FE97-46C9-9CE5-1C84DD9B453B}.Debug|x86.Build.0 = Debug|Win32
		{589754C0-FE97-46C9-9CE5-1C84DD9B453B}.Release|x64.ActiveCfg = Release|x64
		{589754C0-FE97-46C9-9CE5-1C84DD9B453B}.Release|x64.Build.0 = Release|x64
		{589754C0-FE97-46C9-9CE5-1C84DD9B453B}.Release|x86.ActiveCfg = Release|Win32
		{589754C0-FE97-46C9-9CE5-1C84DD9B453B}.Release|x86.Build.0 = Release|Win32
		{61A2CD08-AC8A-4122-90D4-14BDBB53A481}.Debug|x64.ActiveCfg = Debug|x64
		{61A2CD08-AC8A-4122-90D4-14BDBB53A481}.Debug|x64.Build.0 = Debug|x64
		{61A2CD08-AC8A-4122-90D4-14BDBB53A481}.Debug|x86.ActiveCfg = Debug|Win32
		{61A2CD08-AC8A-4122-90D4-14BDBB53A481}.Debug|x86.Build.0 = Debug|Win32
		{61A2CD08-AC8A-4122-90D4-14BDBB53A481}.Release|x64.ActiveCfg = Release|x64
		{61A2CD08-AC8A-4122-90D4-14BDBB53A481}.Release|x64.Build.0 = Release|x64
		{61A2CD08-AC8A-4122-90D4-14BDBB53A481}.Release|x86.ActiveCfg = Release|Win32
		{61A2CD08-AC8A-4122-90D4-14BDBB53A481}.Release|x86.Build.0 = Release|Win32
		{71FA698D-1235-427F-9322-4C48C1395997}.Debug|x64.ActiveCfg = Debug|x64
		{71FA698D-1235-427F-9322-4C48C1395997}.Debug|x64.Build.0 = Debug|x64
		{71FA698D-1235-427F-9322-4C48C1395997}.Debug|x86.ActiveCfg = Debug|Win32
		{71FA698D-1235-427F-9322-4C48C1395997}.Debug|x86.Build.0 = Debug|Win32
		{71FA698D-1235-427F-9322-4C48C1395997}.Release|x64.ActiveCfg = Release|x64
		{71FA698D-1235-427F-9322-4C48C1395997}.Release|x64.Build.0 = Release|x64
		{71FA698D-1235-427F-9322-4C48C1395997}.Release|x86.ActiveCfg = Release|Win32
		{71FA698D-1235-427F-9322-4C48C1395997}.Release|x86.Build.0 = Release|Win32
		{E2FC9746-20BB-47E9-8218-D54B9EC269B0}.Debug|x64.ActiveCfg = Debug|x64
		{E2FC9746-20BB-47E9-8218-D54B9EC269B0}.Debug|x64.Build.0 = Debug|x64
		{E2FC9746-20BB-47E9-8218-D54B9EC269B0}.Debug|x86.ActiveCfg = Debug|Win32
		{E2FC9746-20BB-47E9-8218-D54B9EC269B0}.Debug|x86.Build.0 = Debug|Win32
		{E2FC9746-20BB-47E9-8218-D54B9EC269B0}.Release|x64.ActiveCfg = Release|x64
		{E2FC9746-20BB-47E9-8218-D54B9EC269B0}.Release|x64.Build.0 = Release|x64
		{E2FC9746-20BB-47E9-8218-D54B9EC269B0}.Release|x86.ActiveCfg = Release|Win32
		{E2FC9746-20BB-47E9-8218-D54B9EC269B0}.Release|x86.Build.0 = Release|Win32
		{1D71FA97-F9EA-4E2E-8EFE-0B09DF3DEE4F}.Debug|x64.ActiveCfg = Debug|x64
		{1D71FA97-F9EA-4E2E-8EFE-0B09DF3DEE4F}.Debug|x64.Build.0 = Debug|x64
		{1D71FA97-F9EA-4E2E-8EFE-0B09DF3DEE4F}.Debug|x86.ActiveCfg = Debug|Win32
		{1D71FA97-F9EA-4E2E-8EFE-0B09DF3DEE4F}.Debug|x86.Build.0 = Debug|Win32
		{1D71FA97-F9EA-4E2E-8EFE-0B09DF3DEE4F}.Release|x64.ActiveCfg = Release|x64
		{1D71FA97-F9EA-4E2E-8EFE-0B09DF3DEE4F}.Release|x64.Build.0 = Release|x64
		{1D71FA97-F9EA-4E2E-8EFE-0B09DF3DEE4F}.Release|x86.ActiveCfg = Release|Win32
		{1D71FA97-F9EA-4E2E-8EFE-0B09DF3DEE4F}.Release|x86.Build.0 = Release|Win32
		{1D323F2C-4555-4049-B1CE-C5400D1733DB}.Debug|x64.ActiveCfg = Debug|x64
		{1D323F2C-4555-4049-B1CE-C5400D1733DB}.Debug|x64.Build.0 = Debug|x64
		{1D323F2C-4555-4049-B1CE-C5400D1733DB}.Debug|x86.ActiveCfg = Debug|Win32
		{1D323F2C-4555-4049-B1CE-C5400D1733DB}.Debug|x86.Build.0 = Debug|Win32
		{1D323F2C-4555-4049-B1CE-C5400D1733DB}.Release|x64.ActiveCfg = Release|x64
		{1D323F2C-4555-4049-B1CE-C5400D1733DB}.Release|x64.Build.0 = Release|x64
		{1D323F2C-4555-4049-B1CE-C5400D1733DB}.Release|x86.ActiveCfg = Release|Win32
		{1D323F2C-4555-4049-B1CE-C5400D1733DB}.Release|x86.Build.0 = Release|Win32
		{72E34460-3B12-46BD-A407-0D39E8143C18}.Debug|x64.ActiveCfg = Debug|x64
		{72E34460-3B12-46BD-A407-0D39E8143C18}.Debug|x64.Build.0 = Debug|x64
		{72E34460-3B12-46BD-A407-0D39E8143C18}.Debug|x86.ActiveCfg = Debug|Win32
		{72E34460-3B12-46BD-A407-0D39E8143C18}.Debug|x86.Build.0 = Debug|Win32
		{72E34460-3B12-46BD-A407-0D39E8143C18}.Release|x64.ActiveCfg = Release|x64
		{72E34460-3B12-46BD-A407-0D39E8143C18}.Release|x64.Build.0 = Release|x64
		{72E34460-3B12-46BD-A407-0D39E8143C18}.Release|x86.ActiveCfg = Release|Win32
		{72E34460-3B12-46BD-A407-0D39E8143C18}.Release|x86.Build.0 = Release|Win32
		{D417E1C9-89DA-40E3-98AF-2A942FA2C607}.Debug|x64.ActiveCfg = Debug|x64
		{D417E1C9-89DA-40E3-98AF-2A942FA2C607}.Debug|x64.Build.0 = Debug|x64
		{D417E1C9-89DA-40E3-98AF-2A942FA2C607}.Debug|x86.ActiveCfg = Debug|Win32
		{D417E1C9-89DA-40E3-98AF-2A942FA2C607}.Debug|x86.Build.0 = Debug|Win32
		{D417E1C9-89DA-40E3-98AF-2A942FA2C607}.Release|x64.ActiveCfg = Release|x64
		{D417E1C9-89DA-40E3-98AF-2A942FA2C607}.Release|x64.Build.0 = Release|x64
		{D417E1C9-89DA-40E3-98AF-2A942FA2C607}.Release|x86.ActiveCfg = Release|Win32
		{D417E1C9-89DA-40E3-98AF-2A942FA2C607}.Release|x86.Build.0 = Release|Win32
		{80E24903-0023-4D7E-A71A-1D7332AD162F}.Debug|x64.ActiveCfg = Debug|x64
		{80E24903-0023-4D7E-A71A-1D7332AD162F}.Debug|x64.Build.0 = Debug|x64
		{80E24903-0023-4D7E-A71A-1D7332AD162F}.Debug|x86.ActiveCfg = Debug|Win32
		{80E24903-0023-4D7E-A71A-1D7332AD162F}.Debug|x86.Build.0 = Debug|Win32
		{80E24903-0023-4D7E-A71A-1D7332AD162F}.Release|x64.ActiveCfg = Release|x64
		{80E24903-0023-4D7E-A71A-1D7332AD162F}.Release|x64.Build.0 = Release|x64
		{80E24903-0023-4D7E-A71A-1D7332AD162F}.Release|x86.ActiveCfg = Release|Win32
		{80E24903-0023-4D7E-A71A-1D7332AD162F}.Release|x86.Build.0 = Release|Win32
		{329F021E-65BA-474D-A3DD-FD88FB843ECE}.Debug|x64.ActiveCfg = Debug|x64
		{329F021E-65BA-474D-A3DD-FD88FB843ECE}.Debug|x64.Build.0 = Debug|x64
		{329F021E-65BA-474D-A3DD-FD88FB843ECE}.Debug|x86.ActiveCfg = Debug|Win32
		{329F021E-65BA-474D-A3DD-FD88FB843ECE}.Debug|x86.Build.0 = Debug|Win32
		{329F021E-65BA-474D-A3DD-FD88FB843ECE}.Release|x64.ActiveCfg = Release|x64
		{329F021E-65BA-474D-A3DD-FD88FB843ECE}.Release|x64.Build.0 = Release|x64
		{329F021E-65BA-474D-A3DD-FD88FB843ECE}.Release|x86.ActiveCfg = Release|Win32
		{329F021E-65BA-474D-A3DD-FD88FB843ECE}.Release|x86.Build.0 = Release|Win32
	EndGlobalSection
	GlobalSection(SolutionProperties) = preSolution
		HideSolutionNode = FALSE
	EndGlobalSection
	GlobalSection(ExtensibilityGlobals) = postSolution
		SolutionGuid = {24DED05E-B44F-4BD2-90F9-D70BED3CECF0}
	EndGlobalSection
EndGlobal
