
Microsoft Visual Studio Solution File, Format Version 12.00
# Visual Studio Version 17
VisualStudioVersion = 17.14.36811.4 d17.14
MinimumVisualStudioVersion = 10.0.40219.1
Project("{8BC9CEB8-8B4A-11D0-8D11-00A0C91BC942}") = "Day01", "Day01\Day01.vcxproj", "{6DD45395-3F58-4D0F-8D44-AF9A4B04649D}"
EndProject
Project("{8BC9CEB8-8B4A-11D0-8D11-00A0C91BC942}") = "Day02", "Day02\Day02.vcxproj", "{2E038DB1-6F58-4CA1-98B2-271250C2F97F}"
EndProject
Project("{8BC9CEB8-8B4A-11D0-8D11-00A0C91BC942}") = "Day03", "Day03\Day03.vcxproj", "{8D6AA0B9-840B-4354-91F8-50BE9EB7AC7B}"
EndProject
Project("{8BC9CEB8-8B4A-11D0-8D11-00A0C91BC942}") = "Day04", "Day04\Day04.vcxproj", "{A79F4B98-6E2A-4BCD-B470-6862272FAAFB}"
EndProject
Project("{8BC9CEB8-8B4A-11D0-8D11-00A0C91BC942}") = "Day05", "Day05\Day05.vcxproj", "{5E9465FD-43AC-4A4A-AD3C-FBF2E21A8B42}"
EndProject
Project("{8BC9CEB8-8B4A-11D0-8D11-00A0C91BC942}") = "Day06", "Day06\Day06.vcxproj", "{DBD996CE-3F30-46CA-8A47-5A2CF0ACA5AA}"
EndProject
Project("{8BC9CEB8-8B4A-11D0-8D11-00A0C91BC942}") = "Day07", "Day07\Day07.vcxproj", "{DDF8B4F9-4B61-43A9-B35F-C89ED615229E}"
EndProject
Project("{8BC9CEB8-8B4A-11D0-8D11-00A0C91BC942}") = "Day08", "Day08\Day08.vcxproj", "{3F31F282-B448-4285-BDF8-B461FB9819DB}"
EndProject
Project("{8BC9CEB8-8B4A-11D0-8D11-00A0C91BC942}") = "Day09", "Day09\Day09.vcxproj", "{E4B6FE6D-F884-41B6-BD61-48900913ADD1}"
EndProject
Project("{8BC9CEB8-8B4A-11D0-8D11-00A0C91BC942}") = "Day10", "Day10\Day10.vcxproj", "{51D4F6D1-598A-4B0C-903B-0926DCAAED87}"
EndProject
Project("{8BC9CEB8-8B4A-11D0-8D11-00A0C91BC942}") = "Day11", "Day11\Day11.vcxproj", "{847ACA94-FE93-4082-B2CE-0D5F234440F8}"
EndProject
Project("{8BC9CEB8-8B4A-11D0-8D11-00A0C91BC942}") = "Day12", "Day12\Day12.vcxproj", "{9E5E71C2-E783-4187-9A01-4B5720C3B5C7}"
EndProject
Project("{8BC9CEB8-8B4A-11D0-8D11-00A0C91BC942}") = "Day13", "Day13\Day13.vcxproj", "{1929F690-A033-4303-A331-68784B50F033}"
EndProject
Project("{8BC9CEB8-8B4A-11D0-8D11-00A0C91BC942}") = "Day14", "Day14\Day14.vcxproj", "{28F62026-5F5E-4EDD-A60C-716FDEFD9279}"
EndProject
Project("{8BC9CEB8-8B4A-11D0-8D11-00A0C91BC942}") = "Day15", "Day15\Day15.vcxproj", "{EC771FF8-D01A-4033-8D63-B3E488B52072}"
EndProject
Project("{8BC9CEB8-8B4A-11D0-8D11-00A0C91BC942}") = "Day16", "Day16\Day16.vcxproj", "{7E2A4796-F63B-4B14-9DA6-6E1B67A20041}"
EndProject
Project("{8BC9CEB8-8B4A-11D0-8D11-00A0C91BC942}") = "Day17", "Day17\Day17.vcxproj", "{34053BA0-F764-4A19-B3C7-FF7D2C5D6E38}"
EndProject
Project("{8BC9CEB8-8B4A-11D0-8D11-00A0C91BC942}") = "Day18", "Day18\Day18.vcxproj", "{147A045A-836A-4186-9F3B-5F5FF97BC511}"
EndProject
Project("{8BC9CEB8-8B4A-11D0-8D11-00A0C91BC942}") = "Day19", "Day19\Day19.vcxproj", "{9A35F4AE-EDC4-4609-88BA-F6360374AE11}"
EndProject
Project("{8BC9CEB8-8B4A-11D0-8D11-00A0C91BC942}") = "Day20", "Day20\Day20.vcxproj", "{ABEE3FB4-FA3C-4A10-AD1D-2BB5A419E49D}"
EndProject
Project("{8BC9CEB8-8B4A-11D0-8D11-00A0C91BC942}") = "Day21", "Day21\Day21.vcxproj", "{0EACB37E-B486-45E5-8C61-42D56987B6AE}"
EndProject
Project("{8BC9CEB8-8B4A-11D0-8D11-00A0C91BC942}") = "Day22", "Day22\Day22.vcxproj", "{74EFBC38-6A3C-489A-BA4D-9449ABB87412}"
EndProject
Project("{8BC9CEB8-8B4A-11D0-8D11-00A0C91BC942}") = "Day23", "Day23\Day23.vcxproj", "{DB38B961-F550-4F7C-9774-61751D690F77}"
EndProject
Project("{8BC9CEB8-8B4A-11D0-8D11-00A0C91BC942}") = "Day24", "Day24\Day24.vcxproj", "{B1EF6E35-B133-4085-940F-B68DA4FBA8ED}"
EndProject
Project("{8BC9CEB8-8B4A-11D0-8D11-00A0C91BC942}") = "Day25", "Day25\Day25.vcxproj", "{6D5D0818-DA17-4C7F-9440-78CEF63868BA}"
EndProject
Global
	GlobalSection(SolutionConfigurationPlatforms) = preSolution
		Debug|x64 = Debug|x64
		Debug|x86 = Debug|x86
		Release|x64 = Release|x64
		Release|x86 = Release|x86
	EndGlobalSection
	GlobalSection(ProjectConfigurationPlatforms) = postSolution
		{6DD45395-3F58-4D0F-8D44-AF9A4B04649D}.Debug|x64.ActiveCfg = Debug|x64
		{6DD45395-3F58-4D0F-8D44-AF9A4B04649D}.Debug|x64.Build.0 = Debug|x64
		{6DD45395-3F58-4D0F-8D44-AF9A4B04649D}.Debug|x86.ActiveCfg = Debug|Win32
		{6DD45395-3F58-4D0F-8D44-AF9A4B04649D}.Debug|x86.Build.0 = Debug|Win32
		{6DD45395-3F58-4D0F-8D44-AF9A4B04649D}.Release|x64.ActiveCfg = Release|x64
		{6DD45395-3F58-4D0F-8D44-AF9A4B04649D}.Release|x64.Build.0 = Release|x64
		{6DD45395-3F58-4D0F-8D44-AF9A4B04649D}.Release|x86.ActiveCfg = Release|Win32
		{6DD45395-3F58-4D0F-8D44-AF9A4B04649D}.Release|x86.Build.0 = Release|Win32
		{2E038DB1-6F58-4CA1-98B2-271250C2F97F}.Debug|x64.ActiveCfg = Debug|x64
		{2E038DB1-6F58-4CA1-98B2-271250C2F97F}.Debug|x64.Build.0 = Debug|x64
		{2E038DB1-6F58-4CA1-98B2-271250C2F97F}.Debug|x86.ActiveCfg = Debug|Win32
		{2E038DB1-6F58-4CA1-98B2-271250C2F97F}.Debug|x86.Build.0 = Debug|Win32
		{2E038DB1-6F58-4CA1-98B2-271250C2F97F}.Release|x64.ActiveCfg = Release|x64
		{2E038DB1-6F58-4CA1-98B2-271250C2F97F}.Release|x64.Build.0 = Release|x64
		{2E038DB1-6F58-4CA1-98B2-271250C2F97F}.Release|x86.ActiveCfg = Release|Win32
		{2E038DB1-6F58-4CA1-98B2-271250C2F97F}.Release|x86.Build.0 = Release|Win32
		{8D6AA0B9-840B-4354-91F8-50BE9EB7AC7B}.Debug|x64.ActiveCfg = Debug|x64
		{8D6AA0B9-840B-4354-91F8-50BE9EB7AC7B}.Debug|x64.Build.0 = Debug|x64
		{8D6AA0B9-840B-4354-91F8-50BE9EB7AC7B}.Debug|x86.ActiveCfg = Debug|Win32
		{8D6AA0B9-840B-4354-91F8-50BE9EB7AC7B}.Debug|x86.Build.0 = Debug|Win32
		{8D6AA0B9-840B-4354-91F8-50BE9EB7AC7B}.Release|x64.ActiveCfg = Release|x64
		{8D6AA0B9-840B-4354-91F8-50BE9EB7AC7B}.Release|x64.Build.0 = Release|x64
		{8D6AA0B9-840B-4354-91F8-50BE9EB7AC7B}.Release|x86.ActiveCfg = Release|Win32
		{8D6AA0B9-840B-4354-91F8-50BE9EB7AC7B}.Release|x86.Build.0 = Release|Win32
		{A79F4B98-6E2A-4BCD-B470-6862272FAAFB}.Debug|x64.ActiveCfg = Debug|x64
		{A79F4B98-6E2A-4BCD-B470-6862272FAAFB}.Debug|x64.Build.0 = Debug|x64
		{A79F4B98-6E2A-4BCD-B470-6862272FAAFB}.Debug|x86.ActiveCfg = Debug|Win32
		{A79F4B98-6E2A-4BCD-B470-6862272FAAFB}.Debug|x86.Build.0 = Debug|Win32
		{A79F4B98-6E2A-4BCD-B470-6862272FAAFB}.Release|x64.ActiveCfg = Release|x64
		{A79F4B98-6E2A-4BCD-B470-6862272FAAFB}.Release|x64.Build.0 = Release|x64
		{A79F4B98-6E2A-4BCD-B470-6862272FAAFB}.Release|x86.ActiveCfg = Release|Win32
		{A79F4B98-6E2A-4BCD-B470-6862272FAAFB}.Release|x86.Build.0 = Release|Win32
		{5E9465FD-43AC-4A4A-AD3C-FBF2E21A8B42}.Debug|x64.ActiveCfg = Debug|x64
		{5E9465FD-43AC-4A4A-AD3C-FBF2E21A8B42}.Debug|x64.Build.0 = Debug|x64
		{5E9465FD-43AC-4A4A-AD3C-FBF2E21A8B42}.Debug|x86.ActiveCfg = Debug|Win32
		{5E9465FD-43AC-4A4A-AD3C-FBF2E21A8B42}.Debug|x86.Build.0 = Debug|Win32
		{5E9465FD-43AC-4A4A-AD3C-FBF2E21A8B42}.Release|x64.ActiveCfg = Release|x64
		{5E9465FD-43AC-4A4A-AD3C-FBF2E21A8B42}.Release|x64.Build.0 = Release|x64
		{5E9465FD-43AC-4A4A-AD3C-FBF2E21A8B42}.Release|x86.ActiveCfg = Release|Win32
		{5E9465FD-43AC-4A4A-AD3C-FBF2E21A8B42}.Release|x86.Build.0 = Release|Win32
		{DBD996CE-3F30-46CA-8A47-5A2CF0ACA5AA}.Debug|x64.ActiveCfg = Debug|x64
		{DBD996CE-3F30-46CA-8A47-5A2CF0ACA5AA}.Debug|x64.Build.0 = Debug|x64
		{DBD996CE-3F30-46CA-8A47-5A2CF0ACA5AA}.Debug|x86.ActiveCfg = Debug|Win32
		{DBD996CE-3F30-46CA-8A47-5A2CF0ACA5AA}.Debug|x86.Build.0 = Debug|Win32
		{DBD996CE-3F30-46CA-8A47-5A2CF0ACA5AA}.Release|x64.ActiveCfg = Release|x64
		{DBD996CE-3F30-46CA-8A47-5A2CF0ACA5AA}.Release|x64.Build.0 = Release|x64
		{DBD996CE-3F30-46CA-8A47-5A2CF0ACA5AA}.Release|x86.ActiveCfg = Release|Win32
		{DBD996CE-3F30-46CA-8A47-5A2CF0ACA5AA}.Release|x86.Build.0 = Release|Win32
		{DDF8B4F9-4B61-43A9-B35F-C89ED615229E}.Debug|x64.ActiveCfg = Debug|x64
		{DDF8B4F9-4B61-43A9-B35F-C89ED615229E}.Debug|x64.Build.0 = Debug|x64
		{DDF8B4F9-4B61-43A9-B35F-C89ED615229E}.Debug|x86.ActiveCfg = Debug|Win32
		{DDF8B4F9-4B61-43A9-B35F-C89ED615229E}.Debug|x86.Build.0 = Debug|Win32
		{DDF8B4F9-4B61-43A9-B35F-C89ED615229E}.Release|x64.ActiveCfg = Release|x64
		{DDF8B4F9-4B61-43A9-B35F-C89ED615229E}.Release|x64.Build.0 = Release|x64
		{DDF8B4F9-4B61-43A9-B35F-C89ED615229E}.Release|x86.ActiveCfg = Release|Win32
		{DDF8B4F9-4B61-43A9-B35F-C89ED615229E}.Release|x86.Build.0 = Release|Win32
		{3F31F282-B448-4285-BDF8-B461FB9819DB}.Debug|x64.ActiveCfg = Debug|x64
		{3F31F282-B448-4285-BDF8-B461FB9819DB}.Debug|x64.Build.0 = Debug|x64
		{3F31F282-B448-4285-BDF8-B461FB9819DB}.Debug|x86.ActiveCfg = Debug|Win32
		{3F31F282-B448-4285-BDF8-B461FB9819DB}.Debug|x86.Build.0 = Debug|Win32
		{3F31F282-B448-4285-BDF8-B461FB9819DB}.Release|x64.ActiveCfg = Release|x64
		{3F31F282-B448-4285-BDF8-B461FB9819DB}.Release|x64.Build.0 = Release|x64
		{3F31F282-B448-4285-BDF8-B461FB9819DB}.Release|x86.ActiveCfg = Release|Win32
		{3F31F282-B448-4285-BDF8-B461FB9819DB}.Release|x86.Build.0 = Release|Win32
		{E4B6FE6D-F884-41B6-BD61-48900913ADD1}.Debug|x64.ActiveCfg = Debug|x64
		{E4B6FE6D-F884-41B6-BD61-48900913ADD1}.Debug|x64.Build.0 = Debug|x64
		{E4B6FE6D-F884-41B6-BD61-48900913ADD1}.Debug|x86.ActiveCfg = Debug|Win32
		{E4B6FE6D-F884-41B6-BD61-48900913ADD1}.Debug|x86.Build.0 = Debug|Win32
		{E4B6FE6D-F884-41B6-BD61-48900913ADD1}.Release|x64.ActiveCfg = Release|x64
		{E4B6FE6D-F884-41B6-BD61-48900913ADD1}.Release|x64.Build.0 = Release|x64
		{E4B6FE6D-F884-41B6-BD61-48900913ADD1}.Release|x86.ActiveCfg = Release|Win32
		{E4B6FE6D-F884-41B6-BD61-48900913ADD1}.Release|x86.Build.0 = Release|Win32
		{51D4F6D1-598A-4B0C-903B-0926DCAAED87}.Debug|x64.ActiveCfg = Debug|x64
		{51D4F6D1-598A-4B0C-903B-0926DCAAED87}.Debug|x64.Build.0 = Debug|x64
		{51D4F6D1-598A-4B0C-903B-0926DCAAED87}.Debug|x86.ActiveCfg = Debug|Win32
		{51D4F6D1-598A-4B0C-903B-0926DCAAED87}.Debug|x86.Build.0 = Debug|Win32
		{51D4F6D1-598A-4B0C-903B-0926DCAAED87}.Release|x64.ActiveCfg = Release|x64
		{51D4F6D1-598A-4B0C-903B-0926DCAAED87}.Release|x64.Build.0 = Release|x64
		{51D4F6D1-598A-4B0C-903B-0926DCAAED87}.Release|x86.ActiveCfg = Release|Win32
		{51D4F6D1-598A-4B0C-903B-0926DCAAED87}.Release|x86.Build.0 = Release|Win32
		{847ACA94-FE93-4082-B2CE-0D5F234440F8}.Debug|x64.ActiveCfg = Debug|x64
		{847ACA94-FE93-4082-B2CE-0D5F234440F8}.Debug|x64.Build.0 = Debug|x64
		{847ACA94-FE93-4082-B2CE-0D5F234440F8}.Debug|x86.ActiveCfg = Debug|Win32
		{847ACA94-FE93-4082-B2CE-0D5F234440F8}.Debug|x86.Build.0 = Debug|Win32
		{847ACA94-FE93-4082-B2CE-0D5F234440F8}.Release|x64.ActiveCfg = Release|x64
		{847ACA94-FE93-4082-B2CE-0D5F234440F8}.Release|x64.Build.0 = Release|x64
		{847ACA94-FE93-4082-B2CE-0D5F234440F8}.Release|x86.ActiveCfg = Release|Win32
		{847ACA94-FE93-4082-B2CE-0D5F234440F8}.Release|x86.Build.0 = Release|Win32
		{9E5E71C2-E783-4187-9A01-4B5720C3B5C7}.Debug|x64.ActiveCfg = Debug|x64
		{9E5E71C2-E783-4187-9A01-4B5720C3B5C7}.Debug|x64.Build.0 = Debug|x64
		{9E5E71C2-E783-4187-9A01-4B5720C3B5C7}.Debug|x86.ActiveCfg = Debug|Win32
		{9E5E71C2-E783-4187-9A01-4B5720C3B5C7}.Debug|x86.Build.0 = Debug|Win32
		{9E5E71C2-E783-4187-9A01-4B5720C3B5C7}.Release|x64.ActiveCfg = Release|x64
		{9E5E71C2-E783-4187-9A01-4B5720C3B5C7}.Release|x64.Build.0 = Release|x64
		{9E5E71C2-E783-4187-9A01-4B5720C3B5C7}.Release|x86.ActiveCfg = Release|Win32
		{9E5E71C2-E783-4187-9A01-4B5720C3B5C7}.Release|x86.Build.0 = Release|Win32
		{1929F690-A033-4303-A331-68784B50F033}.Debug|x64.ActiveCfg = Debug|x64
		{1929F690-A033-4303-A331-68784B50F033}.Debug|x64.Build.0 = Debug|x64
		{1929F690-A033-4303-A331-68784B50F033}.Debug|x86.ActiveCfg = Debug|Win32
		{1929F690-A033-4303-A331-68784B50F033}.Debug|x86.Build.0 = Debug|Win32
		{1929F690-A033-4303-A331-68784B50F033}.Release|x64.ActiveCfg = Release|x64
		{1929F690-A033-4303-A331-68784B50F033}.Release|x64.Build.0 = Release|x64
		{1929F690-A033-4303-A331-68784B50F033}.Release|x86.ActiveCfg = Release|Win32
		{1929F690-A033-4303-A331-68784B50F033}.Release|x86.Build.0 = Release|Win32
		{28F62026-5F5E-4EDD-A60C-716FDEFD9279}.Debug|x64.ActiveCfg = Debug|x64
		{28F62026-5F5E-4EDD-A60C-716FDEFD9279}.Debug|x64.Build.0 = Debug|x64
		{28F62026-5F5E-4EDD-A60C-716FDEFD9279}.Debug|x86.ActiveCfg = Debug|Win32
		{28F62026-5F5E-4EDD-A60C-716FDEFD9279}.Debug|x86.Build.0 = Debug|Win32
		{28F62026-5F5E-4EDD-A60C-716FDEFD9279}.Release|x64.ActiveCfg = Release|x64
		{28F62026-5F5E-4EDD-A60C-716FDEFD9279}.Release|x64.Build.0 = Release|x64
		{28F62026-5F5E-4EDD-A60C-716FDEFD9279}.Release|x86.ActiveCfg = Release|Win32
		{28F62026-5F5E-4EDD-A60C-716FDEFD9279}.Release|x86.Build.0 = Release|Win32
		{EC771FF8-D01A-4033-8D63-B3E488B52072}.Debug|x64.ActiveCfg = Debug|x64
		{EC771FF8-D01A-4033-8D63-B3E488B52072}.Debug|x64.Build.0 = Debug|x64
		{EC771FF8-D01A-4033-8D63-B3E488B52072}.Debug|x86.ActiveCfg = Debug|Win32
		{EC771FF8-D01A-4033-8D63-B3E488B52072}.Debug|x86.Build.0 = Debug|Win32
		{EC771FF8-D01A-4033-8D63-B3E488B52072}.Release|x64.ActiveCfg = Release|x64
		{EC771FF8-D01A-4033-8D63-B3E488B52072}.Release|x64.Build.0 = Release|x64
		{EC771FF8-D01A-4033-8D63-B3E488B52072}.Release|x86.ActiveCfg = Release|Win32
		{EC771FF8-D01A-4033-8D63-B3E488B52072}.Release|x86.Build.0 = Release|Win32
		{7E2A4796-F63B-4B14-9DA6-6E1B67A20041}.Debug|x64.ActiveCfg = Debug|x64
		{7E2A4796-F63B-4B14-9DA6-6E1B67A20041}.Debug|x64.Build.0 = Debug|x64
		{7E2A4796-F63B-4B14-9DA6-6E1B67A20041}.Debug|x86.ActiveCfg = Debug|Win32
		{7E2A4796-F63B-4B14-9DA6-6E1B67A20041}.Debug|x86.Build.0 = Debug|Win32
		{7E2A4796-F63B-4B14-9DA6-6E1B67A20041}.Release|x64.ActiveCfg = Release|x64
		{7E2A4796-F63B-4B14-9DA6-6E1B67A20041}.Release|x64.Build.0 = Release|x64
		{7E2A4796-F63B-4B14-9DA6-6E1B67A20041}.Release|x86.ActiveCfg = Release|Win32
		{7E2A4796-F63B-4B14-9DA6-6E1B67A20041}.Release|x86.Build.0 = Release|Win32
		{34053BA0-F764-4A19-B3C7-FF7D2C5D6E38}.Debug|x64.ActiveCfg = Debug|x64
		{34053BA0-F764-4A19-B3C7-FF7D2C5D6E38}.Debug|x64.Build.0 = Debug|x64
		{34053BA0-F764-4A19-B3C7-FF7D2C5D6E38}.Debug|x86.ActiveCfg = Debug|Win32
		{34053BA0-F764-4A19-B3C7-FF7D2C5D6E38}.Debug|x86.Build.0 = Debug|Win32
		{34053BA0-F764-4A19-B3C7-FF7D2C5D6E38}.Release|x64.ActiveCfg = Release|x64
		{34053BA0-F764-4A19-B3C7-FF7D2C5D6E38}.Release|x64.Build.0 = Release|x64
		{34053BA0-F764-4A19-B3C7-FF7D2C5D6E38}.Release|x86.ActiveCfg = Release|Win32
		{34053BA0-F764-4A19-B3C7-FF7D2C5D6E38}.Release|x86.Build.0 = Release|Win32
		{147A045A-836A-4186-9F3B-5F5FF97BC511}.Debug|x64.ActiveCfg = Debug|x64
		{147A045A-836A-4186-9F3B-5F5FF97BC511}.Debug|x64.Build.0 = Debug|x64
		{147A045A-836A-4186-9F3B-5F5FF97BC511}.Debug|x86.ActiveCfg = Debug|Win32
		{147A045A-836A-4186-9F3B-5F5FF97BC511}.Debug|x86.Build.0 = Debug|Win32
		{147A045A-836A-4186-9F3B-5F5FF97BC511}.Release|x64.ActiveCfg = Release|x64
		{147A045A-836A-4186-9F3B-5F5FF97BC511}.Release|x64.Build.0 = Release|x64
		{147A045A-836A-4186-9F3B-5F5FF97BC511}.Release|x86.ActiveCfg = Release|Win32
		{147A045A-836A-4186-9F3B-5F5FF97BC511}.Release|x86.Build.0 = Release|Win32
		{9A35F4AE-EDC4-4609-88BA-F6360374AE11}.Debug|x64.ActiveCfg = Debug|x64
		{9A35F4AE-EDC4-4609-88BA-F6360374AE11}.Debug|x64.Build.0 = Debug|x64
		{9A35F4AE-EDC4-4609-88BA-F6360374AE11}.Debug|x86.ActiveCfg = Debug|Win32
		{9A35F4AE-EDC4-4609-88BA-F6360374AE11}.Debug|x86.Build.0 = Debug|Win32
		{9A35F4AE-EDC4-4609-88BA-F6360374AE11}.Release|x64.ActiveCfg = Release|x64
		{9A35F4AE-EDC4-4609-88BA-F6360374AE11}.Release|x64.Build.0 = Release|x64
		{9A35F4AE-EDC4-4609-88BA-F6360374AE11}.Release|x86.ActiveCfg = Release|Win32
		{9A35F4AE-EDC4-4609-88BA-F6360374AE11}.Release|x86.Build.0 = Release|Win32
		{ABEE3FB4-FA3C-4A10-AD1D-2BB5A419E49D}.Debug|x64.ActiveCfg = Debug|x64
		{ABEE3FB4-FA3C-4A10-AD1D-2BB5A419E49D}.Debug|x64.Build.0 = Debug|x64
		{ABEE3FB4-FA3C-4A10-AD1D-2BB5A419E49D}.Debug|x86.ActiveCfg = Debug|Win32
		{ABEE3FB4-FA3C-4A10-AD1D-2BB5A419E49D}.Debug|x86.Build.0 = Debug|Win32
		{ABEE3FB4-FA3C-4A10-AD1D-2BB5A419E49D}.Release|x64.ActiveCfg = Release|x64
		{ABEE3FB4-FA3C-4A10-AD1D-2BB5A419E49D}.Release|x64.Build.0 = Release|x64
		{ABEE3FB4-FA3C-4A10-AD1D-2BB5A419E49D}.Release|x86.ActiveCfg = Release|Win32
		{ABEE3FB4-FA3C-4A10-AD1D-2BB5A419E49D}.Release|x86.Build.0 = Release|Win32
		{0EACB37E-B486-45E5-8C61-42D56987B6AE}.Debug|x64.ActiveCfg = Debug|x64
		{0EACB37E-B486-45E5-8C61-42D56987B6AE}.Debug|x64.Build.0 = Debug|x64
		{0EACB37E-B486-45E5-8C61-42D56987B6AE}.Debug|x86.ActiveCfg = Debug|Win32
		{0EACB37E-B486-45E5-8C61-42D56987B6AE}.Debug|x86.Build.0 = Debug|Win32
		{0EACB37E-B486-45E5-8C61-42D56987B6AE}.Release|x64.ActiveCfg = Release|x64
		{0EACB37E-B486-45E5-8C61-42D56987B6AE}.Release|x64.Build.0 = Release|x64
		{0EACB37E-B486-45E5-8C61-42D56987B6AE}.Release|x86.ActiveCfg = Release|Win32
		{0EACB37E-B486-45E5-8C61-42D56987B6AE}.Release|x86.Build.0 = Release|Win32
		{74EFBC38-6A3C-489A-BA4D-9449ABB87412}.Debug|x64.ActiveCfg = Debug|x64
		{74EFBC38-6A3C-489A-BA4D-9449ABB87412}.Debug|x64.Build.0 = Debug|x64
		{74EFBC38-6A3C-489A-BA4D-9449ABB87412}.Debug|x86.ActiveCfg = Debug|Win32
		{74EFBC38-6A3C-489A-BA4D-9449ABB87412}.Debug|x86.Build.0 = Debug|Win32
		{74EFBC38-6A3C-489A-BA4D-9449ABB87412}.Release|x64.ActiveCfg = Release|x64
		{74EFBC38-6A3C-489A-BA4D-9449ABB87412}.Release|x64.Build.0 = Release|x64
		{74EFBC38-6A3C-489A-BA4D-9449ABB87412}.Release|x86.ActiveCfg = Release|Win32
		{74EFBC38-6A3C-489A-BA4D-9449ABB87412}.Release|x86.Build.0 = Release|Win32
		{DB38B961-F550-4F7C-9774-61751D690F77}.Debug|x64.ActiveCfg = Debug|x64
		{DB38B961-F550-4F7C-9774-61751D690F77}.Debug|x64.Build.0 = Debug|x64
		{DB38B961-F550-4F7C-9774-61751D690F77}.Debug|x86.ActiveCfg = Debug|Win32
		{DB38B961-F550-4F7C-9774-61751D690F77}.Debug|x86.Build.0 = Debug|Win32
		{DB38B961-F550-4F7C-9774-61751D690F77}.Release|x64.ActiveCfg = Release|x64
		{DB38B961-F550-4F7C-9774-61751D690F77}.Release|x64.Build.0 = Release|x64
		{DB38B961-F550-4F7C-9774-61751D690F77}.Release|x86.ActiveCfg = Release|Win32
		{DB38B961-F550-4F7C-9774-61751D690F77}.Release|x86.Build.0 = Release|Win32
		{B1EF6E35-B133-4085-940F-B68DA4FBA8ED}.Debug|x64.ActiveCfg = Debug|x64
		{B1EF6E35-B133-4085-940F-B68DA4FBA8ED}.Debug|x64.Build.0 = Debug|x64
		{B1EF6E35-B133-4085-940F-B68DA4FBA8ED}.Debug|x86.ActiveCfg = Debug|Win32
		{B1EF6E35-B133-4085-940F-B68DA4FBA8ED}.Debug|x86.Build.0 = Debug|Win32
		{B1EF6E35-B133-4085-940F-B68DA4FBA8ED}.Release|x64.ActiveCfg = Release|x64
		{B1EF6E35-B133-4085-940F-B68DA4FBA8ED}.Release|x64.Build.0 = Release|x64
		{B1EF6E35-B133-4085-940F-B68DA4FBA8ED}.Release|x86.ActiveCfg = Release|Win32
		{B1EF6E35-B133-4085-940F-B68DA4FBA8ED}.Release|x86.Build.0 = Release|Win32
		{6D5D0818-DA17-4C7F-9440-78CEF63868BA}.Debug|x64.ActiveCfg = Debug|x64
		{6D5D0818-DA17-4C7F-9440-78CEF63868BA}.Debug|x64.Build.0 = Debug|x64
		{6D5D0818-DA17-4C7F-9440-78CEF63868BA}.Debug|x86.ActiveCfg = Debug|Win32
		{6D5D0818-DA17-4C7F-9440-78CEF63868BA}.Debug|x86.Build.0 = Debug|Win32
		{6D5D0818-DA17-4C7F-9440-78CEF63868BA}.Release|x64.ActiveCfg = Release|x64
		{6D5D0818-DA17-4C7F-9440-78CEF63868BA}.Release|x64.Build.0 = Release|x64
		{6D5D0818-DA17-4C7F-9440-78CEF63868BA}.Release|x86.ActiveCfg = Release|Win32
		{6D5D0818-DA17-4C7F-9440-78CEF63868BA}.Release|x86.Build.0 = Release|Win32
	EndGlobalSection
	GlobalSection(SolutionProperties) = preSolution
		HideSolutionNode = FALSE
	EndGlobalSection
	GlobalSection(ExtensibilityGlobals) = postSolution
		SolutionGuid = {58B2B8A4-20D0-43D0-914C-1B96954D8178}
	EndGlobalSection
EndGlobal
