
Microsoft Visual Studio Solution File, Format Version 12.00
# Visual Studio Version 17
VisualStudioVersion = 17.14.36811.4 d17.14
MinimumVisualStudioVersion = 10.0.40219.1
Project("{8BC9CEB8-8B4A-11D0-8D11-00A0C91BC942}") = "Day01", "Day01\Day01.vcxproj", "{6DD45395-3F58-4D0F-8D44-AF9A4B04649D}"
EndProject
Project("{8BC9CEB8-8B4A-11D0-8D11-00A0C91BC942}") = "Day02", "Day02\Day02.vcxproj", "{2E038DB1-6F58-4CA1-98B2-271250C2F97F}"
EndProject
Project("{8BC9CEB8-8B4A-11D0-8D11-00A0C91BC942}") = "Day03", "Day03\Day03.vcxproj", "{8D6AA0B9-840B-4354-91F8-50BE9EB7AC7B}"
EndProject
Project("{8BC9CEB8-8B4A-11D0-8D11-00A0C91BC942}") = "Day04", "Day04\Day04.vcxproj", "{A79F4B98-6E2A-4BCD-B470-6862272FAAFB}"
EndProject
Project("{8BC9CEB8-8B4A-11D0-8D11-00A0C91BC942}") = "Day05", "Day05\Day05.vcxproj", "{5E9465FD-43AC-4A4A-AD3C-FBF2E21A8B42}"
EndProject
Project("{8BC9CEB8-8B4A-11D0-8D11-00A0C91BC942}") = "Day06", "Day06\Day06.vcxproj", "{DBD996CE-3F30-46CA-8A47-5A2CF0ACA5AA}"
EndProject
Project("{8BC9CEB8-8B4A-11D0-8D11-00A0C91BC942}") = "Day07", "Day07\Day07.vcxproj", "{DDF8B4F9-4B61-43A9-B35F-C89ED615229E}"
EndProject
Project("{8BC9CEB8-8B4A-11D0-8D11-00A0C91BC942}") = "Day08", "Day08\Day08.vcxproj", "{3F31F282-B448-4285-BDF8-B461FB9819DB}"
EndProject
Global
	GlobalSection(SolutionConfigurationPlatforms) = preSolution
		Debug|x64 = Debug|x64
		Debug|x86 = Debug|x86
		Release|x64 = Release|x64
		Release|x86 = Release|x86
	EndGlobalSection
	GlobalSection(ProjectConfigurationPlatforms) = postSolution
		{6DD45395-3F58-4D0F-8D44-AF9A4B04649D}.Debug|x64.ActiveCfg = Debug|x64
		{6DD45395-3F58-4D0F-8D44-AF9A4B04649D}.Debug|x64.Build.0 = Debug|x64
		{6DD45395-3F58-4D0F-8D44-AF9A4B04649D}.Debug|x86.ActiveCfg = Debug|Win32
		{6DD45395-3F58-4D0F-8D44-AF9A4B04649D}.Debug|x86.Build.0 = Debug|Win32
		{6DD45395-3F58-4D0F-8D44-AF9A4B04649D}.Release|x64.ActiveCfg = Release|x64
		{6DD45395-3F58-4D0F-8D44-AF9A4B04649D}.Release|x64.Build.0 = Release|x64
		{6DD45395-3F58-4D0F-8D44-AF9A4B04649D}.Release|x86.ActiveCfg = Release|Win32
		{6DD45395-3F58-4D0F-8D44-AF9A4B04649D}.Release|x86.Build.0 = Release|Win32
		{2E038DB1-6F58-4CA1-98B2-271250C2F97F}.Debug|x64.ActiveCfg = Debug|x64
		{2E038DB1-6F58-4CA1-98B2-271250C2F97F}.Debug|x64.Build.0 = Debug|x64
		{2E038DB1-6F58-4CA1-98B2-271250C2F97F}.Debug|x86.ActiveCfg = Debug|Win32
		{2E038DB1-6F58-4CA1-98B2-271250C2F97F}.Debug|x86.Build.0 = Debug|Win32
		{2E038DB1-6F58-4CA1-98B2-271250C2F97F}.Release|x64.ActiveCfg = Release|x64
		{2E038DB1-6F58-4CA1-98B2-271250C2F97F}.Release|x64.Build.0 = Release|x64
		{2E038DB1-6F58-4CA1-98B2-271250C2F97F}.Release|x86.ActiveCfg = Release|Win32
		{2E038DB1-6F58-4CA1-98B2-271250C2F97F}.Release|x86.Build.0 = Release|Win32
		{8D6AA0B9-840B-4354-91F8-50BE9EB7AC7B}.Debug|x64.ActiveCfg = Debug|x64
		{8D6AA0B9-840B-4354-91F8-50BE9EB7AC7B}.Debug|x64.Build.0 = Debug|x64
		{8D6AA0B9-840B-4354-91F8-50BE9EB7AC7B}.Debug|x86.ActiveCfg = Debug|Win32
		{8D6AA0B9-840B-4354-91F8-50BE9EB7AC7B}.Debug|x86.Build.0 = Debug|Win32
		{8D6AA0B9-840B-4354-91F8-50BE9EB7AC7B}.Release|x64.ActiveCfg = Release|x64
		{8D6AA0B9-840B-4354-91F8-50BE9EB7AC7B}.Release|x64.Build.0 = Release|x64
		{8D6AA0B9-840B-4354-91F8-50BE9EB7AC7B}.Release|x86.ActiveCfg = Release|Win32
		{8D6AA0B9-840B-4354-91F8-50BE9EB7AC7B}.Release|x86.Build.0 = Release|Win32
		{A79F4B98-6E2A-4BCD-B470-6862272FAAFB}.Debug|x64.ActiveCfg = Debug|x64
		{A79F4B98-6E2A-4BCD-B470-6862272FAAFB}.Debug|x64.Build.0 = Debug|x64
		{A79F4B98-6E2A-4BCD-B470-6862272FAAFB}.Debug|x86.ActiveCfg = Debug|Win32
		{A79F4B98-6E2A-4BCD-B470-6862272FAAFB}.Debug|x86.Build.0 = Debug|Win32
		{A79F4B98-6E2A-4BCD-B470-6862272FAAFB}.Release|x64.ActiveCfg = Release|x64
		{A79F4B98-6E2A-4BCD-B470-6862272FAAFB}.Release|x64.Build.0 = Release|x64
		{A79F4B98-6E2A-4BCD-B470-6862272FAAFB}.Release|x86.ActiveCfg = Release|Win32
		{A79F4B98-6E2A-4BCD-B470-6862272FAAFB}.Release|x86.Build.0 = Release|Win32
		{5E9465FD-43AC-4A4A-AD3C-FBF2E21A8B42}.Debug|x64.ActiveCfg = Debug|x64
		{5E9465FD-43AC-4A4A-AD3C-FBF2E21A8B42}.Debug|x64.Build.0 = Debug|x64
		{5E9465FD-43AC-4A4A-AD3C-FBF2E21A8B42}.Debug|x86.ActiveCfg = Debug|Win32
		{5E9465FD-43AC-4A4A-AD3C-FBF2E21A8B42}.Debug|x86.Build.0 = Debug|Win32
		{5E9465FD-43AC-4A4A-AD3C-FBF2E21A8B42}.Release|x64.ActiveCfg = Release|x64
		{5E9465FD-43AC-4A4A-AD3C-FBF2E21A8B42}.Release|x64.Build.0 = Release|x64
		{5E9465FD-43AC-4A4A-AD3C-FBF2E21A8B42}.Release|x86.ActiveCfg = Release|Win32
		{5E9465FD-43AC-4A4A-AD3C-FBF2E21A8B42}.Release|x86.Build.0 = Release|Win32
		{DBD996CE-3F30-46CA-8A47-5A2CF0ACA5AA}.Debug|x64.ActiveCfg = Debug|x64
		{DBD996CE-3F30-46CA-8A47-5A2CF0ACA5AA}.Debug|x64.Build.0 = Debug|x64
		{DBD996CE-3F30-46CA-8A47-5A2CF0ACA5AA}.Debug|x86.ActiveCfg = Debug|Win32
		{DBD996CE-3F30-46CA-8A47-5A2CF0ACA5AA}.Debug|x86.Build.0 = Debug|Win32
		{DBD996CE-3F30-46CA-8A47-5A2CF0ACA5AA}.Release|x64.ActiveCfg = Release|x64
		{DBD996CE-3F30-46CA-8A47-5A2CF0ACA5AA}.Release|x64.Build.0 = Release|x64
		{DBD996CE-3F30-46CA-8A47-5A2CF0ACA5AA}.Release|x86.ActiveCfg = Release|Win32
		{DBD996CE-3F30-46CA-8A47-5A2CF0ACA5AA}.Release|x86.Build.0 = Release|Win32
		{DDF8B4F9-4B61-43A9-B35F-C89ED615229E}.Debug|x64.ActiveCfg = Debug|x64
		{DDF8B4F9-4B61-43A9-B35F-C89ED615229E}.Debug|x64.Build.0 = Debug|x64
		{DDF8B4F9-4B61-43A9-B35F-C89ED615229E}.Debug|x86.ActiveCfg = Debug|Win32
		{DDF8B4F9-4B61-43A9-B35F-C89ED615229E}.Debug|x86.Build.0 = Debug|Win32
		{DDF8B4F9-4B61-43A9-B35F-C89ED615229E}.Release|x64.ActiveCfg = Release|x64
		{DDF8B4F9-4B61-43A9-B35F-C89ED615229E}.Release|x64.Build.0 = Release|x64
		{DDF8B4F9-4B61-43A9-B35F-C89ED615229E}.Release|x86.ActiveCfg = Release|Win32
		{DDF8B4F9-4B61-43A9-B35F-C89ED615229E}.Release|x86.Build.0 = Release|Win32
		{3F31F282-B448-4285-BDF8-B461FB9819DB}.Debug|x64.ActiveCfg = Debug|x64
		{3F31F282-B448-4285-BDF8-B461FB9819DB}.Debug|x64.Build.0 = Debug|x64
		{3F31F282-B448-4285-BDF8-B461FB9819DB}.Debug|x86.ActiveCfg = Debug|Win32
		{3F31F282-B448-4285-BDF8-B461FB9819DB}.Debug|x86.Build.0 = Debug|Win32
		{3F31F282-B448-4285-BDF8-B461FB9819DB}.Release|x64.ActiveCfg = Release|x64
		{3F31F282-B448-4285-BDF8-B461FB9819DB}.Release|x64.Build.0 = Release|x64
		{3F31F282-B448-4285-BDF8-B461FB9819DB}.Release|x86.ActiveCfg = Release|Win32
		{3F31F282-B448-4285-BDF8-B461FB9819DB}.Release|x86.Build.0 = Release|Win32
	EndGlobalSection
	GlobalSection(SolutionProperties) = preSolution
		HideSolutionNode = FALSE
	EndGlobalSection
	GlobalSection(ExtensibilityGlobals) = postSolution
		SolutionGuid = {58B2B8A4-20D0-43D0-914C-1B96954D8178}
	EndGlobalSection
EndGlobal
