
Microsoft Visual Studio Solution File, Format Version 12.00
# Visual Studio 14
VisualStudioVersion = 14.0.24720.0
MinimumVisualStudioVersion = 10.0.40219.1
Project("{8BC9CEB8-8B4A-11D0-8D11-00A0C91BC942}") = "Day1", "Day1\Day1.vcxproj", "{62399CED-0430-4DA5-8A4B-2B9B0DD0B715}"
EndProject
Project("{8BC9CEB8-8B4A-11D0-8D11-00A0C91BC942}") = "Day2", "Day2\Day2.vcxproj", "{3A6DF18F-6ACB-424A-8C00-DA25F4657359}"
EndProject
Project("{8BC9CEB8-8B4A-11D0-8D11-00A0C91BC942}") = "Day3", "Day3\Day3.vcxproj", "{590100D5-7CAF-470C-BA50-0D819F34C1B8}"
EndProject
Project("{8BC9CEB8-8B4A-11D0-8D11-00A0C91BC942}") = "Day4", "Day4\Day4.vcxproj", "{CABC58CE-CEA9-4FAF-803D-E2EDA1924AA1}"
EndProject
Project("{8BC9CEB8-8B4A-11D0-8D11-00A0C91BC942}") = "Day5", "Day5\Day5.vcxproj", "{4FFC69ED-636A-4108-BA2D-DC6363EF94F9}"
EndProject
Project("{8BC9CEB8-8B4A-11D0-8D11-00A0C91BC942}") = "Day6", "Day6\Day6.vcxproj", "{A13E7A50-AFB5-4A5A-98ED-FB9D1F46A644}"
EndProject
Project("{8BC9CEB8-8B4A-11D0-8D11-00A0C91BC942}") = "Day7", "Day7\Day7.vcxproj", "{A52041C0-AFEB-4EF9-8831-6C4803FC2AD2}"
EndProject
Project("{8BC9CEB8-8B4A-11D0-8D11-00A0C91BC942}") = "Day8", "Day8\Day8.vcxproj", "{FCCE9D39-B199-4C7A-BCB6-69404F76B282}"
EndProject
Project("{8BC9CEB8-8B4A-11D0-8D11-00A0C91BC942}") = "Day9", "Day9\Day9.vcxproj", "{0A78CB51-B50D-4CB4-BE21-EB2DD67CF4F5}"
EndProject
Project("{8BC9CEB8-8B4A-11D0-8D11-00A0C91BC942}") = "Day10", "Day10\Day10.vcxproj", "{CEC94969-80A3-4A8B-AC34-23B558775420}"
EndProject
Project("{8BC9CEB8-8B4A-11D0-8D11-00A0C91BC942}") = "Day11", "Day11\Day11.vcxproj", "{FF94086B-5578-47A3-B837-23D83050BD95}"
EndProject
Project("{8BC9CEB8-8B4A-11D0-8D11-00A0C91BC942}") = "Day12", "Day12\Day12.vcxproj", "{8CDE7044-BDA3-4F9F-9B9A-D77C6C2A5BE3}"
EndProject
Project("{8BC9CEB8-8B4A-11D0-8D11-00A0C91BC942}") = "Day13", "Day13\Day13.vcxproj", "{CCCEEC3A-659E-48CE-9547-693F5548C500}"
EndProject
Global
	GlobalSection(SolutionConfigurationPlatforms) = preSolution
		Debug|Any CPU = Debug|Any CPU
		Debug|x64 = Debug|x64
		Debug|x86 = Debug|x86
		Release|Any CPU = Release|Any CPU
		Release|x64 = Release|x64
		Release|x86 = Release|x86
	EndGlobalSection
	GlobalSection(ProjectConfigurationPlatforms) = postSolution
		{62399CED-0430-4DA5-8A4B-2B9B0DD0B715}.Debug|Any CPU.ActiveCfg = Debug|Win32
		{62399CED-0430-4DA5-8A4B-2B9B0DD0B715}.Debug|x64.ActiveCfg = Debug|x64
		{62399CED-0430-4DA5-8A4B-2B9B0DD0B715}.Debug|x64.Build.0 = Debug|x64
		{62399CED-0430-4DA5-8A4B-2B9B0DD0B715}.Debug|x86.ActiveCfg = Debug|Win32
		{62399CED-0430-4DA5-8A4B-2B9B0DD0B715}.Debug|x86.Build.0 = Debug|Win32
		{62399CED-0430-4DA5-8A4B-2B9B0DD0B715}.Release|Any CPU.ActiveCfg = Release|Win32
		{62399CED-0430-4DA5-8A4B-2B9B0DD0B715}.Release|x64.ActiveCfg = Release|x64
		{62399CED-0430-4DA5-8A4B-2B9B0DD0B715}.Release|x64.Build.0 = Release|x64
		{62399CED-0430-4DA5-8A4B-2B9B0DD0B715}.Release|x86.ActiveCfg = Release|Win32
		{62399CED-0430-4DA5-8A4B-2B9B0DD0B715}.Release|x86.Build.0 = Release|Win32
		{3A6DF18F-6ACB-424A-8C00-DA25F4657359}.Debug|Any CPU.ActiveCfg = Debug|Win32
		{3A6DF18F-6ACB-424A-8C00-DA25F4657359}.Debug|x64.ActiveCfg = Debug|x64
		{3A6DF18F-6ACB-424A-8C00-DA25F4657359}.Debug|x64.Build.0 = Debug|x64
		{3A6DF18F-6ACB-424A-8C00-DA25F4657359}.Debug|x86.ActiveCfg = Debug|Win32
		{3A6DF18F-6ACB-424A-8C00-DA25F4657359}.Debug|x86.Build.0 = Debug|Win32
		{3A6DF18F-6ACB-424A-8C00-DA25F4657359}.Release|Any CPU.ActiveCfg = Release|Win32
		{3A6DF18F-6ACB-424A-8C00-DA25F4657359}.Release|x64.ActiveCfg = Release|x64
		{3A6DF18F-6ACB-424A-8C00-DA25F4657359}.Release|x64.Build.0 = Release|x64
		{3A6DF18F-6ACB-424A-8C00-DA25F4657359}.Release|x86.ActiveCfg = Release|Win32
		{3A6DF18F-6ACB-424A-8C00-DA25F4657359}.Release|x86.Build.0 = Release|Win32
		{590100D5-7CAF-470C-BA50-0D819F34C1B8}.Debug|Any CPU.ActiveCfg = Debug|Win32
		{590100D5-7CAF-470C-BA50-0D819F34C1B8}.Debug|x64.ActiveCfg = Debug|x64
		{590100D5-7CAF-470C-BA50-0D819F34C1B8}.Debug|x64.Build.0 = Debug|x64
		{590100D5-7CAF-470C-BA50-0D819F34C1B8}.Debug|x86.ActiveCfg = Debug|Win32
		{590100D5-7CAF-470C-BA50-0D819F34C1B8}.Debug|x86.Build.0 = Debug|Win32
		{590100D5-7CAF-470C-BA50-0D819F34C1B8}.Release|Any CPU.ActiveCfg = Release|Win32
		{590100D5-7CAF-470C-BA50-0D819F34C1B8}.Release|x64.ActiveCfg = Release|x64
		{590100D5-7CAF-470C-BA50-0D819F34C1B8}.Release|x64.Build.0 = Release|x64
		{590100D5-7CAF-470C-BA50-0D819F34C1B8}.Release|x86.ActiveCfg = Release|Win32
		{590100D5-7CAF-470C-BA50-0D819F34C1B8}.Release|x86.Build.0 = Release|Win32
		{CABC58CE-CEA9-4FAF-803D-E2EDA1924AA1}.Debug|Any CPU.ActiveCfg = Debug|Win32
		{CABC58CE-CEA9-4FAF-803D-E2EDA1924AA1}.Debug|x64.ActiveCfg = Debug|x64
		{CABC58CE-CEA9-4FAF-803D-E2EDA1924AA1}.Debug|x64.Build.0 = Debug|x64
		{CABC58CE-CEA9-4FAF-803D-E2EDA1924AA1}.Debug|x86.ActiveCfg = Debug|Win32
		{CABC58CE-CEA9-4FAF-803D-E2EDA1924AA1}.Debug|x86.Build.0 = Debug|Win32
		{CABC58CE-CEA9-4FAF-803D-E2EDA1924AA1}.Release|Any CPU.ActiveCfg = Release|Win32
		{CABC58CE-CEA9-4FAF-803D-E2EDA1924AA1}.Release|x64.ActiveCfg = Release|x64
		{CABC58CE-CEA9-4FAF-803D-E2EDA1924AA1}.Release|x64.Build.0 = Release|x64
		{CABC58CE-CEA9-4FAF-803D-E2EDA1924AA1}.Release|x86.ActiveCfg = Release|Win32
		{CABC58CE-CEA9-4FAF-803D-E2EDA1924AA1}.Release|x86.Build.0 = Release|Win32
		{4FFC69ED-636A-4108-BA2D-DC6363EF94F9}.Debug|Any CPU.ActiveCfg = Debug|Win32
		{4FFC69ED-636A-4108-BA2D-DC6363EF94F9}.Debug|x64.ActiveCfg = Debug|x64
		{4FFC69ED-636A-4108-BA2D-DC6363EF94F9}.Debug|x64.Build.0 = Debug|x64
		{4FFC69ED-636A-4108-BA2D-DC6363EF94F9}.Debug|x86.ActiveCfg = Debug|Win32
		{4FFC69ED-636A-4108-BA2D-DC6363EF94F9}.Debug|x86.Build.0 = Debug|Win32
		{4FFC69ED-636A-4108-BA2D-DC6363EF94F9}.Release|Any CPU.ActiveCfg = Release|Win32
		{4FFC69ED-636A-4108-BA2D-DC6363EF94F9}.Release|x64.ActiveCfg = Release|x64
		{4FFC69ED-636A-4108-BA2D-DC6363EF94F9}.Release|x64.Build.0 = Release|x64
		{4FFC69ED-636A-4108-BA2D-DC6363EF94F9}.Release|x86.ActiveCfg = Release|Win32
		{4FFC69ED-636A-4108-BA2D-DC6363EF94F9}.Release|x86.Build.0 = Release|Win32
		{A13E7A50-AFB5-4A5A-98ED-FB9D1F46A644}.Debug|Any CPU.ActiveCfg = Debug|Win32
		{A13E7A50-AFB5-4A5A-98ED-FB9D1F46A644}.Debug|x64.ActiveCfg = Debug|x64
		{A13E7A50-AFB5-4A5A-98ED-FB9D1F46A644}.Debug|x64.Build.0 = Debug|x64
		{A13E7A50-AFB5-4A5A-98ED-FB9D1F46A644}.Debug|x86.ActiveCfg = Debug|Win32
		{A13E7A50-AFB5-4A5A-98ED-FB9D1F46A644}.Debug|x86.Build.0 = Debug|Win32
		{A13E7A50-AFB5-4A5A-98ED-FB9D1F46A644}.Release|Any CPU.ActiveCfg = Release|Win32
		{A13E7A50-AFB5-4A5A-98ED-FB9D1F46A644}.Release|x64.ActiveCfg = Release|x64
		{A13E7A50-AFB5-4A5A-98ED-FB9D1F46A644}.Release|x64.Build.0 = Release|x64
		{A13E7A50-AFB5-4A5A-98ED-FB9D1F46A644}.Release|x86.ActiveCfg = Release|Win32
		{A13E7A50-AFB5-4A5A-98ED-FB9D1F46A644}.Release|x86.Build.0 = Release|Win32
		{A52041C0-AFEB-4EF9-8831-6C4803FC2AD2}.Debug|Any CPU.ActiveCfg = Debug|Win32
		{A52041C0-AFEB-4EF9-8831-6C4803FC2AD2}.Debug|x64.ActiveCfg = Debug|x64
		{A52041C0-AFEB-4EF9-8831-6C4803FC2AD2}.Debug|x64.Build.0 = Debug|x64
		{A52041C0-AFEB-4EF9-8831-6C4803FC2AD2}.Debug|x86.ActiveCfg = Debug|Win32
		{A52041C0-AFEB-4EF9-8831-6C4803FC2AD2}.Debug|x86.Build.0 = Debug|Win32
		{A52041C0-AFEB-4EF9-8831-6C4803FC2AD2}.Release|Any CPU.ActiveCfg = Release|Win32
		{A52041C0-AFEB-4EF9-8831-6C4803FC2AD2}.Release|x64.ActiveCfg = Release|x64
		{A52041C0-AFEB-4EF9-8831-6C4803FC2AD2}.Release|x64.Build.0 = Release|x64
		{A52041C0-AFEB-4EF9-8831-6C4803FC2AD2}.Release|x86.ActiveCfg = Release|Win32
		{A52041C0-AFEB-4EF9-8831-6C4803FC2AD2}.Release|x86.Build.0 = Release|Win32
		{FCCE9D39-B199-4C7A-BCB6-69404F76B282}.Debug|Any CPU.ActiveCfg = Debug|Win32
		{FCCE9D39-B199-4C7A-BCB6-69404F76B282}.Debug|x64.ActiveCfg = Debug|x64
		{FCCE9D39-B199-4C7A-BCB6-69404F76B282}.Debug|x64.Build.0 = Debug|x64
		{FCCE9D39-B199-4C7A-BCB6-69404F76B282}.Debug|x86.ActiveCfg = Debug|Win32
		{FCCE9D39-B199-4C7A-BCB6-69404F76B282}.Debug|x86.Build.0 = Debug|Win32
		{FCCE9D39-B199-4C7A-BCB6-69404F76B282}.Release|Any CPU.ActiveCfg = Release|Win32
		{FCCE9D39-B199-4C7A-BCB6-69404F76B282}.Release|x64.ActiveCfg = Release|x64
		{FCCE9D39-B199-4C7A-BCB6-69404F76B282}.Release|x64.Build.0 = Release|x64
		{FCCE9D39-B199-4C7A-BCB6-69404F76B282}.Release|x86.ActiveCfg = Release|Win32
		{FCCE9D39-B199-4C7A-BCB6-69404F76B282}.Release|x86.Build.0 = Release|Win32
		{0A78CB51-B50D-4CB4-BE21-EB2DD67CF4F5}.Debug|Any CPU.ActiveCfg = Debug|Win32
		{0A78CB51-B50D-4CB4-BE21-EB2DD67CF4F5}.Debug|x64.ActiveCfg = Debug|x64
		{0A78CB51-B50D-4CB4-BE21-EB2DD67CF4F5}.Debug|x64.Build.0 = Debug|x64
		{0A78CB51-B50D-4CB4-BE21-EB2DD67CF4F5}.Debug|x86.ActiveCfg = Debug|Win32
		{0A78CB51-B50D-4CB4-BE21-EB2DD67CF4F5}.Debug|x86.Build.0 = Debug|Win32
		{0A78CB51-B50D-4CB4-BE21-EB2DD67CF4F5}.Release|Any CPU.ActiveCfg = Release|Win32
		{0A78CB51-B50D-4CB4-BE21-EB2DD67CF4F5}.Release|x64.ActiveCfg = Release|x64
		{0A78CB51-B50D-4CB4-BE21-EB2DD67CF4F5}.Release|x64.Build.0 = Release|x64
		{0A78CB51-B50D-4CB4-BE21-EB2DD67CF4F5}.Release|x86.ActiveCfg = Release|Win32
		{0A78CB51-B50D-4CB4-BE21-EB2DD67CF4F5}.Release|x86.Build.0 = Release|Win32
		{CEC94969-80A3-4A8B-AC34-23B558775420}.Debug|Any CPU.ActiveCfg = Debug|Win32
		{CEC94969-80A3-4A8B-AC34-23B558775420}.Debug|x64.ActiveCfg = Debug|x64
		{CEC94969-80A3-4A8B-AC34-23B558775420}.Debug|x64.Build.0 = Debug|x64
		{CEC94969-80A3-4A8B-AC34-23B558775420}.Debug|x86.ActiveCfg = Debug|Win32
		{CEC94969-80A3-4A8B-AC34-23B558775420}.Debug|x86.Build.0 = Debug|Win32
		{CEC94969-80A3-4A8B-AC34-23B558775420}.Release|Any CPU.ActiveCfg = Release|Win32
		{CEC94969-80A3-4A8B-AC34-23B558775420}.Release|x64.ActiveCfg = Release|x64
		{CEC94969-80A3-4A8B-AC34-23B558775420}.Release|x64.Build.0 = Release|x64
		{CEC94969-80A3-4A8B-AC34-23B558775420}.Release|x86.ActiveCfg = Release|Win32
		{CEC94969-80A3-4A8B-AC34-23B558775420}.Release|x86.Build.0 = Release|Win32
		{FF94086B-5578-47A3-B837-23D83050BD95}.Debug|Any CPU.ActiveCfg = Debug|Win32
		{FF94086B-5578-47A3-B837-23D83050BD95}.Debug|x64.ActiveCfg = Debug|x64
		{FF94086B-5578-47A3-B837-23D83050BD95}.Debug|x64.Build.0 = Debug|x64
		{FF94086B-5578-47A3-B837-23D83050BD95}.Debug|x86.ActiveCfg = Debug|Win32
		{FF94086B-5578-47A3-B837-23D83050BD95}.Debug|x86.Build.0 = Debug|Win32
		{FF94086B-5578-47A3-B837-23D83050BD95}.Release|Any CPU.ActiveCfg = Release|Win32
		{FF94086B-5578-47A3-B837-23D83050BD95}.Release|x64.ActiveCfg = Release|x64
		{FF94086B-5578-47A3-B837-23D83050BD95}.Release|x64.Build.0 = Release|x64
		{FF94086B-5578-47A3-B837-23D83050BD95}.Release|x86.ActiveCfg = Release|Win32
		{FF94086B-5578-47A3-B837-23D83050BD95}.Release|x86.Build.0 = Release|Win32
		{8CDE7044-BDA3-4F9F-9B9A-D77C6C2A5BE3}.Debug|Any CPU.ActiveCfg = Debug|Win32
		{8CDE7044-BDA3-4F9F-9B9A-D77C6C2A5BE3}.Debug|x64.ActiveCfg = Debug|x64
		{8CDE7044-BDA3-4F9F-9B9A-D77C6C2A5BE3}.Debug|x64.Build.0 = Debug|x64
		{8CDE7044-BDA3-4F9F-9B9A-D77C6C2A5BE3}.Debug|x86.ActiveCfg = Debug|Win32
		{8CDE7044-BDA3-4F9F-9B9A-D77C6C2A5BE3}.Debug|x86.Build.0 = Debug|Win32
		{8CDE7044-BDA3-4F9F-9B9A-D77C6C2A5BE3}.Release|Any CPU.ActiveCfg = Release|Win32
		{8CDE7044-BDA3-4F9F-9B9A-D77C6C2A5BE3}.Release|x64.ActiveCfg = Release|x64
		{8CDE7044-BDA3-4F9F-9B9A-D77C6C2A5BE3}.Release|x64.Build.0 = Release|x64
		{8CDE7044-BDA3-4F9F-9B9A-D77C6C2A5BE3}.Release|x86.ActiveCfg = Release|Win32
		{8CDE7044-BDA3-4F9F-9B9A-D77C6C2A5BE3}.Release|x86.Build.0 = Release|Win32
		{CCCEEC3A-659E-48CE-9547-693F5548C500}.Debug|Any CPU.ActiveCfg = Debug|Win32
		{CCCEEC3A-659E-48CE-9547-693F5548C500}.Debug|x64.ActiveCfg = Debug|x64
		{CCCEEC3A-659E-48CE-9547-693F5548C500}.Debug|x64.Build.0 = Debug|x64
		{CCCEEC3A-659E-48CE-9547-693F5548C500}.Debug|x86.ActiveCfg = Debug|Win32
		{CCCEEC3A-659E-48CE-9547-693F5548C500}.Debug|x86.Build.0 = Debug|Win32
		{CCCEEC3A-659E-48CE-9547-693F5548C500}.Release|Any CPU.ActiveCfg = Release|Win32
		{CCCEEC3A-659E-48CE-9547-693F5548C500}.Release|x64.ActiveCfg = Release|x64
		{CCCEEC3A-659E-48CE-9547-693F5548C500}.Release|x64.Build.0 = Release|x64
		{CCCEEC3A-659E-48CE-9547-693F5548C500}.Release|x86.ActiveCfg = Release|Win32
		{CCCEEC3A-659E-48CE-9547-693F5548C500}.Release|x86.Build.0 = Release|Win32
	EndGlobalSection
	GlobalSection(SolutionProperties) = preSolution
		HideSolutionNode = FALSE
	EndGlobalSection
EndGlobal
