
Microsoft Visual Studio Solution File, Format Version 12.00
# Visual Studio Version 16
VisualStudioVersion = 16.0.29709.97
MinimumVisualStudioVersion = 10.0.40219.1
Project("{8BC9CEB8-8B4A-11D0-8D11-00A0C91BC942}") = "Day1", "Day1\Day1.vcxproj", "{703C0FCF-4014-4281-B464-1AB4FB9316E5}"
EndProject
Project("{8BC9CEB8-8B4A-11D0-8D11-00A0C91BC942}") = "Day2", "Day2\Day2.vcxproj", "{517330F3-873F-4BCC-B6C3-EFE78762091F}"
EndProject
Project("{8BC9CEB8-8B4A-11D0-8D11-00A0C91BC942}") = "Day3", "Day3\Day3.vcxproj", "{CE360B8F-E813-4DD5-B8EB-F9D91D7AEC14}"
EndProject
Project("{8BC9CEB8-8B4A-11D0-8D11-00A0C91BC942}") = "Day4", "Day4\Day4.vcxproj", "{99FFD286-CC6B-4785-94DB-55617B1A38E2}"
EndProject
Project("{8BC9CEB8-8B4A-11D0-8D11-00A0C91BC942}") = "Day5", "Day5\Day5.vcxproj", "{DA349945-2322-4E2E-BE5E-164AEF9B62A0}"
EndProject
Project("{8BC9CEB8-8B4A-11D0-8D11-00A0C91BC942}") = "Day6", "Day6\Day6.vcxproj", "{2E203887-F516-4C39-A8F9-5951B35A96FE}"
EndProject
Project("{8BC9CEB8-8B4A-11D0-8D11-00A0C91BC942}") = "Day7", "Day7\Day7.vcxproj", "{0C765D76-7953-47F5-A0FA-50B06A94C0BB}"
EndProject
Project("{8BC9CEB8-8B4A-11D0-8D11-00A0C91BC942}") = "Day25", "Day25\Day25.vcxproj", "{99536E05-C2C7-4AE2-AB0F-1591F0E652A9}"
EndProject
Project("{8BC9CEB8-8B4A-11D0-8D11-00A0C91BC942}") = "Day8", "Day8\Day8.vcxproj", "{9145C062-36FD-4C81-A03F-9A8C1C3DDA4F}"
EndProject
Project("{8BC9CEB8-8B4A-11D0-8D11-00A0C91BC942}") = "Day9", "Day9\Day9.vcxproj", "{EAD79E84-0531-47B8-B021-2C3FC8CCD313}"
EndProject
Project("{8BC9CEB8-8B4A-11D0-8D11-00A0C91BC942}") = "Day10", "Day10\Day10.vcxproj", "{036B4261-D0E4-48E9-A847-3982D96F1E0A}"
EndProject
Project("{8BC9CEB8-8B4A-11D0-8D11-00A0C91BC942}") = "Day11", "Day11\Day11.vcxproj", "{46CA24D6-1588-4382-A9AC-C7BBA3731280}"
EndProject
Project("{8BC9CEB8-8B4A-11D0-8D11-00A0C91BC942}") = "Day12", "Day12\Day12.vcxproj", "{1ECC697B-2F7C-4BB0-AB92-F572AA2742BE}"
EndProject
Project("{8BC9CEB8-8B4A-11D0-8D11-00A0C91BC942}") = "Day13", "Day13\Day13.vcxproj", "{22A1C574-7948-4B7E-9003-6A693897A83C}"
EndProject
Global
	GlobalSection(SolutionConfigurationPlatforms) = preSolution
		Debug|x64 = Debug|x64
		Debug|x86 = Debug|x86
		Release|x64 = Release|x64
		Release|x86 = Release|x86
	EndGlobalSection
	GlobalSection(ProjectConfigurationPlatforms) = postSolution
		{703C0FCF-4014-4281-B464-1AB4FB9316E5}.Debug|x64.ActiveCfg = Debug|x64
		{703C0FCF-4014-4281-B464-1AB4FB9316E5}.Debug|x64.Build.0 = Debug|x64
		{703C0FCF-4014-4281-B464-1AB4FB9316E5}.Debug|x86.ActiveCfg = Debug|Win32
		{703C0FCF-4014-4281-B464-1AB4FB9316E5}.Debug|x86.Build.0 = Debug|Win32
		{703C0FCF-4014-4281-B464-1AB4FB9316E5}.Release|x64.ActiveCfg = Release|x64
		{703C0FCF-4014-4281-B464-1AB4FB9316E5}.Release|x64.Build.0 = Release|x64
		{703C0FCF-4014-4281-B464-1AB4FB9316E5}.Release|x86.ActiveCfg = Release|Win32
		{703C0FCF-4014-4281-B464-1AB4FB9316E5}.Release|x86.Build.0 = Release|Win32
		{517330F3-873F-4BCC-B6C3-EFE78762091F}.Debug|x64.ActiveCfg = Debug|x64
		{517330F3-873F-4BCC-B6C3-EFE78762091F}.Debug|x64.Build.0 = Debug|x64
		{517330F3-873F-4BCC-B6C3-EFE78762091F}.Debug|x86.ActiveCfg = Debug|Win32
		{517330F3-873F-4BCC-B6C3-EFE78762091F}.Debug|x86.Build.0 = Debug|Win32
		{517330F3-873F-4BCC-B6C3-EFE78762091F}.Release|x64.ActiveCfg = Release|x64
		{517330F3-873F-4BCC-B6C3-EFE78762091F}.Release|x64.Build.0 = Release|x64
		{517330F3-873F-4BCC-B6C3-EFE78762091F}.Release|x86.ActiveCfg = Release|Win32
		{517330F3-873F-4BCC-B6C3-EFE78762091F}.Release|x86.Build.0 = Release|Win32
		{CE360B8F-E813-4DD5-B8EB-F9D91D7AEC14}.Debug|x64.ActiveCfg = Debug|x64
		{CE360B8F-E813-4DD5-B8EB-F9D91D7AEC14}.Debug|x64.Build.0 = Debug|x64
		{CE360B8F-E813-4DD5-B8EB-F9D91D7AEC14}.Debug|x86.ActiveCfg = Debug|Win32
		{CE360B8F-E813-4DD5-B8EB-F9D91D7AEC14}.Debug|x86.Build.0 = Debug|Win32
		{CE360B8F-E813-4DD5-B8EB-F9D91D7AEC14}.Release|x64.ActiveCfg = Release|x64
		{CE360B8F-E813-4DD5-B8EB-F9D91D7AEC14}.Release|x64.Build.0 = Release|x64
		{CE360B8F-E813-4DD5-B8EB-F9D91D7AEC14}.Release|x86.ActiveCfg = Release|Win32
		{CE360B8F-E813-4DD5-B8EB-F9D91D7AEC14}.Release|x86.Build.0 = Release|Win32
		{99FFD286-CC6B-4785-94DB-55617B1A38E2}.Debug|x64.ActiveCfg = Debug|x64
		{99FFD286-CC6B-4785-94DB-55617B1A38E2}.Debug|x64.Build.0 = Debug|x64
		{99FFD286-CC6B-4785-94DB-55617B1A38E2}.Debug|x86.ActiveCfg = Debug|Win32
		{99FFD286-CC6B-4785-94DB-55617B1A38E2}.Debug|x86.Build.0 = Debug|Win32
		{99FFD286-CC6B-4785-94DB-55617B1A38E2}.Release|x64.ActiveCfg = Release|x64
		{99FFD286-CC6B-4785-94DB-55617B1A38E2}.Release|x64.Build.0 = Release|x64
		{99FFD286-CC6B-4785-94DB-55617B1A38E2}.Release|x86.ActiveCfg = Release|Win32
		{99FFD286-CC6B-4785-94DB-55617B1A38E2}.Release|x86.Build.0 = Release|Win32
		{DA349945-2322-4E2E-BE5E-164AEF9B62A0}.Debug|x64.ActiveCfg = Debug|x64
		{DA349945-2322-4E2E-BE5E-164AEF9B62A0}.Debug|x64.Build.0 = Debug|x64
		{DA349945-2322-4E2E-BE5E-164AEF9B62A0}.Debug|x86.ActiveCfg = Debug|Win32
		{DA349945-2322-4E2E-BE5E-164AEF9B62A0}.Debug|x86.Build.0 = Debug|Win32
		{DA349945-2322-4E2E-BE5E-164AEF9B62A0}.Release|x64.ActiveCfg = Release|x64
		{DA349945-2322-4E2E-BE5E-164AEF9B62A0}.Release|x64.Build.0 = Release|x64
		{DA349945-2322-4E2E-BE5E-164AEF9B62A0}.Release|x86.ActiveCfg = Release|Win32
		{DA349945-2322-4E2E-BE5E-164AEF9B62A0}.Release|x86.Build.0 = Release|Win32
		{2E203887-F516-4C39-A8F9-5951B35A96FE}.Debug|x64.ActiveCfg = Debug|x64
		{2E203887-F516-4C39-A8F9-5951B35A96FE}.Debug|x64.Build.0 = Debug|x64
		{2E203887-F516-4C39-A8F9-5951B35A96FE}.Debug|x86.ActiveCfg = Debug|Win32
		{2E203887-F516-4C39-A8F9-5951B35A96FE}.Debug|x86.Build.0 = Debug|Win32
		{2E203887-F516-4C39-A8F9-5951B35A96FE}.Release|x64.ActiveCfg = Release|x64
		{2E203887-F516-4C39-A8F9-5951B35A96FE}.Release|x64.Build.0 = Release|x64
		{2E203887-F516-4C39-A8F9-5951B35A96FE}.Release|x86.ActiveCfg = Release|Win32
		{2E203887-F516-4C39-A8F9-5951B35A96FE}.Release|x86.Build.0 = Release|Win32
		{0C765D76-7953-47F5-A0FA-50B06A94C0BB}.Debug|x64.ActiveCfg = Debug|x64
		{0C765D76-7953-47F5-A0FA-50B06A94C0BB}.Debug|x64.Build.0 = Debug|x64
		{0C765D76-7953-47F5-A0FA-50B06A94C0BB}.Debug|x86.ActiveCfg = Debug|Win32
		{0C765D76-7953-47F5-A0FA-50B06A94C0BB}.Debug|x86.Build.0 = Debug|Win32
		{0C765D76-7953-47F5-A0FA-50B06A94C0BB}.Release|x64.ActiveCfg = Release|x64
		{0C765D76-7953-47F5-A0FA-50B06A94C0BB}.Release|x64.Build.0 = Release|x64
		{0C765D76-7953-47F5-A0FA-50B06A94C0BB}.Release|x86.ActiveCfg = Release|Win32
		{0C765D76-7953-47F5-A0FA-50B06A94C0BB}.Release|x86.Build.0 = Release|Win32
		{99536E05-C2C7-4AE2-AB0F-1591F0E652A9}.Debug|x64.ActiveCfg = Debug|x64
		{99536E05-C2C7-4AE2-AB0F-1591F0E652A9}.Debug|x64.Build.0 = Debug|x64
		{99536E05-C2C7-4AE2-AB0F-1591F0E652A9}.Debug|x86.ActiveCfg = Debug|Win32
		{99536E05-C2C7-4AE2-AB0F-1591F0E652A9}.Debug|x86.Build.0 = Debug|Win32
		{99536E05-C2C7-4AE2-AB0F-1591F0E652A9}.Release|x64.ActiveCfg = Release|x64
		{99536E05-C2C7-4AE2-AB0F-1591F0E652A9}.Release|x64.Build.0 = Release|x64
		{99536E05-C2C7-4AE2-AB0F-1591F0E652A9}.Release|x86.ActiveCfg = Release|Win32
		{99536E05-C2C7-4AE2-AB0F-1591F0E652A9}.Release|x86.Build.0 = Release|Win32
		{9145C062-36FD-4C81-A03F-9A8C1C3DDA4F}.Debug|x64.ActiveCfg = Debug|x64
		{9145C062-36FD-4C81-A03F-9A8C1C3DDA4F}.Debug|x64.Build.0 = Debug|x64
		{9145C062-36FD-4C81-A03F-9A8C1C3DDA4F}.Debug|x86.ActiveCfg = Debug|Win32
		{9145C062-36FD-4C81-A03F-9A8C1C3DDA4F}.Debug|x86.Build.0 = Debug|Win32
		{9145C062-36FD-4C81-A03F-9A8C1C3DDA4F}.Release|x64.ActiveCfg = Release|x64
		{9145C062-36FD-4C81-A03F-9A8C1C3DDA4F}.Release|x64.Build.0 = Release|x64
		{9145C062-36FD-4C81-A03F-9A8C1C3DDA4F}.Release|x86.ActiveCfg = Release|Win32
		{9145C062-36FD-4C81-A03F-9A8C1C3DDA4F}.Release|x86.Build.0 = Release|Win32
		{EAD79E84-0531-47B8-B021-2C3FC8CCD313}.Debug|x64.ActiveCfg = Debug|x64
		{EAD79E84-0531-47B8-B021-2C3FC8CCD313}.Debug|x64.Build.0 = Debug|x64
		{EAD79E84-0531-47B8-B021-2C3FC8CCD313}.Debug|x86.ActiveCfg = Debug|Win32
		{EAD79E84-0531-47B8-B021-2C3FC8CCD313}.Debug|x86.Build.0 = Debug|Win32
		{EAD79E84-0531-47B8-B021-2C3FC8CCD313}.Release|x64.ActiveCfg = Release|x64
		{EAD79E84-0531-47B8-B021-2C3FC8CCD313}.Release|x64.Build.0 = Release|x64
		{EAD79E84-0531-47B8-B021-2C3FC8CCD313}.Release|x86.ActiveCfg = Release|Win32
		{EAD79E84-0531-47B8-B021-2C3FC8CCD313}.Release|x86.Build.0 = Release|Win32
		{036B4261-D0E4-48E9-A847-3982D96F1E0A}.Debug|x64.ActiveCfg = Debug|x64
		{036B4261-D0E4-48E9-A847-3982D96F1E0A}.Debug|x64.Build.0 = Debug|x64
		{036B4261-D0E4-48E9-A847-3982D96F1E0A}.Debug|x86.ActiveCfg = Debug|Win32
		{036B4261-D0E4-48E9-A847-3982D96F1E0A}.Debug|x86.Build.0 = Debug|Win32
		{036B4261-D0E4-48E9-A847-3982D96F1E0A}.Release|x64.ActiveCfg = Release|x64
		{036B4261-D0E4-48E9-A847-3982D96F1E0A}.Release|x64.Build.0 = Release|x64
		{036B4261-D0E4-48E9-A847-3982D96F1E0A}.Release|x86.ActiveCfg = Release|Win32
		{036B4261-D0E4-48E9-A847-3982D96F1E0A}.Release|x86.Build.0 = Release|Win32
		{46CA24D6-1588-4382-A9AC-C7BBA3731280}.Debug|x64.ActiveCfg = Debug|x64
		{46CA24D6-1588-4382-A9AC-C7BBA3731280}.Debug|x64.Build.0 = Debug|x64
		{46CA24D6-1588-4382-A9AC-C7BBA3731280}.Debug|x86.ActiveCfg = Debug|Win32
		{46CA24D6-1588-4382-A9AC-C7BBA3731280}.Debug|x86.Build.0 = Debug|Win32
		{46CA24D6-1588-4382-A9AC-C7BBA3731280}.Release|x64.ActiveCfg = Release|x64
		{46CA24D6-1588-4382-A9AC-C7BBA3731280}.Release|x64.Build.0 = Release|x64
		{46CA24D6-1588-4382-A9AC-C7BBA3731280}.Release|x86.ActiveCfg = Release|Win32
		{46CA24D6-1588-4382-A9AC-C7BBA3731280}.Release|x86.Build.0 = Release|Win32
		{1ECC697B-2F7C-4BB0-AB92-F572AA2742BE}.Debug|x64.ActiveCfg = Debug|x64
		{1ECC697B-2F7C-4BB0-AB92-F572AA2742BE}.Debug|x64.Build.0 = Debug|x64
		{1ECC697B-2F7C-4BB0-AB92-F572AA2742BE}.Debug|x86.ActiveCfg = Debug|Win32
		{1ECC697B-2F7C-4BB0-AB92-F572AA2742BE}.Debug|x86.Build.0 = Debug|Win32
		{1ECC697B-2F7C-4BB0-AB92-F572AA2742BE}.Release|x64.ActiveCfg = Release|x64
		{1ECC697B-2F7C-4BB0-AB92-F572AA2742BE}.Release|x64.Build.0 = Release|x64
		{1ECC697B-2F7C-4BB0-AB92-F572AA2742BE}.Release|x86.ActiveCfg = Release|Win32
		{1ECC697B-2F7C-4BB0-AB92-F572AA2742BE}.Release|x86.Build.0 = Release|Win32
		{22A1C574-7948-4B7E-9003-6A693897A83C}.Debug|x64.ActiveCfg = Debug|x64
		{22A1C574-7948-4B7E-9003-6A693897A83C}.Debug|x64.Build.0 = Debug|x64
		{22A1C574-7948-4B7E-9003-6A693897A83C}.Debug|x86.ActiveCfg = Debug|Win32
		{22A1C574-7948-4B7E-9003-6A693897A83C}.Debug|x86.Build.0 = Debug|Win32
		{22A1C574-7948-4B7E-9003-6A693897A83C}.Release|x64.ActiveCfg = Release|x64
		{22A1C574-7948-4B7E-9003-6A693897A83C}.Release|x64.Build.0 = Release|x64
		{22A1C574-7948-4B7E-9003-6A693897A83C}.Release|x86.ActiveCfg = Release|Win32
		{22A1C574-7948-4B7E-9003-6A693897A83C}.Release|x86.Build.0 = Release|Win32
	EndGlobalSection
	GlobalSection(SolutionProperties) = preSolution
		HideSolutionNode = FALSE
	EndGlobalSection
	GlobalSection(ExtensibilityGlobals) = postSolution
		SolutionGuid = {A6069C28-46D8-46AF-8516-0800873E2FBA}
	EndGlobalSection
EndGlobal
