
Microsoft Visual Studio Solution File, Format Version 12.00
# Visual Studio Version 16
VisualStudioVersion = 16.0.29709.97
MinimumVisualStudioVersion = 10.0.40219.1
Project("{8BC9CEB8-8B4A-11D0-8D11-00A0C91BC942}") = "Day1", "Day1\Day1.vcxproj", "{703C0FCF-4014-4281-B464-1AB4FB9316E5}"
EndProject
Project("{8BC9CEB8-8B4A-11D0-8D11-00A0C91BC942}") = "Day2", "Day2\Day2.vcxproj", "{517330F3-873F-4BCC-B6C3-EFE78762091F}"
EndProject
Project("{8BC9CEB8-8B4A-11D0-8D11-00A0C91BC942}") = "Day3", "Day3\Day3.vcxproj", "{CE360B8F-E813-4DD5-B8EB-F9D91D7AEC14}"
EndProject
Project("{8BC9CEB8-8B4A-11D0-8D11-00A0C91BC942}") = "Day4", "Day4\Day4.vcxproj", "{99FFD286-CC6B-4785-94DB-55617B1A38E2}"
EndProject
Project("{8BC9CEB8-8B4A-11D0-8D11-00A0C91BC942}") = "Day5", "Day5\Day5.vcxproj", "{DA349945-2322-4E2E-BE5E-164AEF9B62A0}"
EndProject
Project("{8BC9CEB8-8B4A-11D0-8D11-00A0C91BC942}") = "Day6", "Day6\Day6.vcxproj", "{2E203887-F516-4C39-A8F9-5951B35A96FE}"
EndProject
Project("{8BC9CEB8-8B4A-11D0-8D11-00A0C91BC942}") = "Day7", "Day7\Day7.vcxproj", "{0C765D76-7953-47F5-A0FA-50B06A94C0BB}"
EndProject
Project("{8BC9CEB8-8B4A-11D0-8D11-00A0C91BC942}") = "Day25", "Day25\Day25.vcxproj", "{99536E05-C2C7-4AE2-AB0F-1591F0E652A9}"
EndProject
Project("{8BC9CEB8-8B4A-11D0-8D11-00A0C91BC942}") = "Day8", "Day8\Day8.vcxproj", "{9145C062-36FD-4C81-A03F-9A8C1C3DDA4F}"
EndProject
Project("{8BC9CEB8-8B4A-11D0-8D11-00A0C91BC942}") = "Day9", "Day9\Day9.vcxproj", "{EAD79E84-0531-47B8-B021-2C3FC8CCD313}"
EndProject
Project("{8BC9CEB8-8B4A-11D0-8D11-00A0C91BC942}") = "Day10", "Day10\Day10.vcxproj", "{036B4261-D0E4-48E9-A847-3982D96F1E0A}"
EndProject
Project("{8BC9CEB8-8B4A-11D0-8D11-00A0C91BC942}") = "Day11", "Day11\Day11.vcxproj", "{46CA24D6-1588-4382-A9AC-C7BBA3731280}"
EndProject
Project("{8BC9CEB8-8B4A-11D0-8D11-00A0C91BC942}") = "Day12", "Day12\Day12.vcxproj", "{1ECC697B-2F7C-4BB0-AB92-F572AA2742BE}"
EndProject
Project("{8BC9CEB8-8B4A-11D0-8D11-00A0C91BC942}") = "Day13", "Day13\Day13.vcxproj", "{22A1C574-7948-4B7E-9003-6A693897A83C}"
EndProject
Project("{8BC9CEB8-8B4A-11D0-8D11-00A0C91BC942}") = "Day14", "Day14\Day14.vcxproj", "{117ACA7C-67FF-44DC-BB9D-FE77489CE5EC}"
EndProject
Project("{8BC9CEB8-8B4A-11D0-8D11-00A0C91BC942}") = "Day15", "Day15\Day15.vcxproj", "{011F32B3-3C32-4720-A801-5D76E380E2E2}"
EndProject
Project("{8BC9CEB8-8B4A-11D0-8D11-00A0C91BC942}") = "Day16", "Day16\Day16.vcxproj", "{26589C35-F0F1-4B8D-8622-64DE14E9CBD0}"
EndProject
Project("{8BC9CEB8-8B4A-11D0-8D11-00A0C91BC942}") = "Day17", "Day17\Day17.vcxproj", "{C3384A0D-85CB-4DC7-A4A0-A714E3FDD37A}"
EndProject
Project("{8BC9CEB8-8B4A-11D0-8D11-00A0C91BC942}") = "Day18", "Day18\Day18.vcxproj", "{CE3F5170-03FB-4CF4-A7EC-48E09C3CDC52}"
EndProject
Project("{8BC9CEB8-8B4A-11D0-8D11-00A0C91BC942}") = "Day19", "Day19\Day19.vcxproj", "{F0175C11-95C9-4CB9-8841-25CDF7B43894}"
EndProject
Project("{8BC9CEB8-8B4A-11D0-8D11-00A0C91BC942}") = "Day20", "Day20\Day20.vcxproj", "{B5FD466B-A4E5-4304-A970-49D73CAAAF50}"
EndProject
Project("{8BC9CEB8-8B4A-11D0-8D11-00A0C91BC942}") = "Day21", "Day21\Day21.vcxproj", "{9E0A4B08-695F-4507-AE95-7A888570E027}"
EndProject
Project("{8BC9CEB8-8B4A-11D0-8D11-00A0C91BC942}") = "Day22", "Day22\Day22.vcxproj", "{815A822C-BB09-4C5D-9CC6-2F430950BDB2}"
EndProject
Project("{8BC9CEB8-8B4A-11D0-8D11-00A0C91BC942}") = "Day23", "Day23\Day23.vcxproj", "{AAE03573-3773-4746-9DBB-C8A011CDD383}"
EndProject
Project("{8BC9CEB8-8B4A-11D0-8D11-00A0C91BC942}") = "Day24", "Day24\Day24.vcxproj", "{B9FD2FCD-2B3D-42FA-A574-5F8AA0093391}"
EndProject
Global
	GlobalSection(SolutionConfigurationPlatforms) = preSolution
		Debug|Any CPU = Debug|Any CPU
		Debug|x64 = Debug|x64
		Debug|x86 = Debug|x86
		Release|Any CPU = Release|Any CPU
		Release|x64 = Release|x64
		Release|x86 = Release|x86
	EndGlobalSection
	GlobalSection(ProjectConfigurationPlatforms) = postSolution
		{703C0FCF-4014-4281-B464-1AB4FB9316E5}.Debug|Any CPU.ActiveCfg = Debug|Win32
		{703C0FCF-4014-4281-B464-1AB4FB9316E5}.Debug|x64.ActiveCfg = Debug|x64
		{703C0FCF-4014-4281-B464-1AB4FB9316E5}.Debug|x64.Build.0 = Debug|x64
		{703C0FCF-4014-4281-B464-1AB4FB9316E5}.Debug|x86.ActiveCfg = Debug|Win32
		{703C0FCF-4014-4281-B464-1AB4FB9316E5}.Debug|x86.Build.0 = Debug|Win32
		{703C0FCF-4014-4281-B464-1AB4FB9316E5}.Release|Any CPU.ActiveCfg = Release|Win32
		{703C0FCF-4014-4281-B464-1AB4FB9316E5}.Release|x64.ActiveCfg = Release|x64
		{703C0FCF-4014-4281-B464-1AB4FB9316E5}.Release|x64.Build.0 = Release|x64
		{703C0FCF-4014-4281-B464-1AB4FB9316E5}.Release|x86.ActiveCfg = Release|Win32
		{703C0FCF-4014-4281-B464-1AB4FB9316E5}.Release|x86.Build.0 = Release|Win32
		{517330F3-873F-4BCC-B6C3-EFE78762091F}.Debug|Any CPU.ActiveCfg = Debug|Win32
		{517330F3-873F-4BCC-B6C3-EFE78762091F}.Debug|x64.ActiveCfg = Debug|x64
		{517330F3-873F-4BCC-B6C3-EFE78762091F}.Debug|x64.Build.0 = Debug|x64
		{517330F3-873F-4BCC-B6C3-EFE78762091F}.Debug|x86.ActiveCfg = Debug|Win32
		{517330F3-873F-4BCC-B6C3-EFE78762091F}.Debug|x86.Build.0 = Debug|Win32
		{517330F3-873F-4BCC-B6C3-EFE78762091F}.Release|Any CPU.ActiveCfg = Release|Win32
		{517330F3-873F-4BCC-B6C3-EFE78762091F}.Release|x64.ActiveCfg = Release|x64
		{517330F3-873F-4BCC-B6C3-EFE78762091F}.Release|x64.Build.0 = Release|x64
		{517330F3-873F-4BCC-B6C3-EFE78762091F}.Release|x86.ActiveCfg = Release|Win32
		{517330F3-873F-4BCC-B6C3-EFE78762091F}.Release|x86.Build.0 = Release|Win32
		{CE360B8F-E813-4DD5-B8EB-F9D91D7AEC14}.Debug|Any CPU.ActiveCfg = Debug|Win32
		{CE360B8F-E813-4DD5-B8EB-F9D91D7AEC14}.Debug|x64.ActiveCfg = Debug|x64
		{CE360B8F-E813-4DD5-B8EB-F9D91D7AEC14}.Debug|x64.Build.0 = Debug|x64
		{CE360B8F-E813-4DD5-B8EB-F9D91D7AEC14}.Debug|x86.ActiveCfg = Debug|Win32
		{CE360B8F-E813-4DD5-B8EB-F9D91D7AEC14}.Debug|x86.Build.0 = Debug|Win32
		{CE360B8F-E813-4DD5-B8EB-F9D91D7AEC14}.Release|Any CPU.ActiveCfg = Release|Win32
		{CE360B8F-E813-4DD5-B8EB-F9D91D7AEC14}.Release|x64.ActiveCfg = Release|x64
		{CE360B8F-E813-4DD5-B8EB-F9D91D7AEC14}.Release|x64.Build.0 = Release|x64
		{CE360B8F-E813-4DD5-B8EB-F9D91D7AEC14}.Release|x86.ActiveCfg = Release|Win32
		{CE360B8F-E813-4DD5-B8EB-F9D91D7AEC14}.Release|x86.Build.0 = Release|Win32
		{99FFD286-CC6B-4785-94DB-55617B1A38E2}.Debug|Any CPU.ActiveCfg = Debug|Win32
		{99FFD286-CC6B-4785-94DB-55617B1A38E2}.Debug|x64.ActiveCfg = Debug|x64
		{99FFD286-CC6B-4785-94DB-55617B1A38E2}.Debug|x64.Build.0 = Debug|x64
		{99FFD286-CC6B-4785-94DB-55617B1A38E2}.Debug|x86.ActiveCfg = Debug|Win32
		{99FFD286-CC6B-4785-94DB-55617B1A38E2}.Debug|x86.Build.0 = Debug|Win32
		{99FFD286-CC6B-4785-94DB-55617B1A38E2}.Release|Any CPU.ActiveCfg = Release|Win32
		{99FFD286-CC6B-4785-94DB-55617B1A38E2}.Release|x64.ActiveCfg = Release|x64
		{99FFD286-CC6B-4785-94DB-55617B1A38E2}.Release|x64.Build.0 = Release|x64
		{99FFD286-CC6B-4785-94DB-55617B1A38E2}.Release|x86.ActiveCfg = Release|Win32
		{99FFD286-CC6B-4785-94DB-55617B1A38E2}.Release|x86.Build.0 = Release|Win32
		{DA349945-2322-4E2E-BE5E-164AEF9B62A0}.Debug|Any CPU.ActiveCfg = Debug|Win32
		{DA349945-2322-4E2E-BE5E-164AEF9B62A0}.Debug|x64.ActiveCfg = Debug|x64
		{DA349945-2322-4E2E-BE5E-164AEF9B62A0}.Debug|x64.Build.0 = Debug|x64
		{DA349945-2322-4E2E-BE5E-164AEF9B62A0}.Debug|x86.ActiveCfg = Debug|Win32
		{DA349945-2322-4E2E-BE5E-164AEF9B62A0}.Debug|x86.Build.0 = Debug|Win32
		{DA349945-2322-4E2E-BE5E-164AEF9B62A0}.Release|Any CPU.ActiveCfg = Release|Win32
		{DA349945-2322-4E2E-BE5E-164AEF9B62A0}.Release|x64.ActiveCfg = Release|x64
		{DA349945-2322-4E2E-BE5E-164AEF9B62A0}.Release|x64.Build.0 = Release|x64
		{DA349945-2322-4E2E-BE5E-164AEF9B62A0}.Release|x86.ActiveCfg = Release|Win32
		{DA349945-2322-4E2E-BE5E-164AEF9B62A0}.Release|x86.Build.0 = Release|Win32
		{2E203887-F516-4C39-A8F9-5951B35A96FE}.Debug|Any CPU.ActiveCfg = Debug|Win32
		{2E203887-F516-4C39-A8F9-5951B35A96FE}.Debug|x64.ActiveCfg = Debug|x64
		{2E203887-F516-4C39-A8F9-5951B35A96FE}.Debug|x64.Build.0 = Debug|x64
		{2E203887-F516-4C39-A8F9-5951B35A96FE}.Debug|x86.ActiveCfg = Debug|Win32
		{2E203887-F516-4C39-A8F9-5951B35A96FE}.Debug|x86.Build.0 = Debug|Win32
		{2E203887-F516-4C39-A8F9-5951B35A96FE}.Release|Any CPU.ActiveCfg = Release|Win32
		{2E203887-F516-4C39-A8F9-5951B35A96FE}.Release|x64.ActiveCfg = Release|x64
		{2E203887-F516-4C39-A8F9-5951B35A96FE}.Release|x64.Build.0 = Release|x64
		{2E203887-F516-4C39-A8F9-5951B35A96FE}.Release|x86.ActiveCfg = Release|Win32
		{2E203887-F516-4C39-A8F9-5951B35A96FE}.Release|x86.Build.0 = Release|Win32
		{0C765D76-7953-47F5-A0FA-50B06A94C0BB}.Debug|Any CPU.ActiveCfg = Debug|Win32
		{0C765D76-7953-47F5-A0FA-50B06A94C0BB}.Debug|x64.ActiveCfg = Debug|x64
		{0C765D76-7953-47F5-A0FA-50B06A94C0BB}.Debug|x64.Build.0 = Debug|x64
		{0C765D76-7953-47F5-A0FA-50B06A94C0BB}.Debug|x86.ActiveCfg = Debug|Win32
		{0C765D76-7953-47F5-A0FA-50B06A94C0BB}.Debug|x86.Build.0 = Debug|Win32
		{0C765D76-7953-47F5-A0FA-50B06A94C0BB}.Release|Any CPU.ActiveCfg = Release|Win32
		{0C765D76-7953-47F5-A0FA-50B06A94C0BB}.Release|x64.ActiveCfg = Release|x64
		{0C765D76-7953-47F5-A0FA-50B06A94C0BB}.Release|x64.Build.0 = Release|x64
		{0C765D76-7953-47F5-A0FA-50B06A94C0BB}.Release|x86.ActiveCfg = Release|Win32
		{0C765D76-7953-47F5-A0FA-50B06A94C0BB}.Release|x86.Build.0 = Release|Win32
		{99536E05-C2C7-4AE2-AB0F-1591F0E652A9}.Debug|Any CPU.ActiveCfg = Debug|Win32
		{99536E05-C2C7-4AE2-AB0F-1591F0E652A9}.Debug|x64.ActiveCfg = Debug|x64
		{99536E05-C2C7-4AE2-AB0F-1591F0E652A9}.Debug|x64.Build.0 = Debug|x64
		{99536E05-C2C7-4AE2-AB0F-1591F0E652A9}.Debug|x86.ActiveCfg = Debug|Win32
		{99536E05-C2C7-4AE2-AB0F-1591F0E652A9}.Debug|x86.Build.0 = Debug|Win32
		{99536E05-C2C7-4AE2-AB0F-1591F0E652A9}.Release|Any CPU.ActiveCfg = Release|Win32
		{99536E05-C2C7-4AE2-AB0F-1591F0E652A9}.Release|x64.ActiveCfg = Release|x64
		{99536E05-C2C7-4AE2-AB0F-1591F0E652A9}.Release|x64.Build.0 = Release|x64
		{99536E05-C2C7-4AE2-AB0F-1591F0E652A9}.Release|x86.ActiveCfg = Release|Win32
		{99536E05-C2C7-4AE2-AB0F-1591F0E652A9}.Release|x86.Build.0 = Release|Win32
		{9145C062-36FD-4C81-A03F-9A8C1C3DDA4F}.Debug|Any CPU.ActiveCfg = Debug|Win32
		{9145C062-36FD-4C81-A03F-9A8C1C3DDA4F}.Debug|x64.ActiveCfg = Debug|x64
		{9145C062-36FD-4C81-A03F-9A8C1C3DDA4F}.Debug|x64.Build.0 = Debug|x64
		{9145C062-36FD-4C81-A03F-9A8C1C3DDA4F}.Debug|x86.ActiveCfg = Debug|Win32
		{9145C062-36FD-4C81-A03F-9A8C1C3DDA4F}.Debug|x86.Build.0 = Debug|Win32
		{9145C062-36FD-4C81-A03F-9A8C1C3DDA4F}.Release|Any CPU.ActiveCfg = Release|Win32
		{9145C062-36FD-4C81-A03F-9A8C1C3DDA4F}.Release|x64.ActiveCfg = Release|x64
		{9145C062-36FD-4C81-A03F-9A8C1C3DDA4F}.Release|x64.Build.0 = Release|x64
		{9145C062-36FD-4C81-A03F-9A8C1C3DDA4F}.Release|x86.ActiveCfg = Release|Win32
		{9145C062-36FD-4C81-A03F-9A8C1C3DDA4F}.Release|x86.Build.0 = Release|Win32
		{EAD79E84-0531-47B8-B021-2C3FC8CCD313}.Debug|Any CPU.ActiveCfg = Debug|Win32
		{EAD79E84-0531-47B8-B021-2C3FC8CCD313}.Debug|x64.ActiveCfg = Debug|x64
		{EAD79E84-0531-47B8-B021-2C3FC8CCD313}.Debug|x64.Build.0 = Debug|x64
		{EAD79E84-0531-47B8-B021-2C3FC8CCD313}.Debug|x86.ActiveCfg = Debug|Win32
		{EAD79E84-0531-47B8-B021-2C3FC8CCD313}.Debug|x86.Build.0 = Debug|Win32
		{EAD79E84-0531-47B8-B021-2C3FC8CCD313}.Release|Any CPU.ActiveCfg = Release|Win32
		{EAD79E84-0531-47B8-B021-2C3FC8CCD313}.Release|x64.ActiveCfg = Release|x64
		{EAD79E84-0531-47B8-B021-2C3FC8CCD313}.Release|x64.Build.0 = Release|x64
		{EAD79E84-0531-47B8-B021-2C3FC8CCD313}.Release|x86.ActiveCfg = Release|Win32
		{EAD79E84-0531-47B8-B021-2C3FC8CCD313}.Release|x86.Build.0 = Release|Win32
		{036B4261-D0E4-48E9-A847-3982D96F1E0A}.Debug|Any CPU.ActiveCfg = Debug|Win32
		{036B4261-D0E4-48E9-A847-3982D96F1E0A}.Debug|x64.ActiveCfg = Debug|x64
		{036B4261-D0E4-48E9-A847-3982D96F1E0A}.Debug|x64.Build.0 = Debug|x64
		{036B4261-D0E4-48E9-A847-3982D96F1E0A}.Debug|x86.ActiveCfg = Debug|Win32
		{036B4261-D0E4-48E9-A847-3982D96F1E0A}.Debug|x86.Build.0 = Debug|Win32
		{036B4261-D0E4-48E9-A847-3982D96F1E0A}.Release|Any CPU.ActiveCfg = Release|Win32
		{036B4261-D0E4-48E9-A847-3982D96F1E0A}.Release|x64.ActiveCfg = Release|x64
		{036B4261-D0E4-48E9-A847-3982D96F1E0A}.Release|x64.Build.0 = Release|x64
		{036B4261-D0E4-48E9-A847-3982D96F1E0A}.Release|x86.ActiveCfg = Release|Win32
		{036B4261-D0E4-48E9-A847-3982D96F1E0A}.Release|x86.Build.0 = Release|Win32
		{46CA24D6-1588-4382-A9AC-C7BBA3731280}.Debug|Any CPU.ActiveCfg = Debug|Win32
		{46CA24D6-1588-4382-A9AC-C7BBA3731280}.Debug|x64.ActiveCfg = Debug|x64
		{46CA24D6-1588-4382-A9AC-C7BBA3731280}.Debug|x64.Build.0 = Debug|x64
		{46CA24D6-1588-4382-A9AC-C7BBA3731280}.Debug|x86.ActiveCfg = Debug|Win32
		{46CA24D6-1588-4382-A9AC-C7BBA3731280}.Debug|x86.Build.0 = Debug|Win32
		{46CA24D6-1588-4382-A9AC-C7BBA3731280}.Release|Any CPU.ActiveCfg = Release|Win32
		{46CA24D6-1588-4382-A9AC-C7BBA3731280}.Release|x64.ActiveCfg = Release|x64
		{46CA24D6-1588-4382-A9AC-C7BBA3731280}.Release|x64.Build.0 = Release|x64
		{46CA24D6-1588-4382-A9AC-C7BBA3731280}.Release|x86.ActiveCfg = Release|Win32
		{46CA24D6-1588-4382-A9AC-C7BBA3731280}.Release|x86.Build.0 = Release|Win32
		{1ECC697B-2F7C-4BB0-AB92-F572AA2742BE}.Debug|Any CPU.ActiveCfg = Debug|Win32
		{1ECC697B-2F7C-4BB0-AB92-F572AA2742BE}.Debug|x64.ActiveCfg = Debug|x64
		{1ECC697B-2F7C-4BB0-AB92-F572AA2742BE}.Debug|x64.Build.0 = Debug|x64
		{1ECC697B-2F7C-4BB0-AB92-F572AA2742BE}.Debug|x86.ActiveCfg = Debug|Win32
		{1ECC697B-2F7C-4BB0-AB92-F572AA2742BE}.Debug|x86.Build.0 = Debug|Win32
		{1ECC697B-2F7C-4BB0-AB92-F572AA2742BE}.Release|Any CPU.ActiveCfg = Release|Win32
		{1ECC697B-2F7C-4BB0-AB92-F572AA2742BE}.Release|x64.ActiveCfg = Release|x64
		{1ECC697B-2F7C-4BB0-AB92-F572AA2742BE}.Release|x64.Build.0 = Release|x64
		{1ECC697B-2F7C-4BB0-AB92-F572AA2742BE}.Release|x86.ActiveCfg = Release|Win32
		{1ECC697B-2F7C-4BB0-AB92-F572AA2742BE}.Release|x86.Build.0 = Release|Win32
		{22A1C574-7948-4B7E-9003-6A693897A83C}.Debug|Any CPU.ActiveCfg = Debug|Win32
		{22A1C574-7948-4B7E-9003-6A693897A83C}.Debug|x64.ActiveCfg = Debug|x64
		{22A1C574-7948-4B7E-9003-6A693897A83C}.Debug|x64.Build.0 = Debug|x64
		{22A1C574-7948-4B7E-9003-6A693897A83C}.Debug|x86.ActiveCfg = Debug|Win32
		{22A1C574-7948-4B7E-9003-6A693897A83C}.Debug|x86.Build.0 = Debug|Win32
		{22A1C574-7948-4B7E-9003-6A693897A83C}.Release|Any CPU.ActiveCfg = Release|Win32
		{22A1C574-7948-4B7E-9003-6A693897A83C}.Release|x64.ActiveCfg = Release|x64
		{22A1C574-7948-4B7E-9003-6A693897A83C}.Release|x64.Build.0 = Release|x64
		{22A1C574-7948-4B7E-9003-6A693897A83C}.Release|x86.ActiveCfg = Release|Win32
		{22A1C574-7948-4B7E-9003-6A693897A83C}.Release|x86.Build.0 = Release|Win32
		{117ACA7C-67FF-44DC-BB9D-FE77489CE5EC}.Debug|Any CPU.ActiveCfg = Debug|Win32
		{117ACA7C-67FF-44DC-BB9D-FE77489CE5EC}.Debug|x64.ActiveCfg = Debug|x64
		{117ACA7C-67FF-44DC-BB9D-FE77489CE5EC}.Debug|x64.Build.0 = Debug|x64
		{117ACA7C-67FF-44DC-BB9D-FE77489CE5EC}.Debug|x86.ActiveCfg = Debug|Win32
		{117ACA7C-67FF-44DC-BB9D-FE77489CE5EC}.Debug|x86.Build.0 = Debug|Win32
		{117ACA7C-67FF-44DC-BB9D-FE77489CE5EC}.Release|Any CPU.ActiveCfg = Release|Win32
		{117ACA7C-67FF-44DC-BB9D-FE77489CE5EC}.Release|x64.ActiveCfg = Release|x64
		{117ACA7C-67FF-44DC-BB9D-FE77489CE5EC}.Release|x64.Build.0 = Release|x64
		{117ACA7C-67FF-44DC-BB9D-FE77489CE5EC}.Release|x86.ActiveCfg = Release|Win32
		{117ACA7C-67FF-44DC-BB9D-FE77489CE5EC}.Release|x86.Build.0 = Release|Win32
		{011F32B3-3C32-4720-A801-5D76E380E2E2}.Debug|Any CPU.ActiveCfg = Debug|Win32
		{011F32B3-3C32-4720-A801-5D76E380E2E2}.Debug|x64.ActiveCfg = Debug|x64
		{011F32B3-3C32-4720-A801-5D76E380E2E2}.Debug|x64.Build.0 = Debug|x64
		{011F32B3-3C32-4720-A801-5D76E380E2E2}.Debug|x86.ActiveCfg = Debug|Win32
		{011F32B3-3C32-4720-A801-5D76E380E2E2}.Debug|x86.Build.0 = Debug|Win32
		{011F32B3-3C32-4720-A801-5D76E380E2E2}.Release|Any CPU.ActiveCfg = Release|Win32
		{011F32B3-3C32-4720-A801-5D76E380E2E2}.Release|x64.ActiveCfg = Release|x64
		{011F32B3-3C32-4720-A801-5D76E380E2E2}.Release|x64.Build.0 = Release|x64
		{011F32B3-3C32-4720-A801-5D76E380E2E2}.Release|x86.ActiveCfg = Release|Win32
		{011F32B3-3C32-4720-A801-5D76E380E2E2}.Release|x86.Build.0 = Release|Win32
		{26589C35-F0F1-4B8D-8622-64DE14E9CBD0}.Debug|Any CPU.ActiveCfg = Debug|Win32
		{26589C35-F0F1-4B8D-8622-64DE14E9CBD0}.Debug|x64.ActiveCfg = Debug|x64
		{26589C35-F0F1-4B8D-8622-64DE14E9CBD0}.Debug|x64.Build.0 = Debug|x64
		{26589C35-F0F1-4B8D-8622-64DE14E9CBD0}.Debug|x86.ActiveCfg = Debug|Win32
		{26589C35-F0F1-4B8D-8622-64DE14E9CBD0}.Debug|x86.Build.0 = Debug|Win32
		{26589C35-F0F1-4B8D-8622-64DE14E9CBD0}.Release|Any CPU.ActiveCfg = Release|Win32
		{26589C35-F0F1-4B8D-8622-64DE14E9CBD0}.Release|x64.ActiveCfg = Release|x64
		{26589C35-F0F1-4B8D-8622-64DE14E9CBD0}.Release|x64.Build.0 = Release|x64
		{26589C35-F0F1-4B8D-8622-64DE14E9CBD0}.Release|x86.ActiveCfg = Release|Win32
		{26589C35-F0F1-4B8D-8622-64DE14E9CBD0}.Release|x86.Build.0 = Release|Win32
		{C3384A0D-85CB-4DC7-A4A0-A714E3FDD37A}.Debug|Any CPU.ActiveCfg = Debug|Win32
		{C3384A0D-85CB-4DC7-A4A0-A714E3FDD37A}.Debug|x64.ActiveCfg = Debug|x64
		{C3384A0D-85CB-4DC7-A4A0-A714E3FDD37A}.Debug|x64.Build.0 = Debug|x64
		{C3384A0D-85CB-4DC7-A4A0-A714E3FDD37A}.Debug|x86.ActiveCfg = Debug|Win32
		{C3384A0D-85CB-4DC7-A4A0-A714E3FDD37A}.Debug|x86.Build.0 = Debug|Win32
		{C3384A0D-85CB-4DC7-A4A0-A714E3FDD37A}.Release|Any CPU.ActiveCfg = Release|Win32
		{C3384A0D-85CB-4DC7-A4A0-A714E3FDD37A}.Release|x64.ActiveCfg = Release|x64
		{C3384A0D-85CB-4DC7-A4A0-A714E3FDD37A}.Release|x64.Build.0 = Release|x64
		{C3384A0D-85CB-4DC7-A4A0-A714E3FDD37A}.Release|x86.ActiveCfg = Release|Win32
		{C3384A0D-85CB-4DC7-A4A0-A714E3FDD37A}.Release|x86.Build.0 = Release|Win32
		{CE3F5170-03FB-4CF4-A7EC-48E09C3CDC52}.Debug|Any CPU.ActiveCfg = Debug|Win32
		{CE3F5170-03FB-4CF4-A7EC-48E09C3CDC52}.Debug|x64.ActiveCfg = Debug|x64
		{CE3F5170-03FB-4CF4-A7EC-48E09C3CDC52}.Debug|x64.Build.0 = Debug|x64
		{CE3F5170-03FB-4CF4-A7EC-48E09C3CDC52}.Debug|x86.ActiveCfg = Debug|Win32
		{CE3F5170-03FB-4CF4-A7EC-48E09C3CDC52}.Debug|x86.Build.0 = Debug|Win32
		{CE3F5170-03FB-4CF4-A7EC-48E09C3CDC52}.Release|Any CPU.ActiveCfg = Release|Win32
		{CE3F5170-03FB-4CF4-A7EC-48E09C3CDC52}.Release|x64.ActiveCfg = Release|x64
		{CE3F5170-03FB-4CF4-A7EC-48E09C3CDC52}.Release|x64.Build.0 = Release|x64
		{CE3F5170-03FB-4CF4-A7EC-48E09C3CDC52}.Release|x86.ActiveCfg = Release|Win32
		{CE3F5170-03FB-4CF4-A7EC-48E09C3CDC52}.Release|x86.Build.0 = Release|Win32
		{F0175C11-95C9-4CB9-8841-25CDF7B43894}.Debug|Any CPU.ActiveCfg = Debug|Win32
		{F0175C11-95C9-4CB9-8841-25CDF7B43894}.Debug|x64.ActiveCfg = Debug|x64
		{F0175C11-95C9-4CB9-8841-25CDF7B43894}.Debug|x64.Build.0 = Debug|x64
		{F0175C11-95C9-4CB9-8841-25CDF7B43894}.Debug|x86.ActiveCfg = Debug|Win32
		{F0175C11-95C9-4CB9-8841-25CDF7B43894}.Debug|x86.Build.0 = Debug|Win32
		{F0175C11-95C9-4CB9-8841-25CDF7B43894}.Release|Any CPU.ActiveCfg = Release|Win32
		{F0175C11-95C9-4CB9-8841-25CDF7B43894}.Release|x64.ActiveCfg = Release|x64
		{F0175C11-95C9-4CB9-8841-25CDF7B43894}.Release|x64.Build.0 = Release|x64
		{F0175C11-95C9-4CB9-8841-25CDF7B43894}.Release|x86.ActiveCfg = Release|Win32
		{F0175C11-95C9-4CB9-8841-25CDF7B43894}.Release|x86.Build.0 = Release|Win32
		{B5FD466B-A4E5-4304-A970-49D73CAAAF50}.Debug|Any CPU.ActiveCfg = Debug|Win32
		{B5FD466B-A4E5-4304-A970-49D73CAAAF50}.Debug|x64.ActiveCfg = Debug|x64
		{B5FD466B-A4E5-4304-A970-49D73CAAAF50}.Debug|x64.Build.0 = Debug|x64
		{B5FD466B-A4E5-4304-A970-49D73CAAAF50}.Debug|x86.ActiveCfg = Debug|Win32
		{B5FD466B-A4E5-4304-A970-49D73CAAAF50}.Debug|x86.Build.0 = Debug|Win32
		{B5FD466B-A4E5-4304-A970-49D73CAAAF50}.Release|Any CPU.ActiveCfg = Release|Win32
		{B5FD466B-A4E5-4304-A970-49D73CAAAF50}.Release|x64.ActiveCfg = Release|x64
		{B5FD466B-A4E5-4304-A970-49D73CAAAF50}.Release|x64.Build.0 = Release|x64
		{B5FD466B-A4E5-4304-A970-49D73CAAAF50}.Release|x86.ActiveCfg = Release|Win32
		{B5FD466B-A4E5-4304-A970-49D73CAAAF50}.Release|x86.Build.0 = Release|Win32
		{9E0A4B08-695F-4507-AE95-7A888570E027}.Debug|Any CPU.ActiveCfg = Debug|Win32
		{9E0A4B08-695F-4507-AE95-7A888570E027}.Debug|x64.ActiveCfg = Debug|x64
		{9E0A4B08-695F-4507-AE95-7A888570E027}.Debug|x64.Build.0 = Debug|x64
		{9E0A4B08-695F-4507-AE95-7A888570E027}.Debug|x86.ActiveCfg = Debug|Win32
		{9E0A4B08-695F-4507-AE95-7A888570E027}.Debug|x86.Build.0 = Debug|Win32
		{9E0A4B08-695F-4507-AE95-7A888570E027}.Release|Any CPU.ActiveCfg = Release|Win32
		{9E0A4B08-695F-4507-AE95-7A888570E027}.Release|x64.ActiveCfg = Release|x64
		{9E0A4B08-695F-4507-AE95-7A888570E027}.Release|x64.Build.0 = Release|x64
		{9E0A4B08-695F-4507-AE95-7A888570E027}.Release|x86.ActiveCfg = Release|Win32
		{9E0A4B08-695F-4507-AE95-7A888570E027}.Release|x86.Build.0 = Release|Win32
		{815A822C-BB09-4C5D-9CC6-2F430950BDB2}.Debug|Any CPU.ActiveCfg = Debug|Win32
		{815A822C-BB09-4C5D-9CC6-2F430950BDB2}.Debug|x64.ActiveCfg = Debug|x64
		{815A822C-BB09-4C5D-9CC6-2F430950BDB2}.Debug|x64.Build.0 = Debug|x64
		{815A822C-BB09-4C5D-9CC6-2F430950BDB2}.Debug|x86.ActiveCfg = Debug|Win32
		{815A822C-BB09-4C5D-9CC6-2F430950BDB2}.Debug|x86.Build.0 = Debug|Win32
		{815A822C-BB09-4C5D-9CC6-2F430950BDB2}.Release|Any CPU.ActiveCfg = Release|Win32
		{815A822C-BB09-4C5D-9CC6-2F430950BDB2}.Release|x64.ActiveCfg = Release|x64
		{815A822C-BB09-4C5D-9CC6-2F430950BDB2}.Release|x64.Build.0 = Release|x64
		{815A822C-BB09-4C5D-9CC6-2F430950BDB2}.Release|x86.ActiveCfg = Release|Win32
		{815A822C-BB09-4C5D-9CC6-2F430950BDB2}.Release|x86.Build.0 = Release|Win32
		{AAE03573-3773-4746-9DBB-C8A011CDD383}.Debug|Any CPU.ActiveCfg = Debug|Win32
		{AAE03573-3773-4746-9DBB-C8A011CDD383}.Debug|x64.ActiveCfg = Debug|x64
		{AAE03573-3773-4746-9DBB-C8A011CDD383}.Debug|x64.Build.0 = Debug|x64
		{AAE03573-3773-4746-9DBB-C8A011CDD383}.Debug|x86.ActiveCfg = Debug|Win32
		{AAE03573-3773-4746-9DBB-C8A011CDD383}.Debug|x86.Build.0 = Debug|Win32
		{AAE03573-3773-4746-9DBB-C8A011CDD383}.Release|Any CPU.ActiveCfg = Release|Win32
		{AAE03573-3773-4746-9DBB-C8A011CDD383}.Release|x64.ActiveCfg = Release|x64
		{AAE03573-3773-4746-9DBB-C8A011CDD383}.Release|x64.Build.0 = Release|x64
		{AAE03573-3773-4746-9DBB-C8A011CDD383}.Release|x86.ActiveCfg = Release|Win32
		{AAE03573-3773-4746-9DBB-C8A011CDD383}.Release|x86.Build.0 = Release|Win32
		{B9FD2FCD-2B3D-42FA-A574-5F8AA0093391}.Debug|Any CPU.ActiveCfg = Debug|Win32
		{B9FD2FCD-2B3D-42FA-A574-5F8AA0093391}.Debug|x64.ActiveCfg = Debug|x64
		{B9FD2FCD-2B3D-42FA-A574-5F8AA0093391}.Debug|x64.Build.0 = Debug|x64
		{B9FD2FCD-2B3D-42FA-A574-5F8AA0093391}.Debug|x86.ActiveCfg = Debug|Win32
		{B9FD2FCD-2B3D-42FA-A574-5F8AA0093391}.Debug|x86.Build.0 = Debug|Win32
		{B9FD2FCD-2B3D-42FA-A574-5F8AA0093391}.Release|Any CPU.ActiveCfg = Release|Win32
		{B9FD2FCD-2B3D-42FA-A574-5F8AA0093391}.Release|x64.ActiveCfg = Release|x64
		{B9FD2FCD-2B3D-42FA-A574-5F8AA0093391}.Release|x64.Build.0 = Release|x64
		{B9FD2FCD-2B3D-42FA-A574-5F8AA0093391}.Release|x86.ActiveCfg = Release|Win32
		{B9FD2FCD-2B3D-42FA-A574-5F8AA0093391}.Release|x86.Build.0 = Release|Win32
	EndGlobalSection
	GlobalSection(SolutionProperties) = preSolution
		HideSolutionNode = FALSE
	EndGlobalSection
	GlobalSection(ExtensibilityGlobals) = postSolution
		SolutionGuid = {A6069C28-46D8-46AF-8516-0800873E2FBA}
	EndGlobalSection
EndGlobal
