
Microsoft Visual Studio Solution File, Format Version 12.00
# Visual Studio 14
VisualStudioVersion = 14.0.24720.0
MinimumVisualStudioVersion = 10.0.40219.1
Project("{8BC9CEB8-8B4A-11D0-8D11-00A0C91BC942}") = "Day12", "Day12\Day12.vcxproj", "{97FA2EBC-2C1A-4760-BB2F-67AE9C2766B2}"
EndProject
Global
	GlobalSection(SolutionConfigurationPlatforms) = preSolution
		Debug|x64 = Debug|x64
		Debug|x86 = Debug|x86
		Release|x64 = Release|x64
		Release|x86 = Release|x86
	EndGlobalSection
	GlobalSection(ProjectConfigurationPlatforms) = postSolution
		{97FA2EBC-2C1A-4760-BB2F-67AE9C2766B2}.Debug|x64.ActiveCfg = Debug|x64
		{97FA2EBC-2C1A-4760-BB2F-67AE9C2766B2}.Debug|x64.Build.0 = Debug|x64
		{97FA2EBC-2C1A-4760-BB2F-67AE9C2766B2}.Debug|x86.ActiveCfg = Debug|Win32
		{97FA2EBC-2C1A-4760-BB2F-67AE9C2766B2}.Debug|x86.Build.0 = Debug|Win32
		{97FA2EBC-2C1A-4760-BB2F-67AE9C2766B2}.Release|x64.ActiveCfg = Release|x64
		{97FA2EBC-2C1A-4760-BB2F-67AE9C2766B2}.Release|x64.Build.0 = Release|x64
		{97FA2EBC-2C1A-4760-BB2F-67AE9C2766B2}.Release|x86.ActiveCfg = Release|Win32
		{97FA2EBC-2C1A-4760-BB2F-67AE9C2766B2}.Release|x86.Build.0 = Release|Win32
	EndGlobalSection
	GlobalSection(SolutionProperties) = preSolution
		HideSolutionNode = FALSE
	EndGlobalSection
EndGlobal
