
Microsoft Visual Studio Solution File, Format Version 12.00
# Visual Studio Version 17
VisualStudioVersion = 17.7.34302.85
MinimumVisualStudioVersion = 10.0.40219.1
Project("{8BC9CEB8-8B4A-11D0-8D11-00A0C91BC942}") = "Day01", "Day01\Day01.vcxproj", "{804E17E5-F46D-4D0B-95FD-F531C5E521C3}"
EndProject
Project("{8BC9CEB8-8B4A-11D0-8D11-00A0C91BC942}") = "Day02", "Day02\Day02.vcxproj", "{2FB48A23-2158-4582-846D-5688B39B5940}"
EndProject
Project("{8BC9CEB8-8B4A-11D0-8D11-00A0C91BC942}") = "Day03", "Day03\Day03.vcxproj", "{D60A0297-37EA-4895-ADE4-D789C4ADBA47}"
EndProject
Project("{8BC9CEB8-8B4A-11D0-8D11-00A0C91BC942}") = "Day04", "Day04\Day04.vcxproj", "{75FF7234-6329-43F9-A5BD-0A0004F6BA98}"
EndProject
Project("{8BC9CEB8-8B4A-11D0-8D11-00A0C91BC942}") = "Day06", "Day06\Day06.vcxproj", "{1363611F-6522-48C4-8820-BCFF5F936F50}"
EndProject
Project("{8BC9CEB8-8B4A-11D0-8D11-00A0C91BC942}") = "Day07", "Day07\Day07.vcxproj", "{03C8FCF5-5D99-4E14-89E4-502E0B613698}"
EndProject
Project("{8BC9CEB8-8B4A-11D0-8D11-00A0C91BC942}") = "Day05", "Day05\Day05.vcxproj", "{CB85F843-B4B0-4C5E-AA29-9C52EA71B041}"
EndProject
Project("{8BC9CEB8-8B4A-11D0-8D11-00A0C91BC942}") = "Day08", "Day08\Day08.vcxproj", "{A87EDEBD-4823-42A5-B5C8-D9A1557AB5B0}"
EndProject
Project("{8BC9CEB8-8B4A-11D0-8D11-00A0C91BC942}") = "Day09", "Day09\Day09.vcxproj", "{F06C8CC5-2F66-4448-88B1-38DA46890B8F}"
EndProject
Project("{8BC9CEB8-8B4A-11D0-8D11-00A0C91BC942}") = "Day10", "Day10\Day10.vcxproj", "{5A37305E-2CF7-4C80-8B8C-70480C7A08E8}"
EndProject
Project("{8BC9CEB8-8B4A-11D0-8D11-00A0C91BC942}") = "Day11", "Day11\Day11.vcxproj", "{6157D6F0-1AC4-4226-AC25-92E9B24114B8}"
EndProject
Project("{8BC9CEB8-8B4A-11D0-8D11-00A0C91BC942}") = "Day12", "Day12\Day12.vcxproj", "{52E46300-7BC9-4C16-8050-84CA594A9201}"
EndProject
Project("{8BC9CEB8-8B4A-11D0-8D11-00A0C91BC942}") = "Day13", "Day13\Day13.vcxproj", "{006C86C4-ACF4-483D-A24E-2B966D929594}"
EndProject
Project("{8BC9CEB8-8B4A-11D0-8D11-00A0C91BC942}") = "Day14", "Day14\Day14.vcxproj", "{BF9B4D52-BF89-4890-8B05-F47A03110969}"
EndProject
Project("{8BC9CEB8-8B4A-11D0-8D11-00A0C91BC942}") = "Day15", "Day15\Day15.vcxproj", "{6C2438CE-59EB-44E5-BCA3-8D96B35AFC73}"
EndProject
Project("{8BC9CEB8-8B4A-11D0-8D11-00A0C91BC942}") = "Day16", "Day16\Day16.vcxproj", "{7B0DC480-5755-47EA-88AC-CD571E740E41}"
EndProject
Project("{8BC9CEB8-8B4A-11D0-8D11-00A0C91BC942}") = "Day18", "Day18\Day18.vcxproj", "{1BC8E81B-7E3B-4249-9C25-5CE0D09FB724}"
EndProject
Project("{8BC9CEB8-8B4A-11D0-8D11-00A0C91BC942}") = "Day17", "Day17\Day17.vcxproj", "{62F06199-625B-4F2B-BBA2-B2D99A46FF12}"
EndProject
Project("{8BC9CEB8-8B4A-11D0-8D11-00A0C91BC942}") = "Day19", "Day19\Day19.vcxproj", "{5A078C8E-759C-421D-B8BF-76AD0926744C}"
EndProject
Project("{8BC9CEB8-8B4A-11D0-8D11-00A0C91BC942}") = "Day20", "Day20\Day20.vcxproj", "{BED2154B-3007-49F4-8AF4-B1DFE715D026}"
EndProject
Project("{8BC9CEB8-8B4A-11D0-8D11-00A0C91BC942}") = "Day21", "Day21\Day21.vcxproj", "{9465475F-E306-4842-B27B-3DAB608D7301}"
EndProject
Project("{8BC9CEB8-8B4A-11D0-8D11-00A0C91BC942}") = "Day22", "Day22\Day22.vcxproj", "{A6078985-8B64-4DC8-BD87-2DA92CC9C6AD}"
EndProject
Project("{8BC9CEB8-8B4A-11D0-8D11-00A0C91BC942}") = "Day23", "Day23\Day23.vcxproj", "{42E27122-B14E-438F-9F83-1D09F13C2DBE}"
EndProject
Project("{8BC9CEB8-8B4A-11D0-8D11-00A0C91BC942}") = "Day24", "Day24\Day24.vcxproj", "{F80E60B7-EBB3-4718-95C2-9EE95773A4F6}"
EndProject
Project("{8BC9CEB8-8B4A-11D0-8D11-00A0C91BC942}") = "Day25", "Day25\Day25.vcxproj", "{ECBC14A6-9A00-4122-B74F-E6DC687433AB}"
EndProject
Global
	GlobalSection(SolutionConfigurationPlatforms) = preSolution
		Debug|Any CPU = Debug|Any CPU
		Debug|x64 = Debug|x64
		Debug|x86 = Debug|x86
		Release|Any CPU = Release|Any CPU
		Release|x64 = Release|x64
		Release|x86 = Release|x86
	EndGlobalSection
	GlobalSection(ProjectConfigurationPlatforms) = postSolution
		{804E17E5-F46D-4D0B-95FD-F531C5E521C3}.Debug|Any CPU.ActiveCfg = Debug|x64
		{804E17E5-F46D-4D0B-95FD-F531C5E521C3}.Debug|Any CPU.Build.0 = Debug|x64
		{804E17E5-F46D-4D0B-95FD-F531C5E521C3}.Debug|x64.ActiveCfg = Debug|x64
		{804E17E5-F46D-4D0B-95FD-F531C5E521C3}.Debug|x64.Build.0 = Debug|x64
		{804E17E5-F46D-4D0B-95FD-F531C5E521C3}.Debug|x86.ActiveCfg = Debug|Win32
		{804E17E5-F46D-4D0B-95FD-F531C5E521C3}.Debug|x86.Build.0 = Debug|Win32
		{804E17E5-F46D-4D0B-95FD-F531C5E521C3}.Release|Any CPU.ActiveCfg = Release|x64
		{804E17E5-F46D-4D0B-95FD-F531C5E521C3}.Release|Any CPU.Build.0 = Release|x64
		{804E17E5-F46D-4D0B-95FD-F531C5E521C3}.Release|x64.ActiveCfg = Release|x64
		{804E17E5-F46D-4D0B-95FD-F531C5E521C3}.Release|x64.Build.0 = Release|x64
		{804E17E5-F46D-4D0B-95FD-F531C5E521C3}.Release|x86.ActiveCfg = Release|Win32
		{804E17E5-F46D-4D0B-95FD-F531C5E521C3}.Release|x86.Build.0 = Release|Win32
		{2FB48A23-2158-4582-846D-5688B39B5940}.Debug|Any CPU.ActiveCfg = Debug|x64
		{2FB48A23-2158-4582-846D-5688B39B5940}.Debug|Any CPU.Build.0 = Debug|x64
		{2FB48A23-2158-4582-846D-5688B39B5940}.Debug|x64.ActiveCfg = Debug|x64
		{2FB48A23-2158-4582-846D-5688B39B5940}.Debug|x64.Build.0 = Debug|x64
		{2FB48A23-2158-4582-846D-5688B39B5940}.Debug|x86.ActiveCfg = Debug|Win32
		{2FB48A23-2158-4582-846D-5688B39B5940}.Debug|x86.Build.0 = Debug|Win32
		{2FB48A23-2158-4582-846D-5688B39B5940}.Release|Any CPU.ActiveCfg = Release|x64
		{2FB48A23-2158-4582-846D-5688B39B5940}.Release|Any CPU.Build.0 = Release|x64
		{2FB48A23-2158-4582-846D-5688B39B5940}.Release|x64.ActiveCfg = Release|x64
		{2FB48A23-2158-4582-846D-5688B39B5940}.Release|x64.Build.0 = Release|x64
		{2FB48A23-2158-4582-846D-5688B39B5940}.Release|x86.ActiveCfg = Release|Win32
		{2FB48A23-2158-4582-846D-5688B39B5940}.Release|x86.Build.0 = Release|Win32
		{D60A0297-37EA-4895-ADE4-D789C4ADBA47}.Debug|Any CPU.ActiveCfg = Debug|x64
		{D60A0297-37EA-4895-ADE4-D789C4ADBA47}.Debug|Any CPU.Build.0 = Debug|x64
		{D60A0297-37EA-4895-ADE4-D789C4ADBA47}.Debug|x64.ActiveCfg = Debug|x64
		{D60A0297-37EA-4895-ADE4-D789C4ADBA47}.Debug|x64.Build.0 = Debug|x64
		{D60A0297-37EA-4895-ADE4-D789C4ADBA47}.Debug|x86.ActiveCfg = Debug|Win32
		{D60A0297-37EA-4895-ADE4-D789C4ADBA47}.Debug|x86.Build.0 = Debug|Win32
		{D60A0297-37EA-4895-ADE4-D789C4ADBA47}.Release|Any CPU.ActiveCfg = Release|x64
		{D60A0297-37EA-4895-ADE4-D789C4ADBA47}.Release|Any CPU.Build.0 = Release|x64
		{D60A0297-37EA-4895-ADE4-D789C4ADBA47}.Release|x64.ActiveCfg = Release|x64
		{D60A0297-37EA-4895-ADE4-D789C4ADBA47}.Release|x64.Build.0 = Release|x64
		{D60A0297-37EA-4895-ADE4-D789C4ADBA47}.Release|x86.ActiveCfg = Release|Win32
		{D60A0297-37EA-4895-ADE4-D789C4ADBA47}.Release|x86.Build.0 = Release|Win32
		{75FF7234-6329-43F9-A5BD-0A0004F6BA98}.Debug|Any CPU.ActiveCfg = Debug|x64
		{75FF7234-6329-43F9-A5BD-0A0004F6BA98}.Debug|Any CPU.Build.0 = Debug|x64
		{75FF7234-6329-43F9-A5BD-0A0004F6BA98}.Debug|x64.ActiveCfg = Debug|x64
		{75FF7234-6329-43F9-A5BD-0A0004F6BA98}.Debug|x64.Build.0 = Debug|x64
		{75FF7234-6329-43F9-A5BD-0A0004F6BA98}.Debug|x86.ActiveCfg = Debug|Win32
		{75FF7234-6329-43F9-A5BD-0A0004F6BA98}.Debug|x86.Build.0 = Debug|Win32
		{75FF7234-6329-43F9-A5BD-0A0004F6BA98}.Release|Any CPU.ActiveCfg = Release|x64
		{75FF7234-6329-43F9-A5BD-0A0004F6BA98}.Release|Any CPU.Build.0 = Release|x64
		{75FF7234-6329-43F9-A5BD-0A0004F6BA98}.Release|x64.ActiveCfg = Release|x64
		{75FF7234-6329-43F9-A5BD-0A0004F6BA98}.Release|x64.Build.0 = Release|x64
		{75FF7234-6329-43F9-A5BD-0A0004F6BA98}.Release|x86.ActiveCfg = Release|Win32
		{75FF7234-6329-43F9-A5BD-0A0004F6BA98}.Release|x86.Build.0 = Release|Win32
		{1363611F-6522-48C4-8820-BCFF5F936F50}.Debug|Any CPU.ActiveCfg = Debug|x64
		{1363611F-6522-48C4-8820-BCFF5F936F50}.Debug|Any CPU.Build.0 = Debug|x64
		{1363611F-6522-48C4-8820-BCFF5F936F50}.Debug|x64.ActiveCfg = Debug|x64
		{1363611F-6522-48C4-8820-BCFF5F936F50}.Debug|x64.Build.0 = Debug|x64
		{1363611F-6522-48C4-8820-BCFF5F936F50}.Debug|x86.ActiveCfg = Debug|Win32
		{1363611F-6522-48C4-8820-BCFF5F936F50}.Debug|x86.Build.0 = Debug|Win32
		{1363611F-6522-48C4-8820-BCFF5F936F50}.Release|Any CPU.ActiveCfg = Release|x64
		{1363611F-6522-48C4-8820-BCFF5F936F50}.Release|Any CPU.Build.0 = Release|x64
		{1363611F-6522-48C4-8820-BCFF5F936F50}.Release|x64.ActiveCfg = Release|x64
		{1363611F-6522-48C4-8820-BCFF5F936F50}.Release|x64.Build.0 = Release|x64
		{1363611F-6522-48C4-8820-BCFF5F936F50}.Release|x86.ActiveCfg = Release|Win32
		{1363611F-6522-48C4-8820-BCFF5F936F50}.Release|x86.Build.0 = Release|Win32
		{03C8FCF5-5D99-4E14-89E4-502E0B613698}.Debug|Any CPU.ActiveCfg = Debug|x64
		{03C8FCF5-5D99-4E14-89E4-502E0B613698}.Debug|Any CPU.Build.0 = Debug|x64
		{03C8FCF5-5D99-4E14-89E4-502E0B613698}.Debug|x64.ActiveCfg = Debug|x64
		{03C8FCF5-5D99-4E14-89E4-502E0B613698}.Debug|x64.Build.0 = Debug|x64
		{03C8FCF5-5D99-4E14-89E4-502E0B613698}.Debug|x86.ActiveCfg = Debug|Win32
		{03C8FCF5-5D99-4E14-89E4-502E0B613698}.Debug|x86.Build.0 = Debug|Win32
		{03C8FCF5-5D99-4E14-89E4-502E0B613698}.Release|Any CPU.ActiveCfg = Release|x64
		{03C8FCF5-5D99-4E14-89E4-502E0B613698}.Release|Any CPU.Build.0 = Release|x64
		{03C8FCF5-5D99-4E14-89E4-502E0B613698}.Release|x64.ActiveCfg = Release|x64
		{03C8FCF5-5D99-4E14-89E4-502E0B613698}.Release|x64.Build.0 = Release|x64
		{03C8FCF5-5D99-4E14-89E4-502E0B613698}.Release|x86.ActiveCfg = Release|Win32
		{03C8FCF5-5D99-4E14-89E4-502E0B613698}.Release|x86.Build.0 = Release|Win32
		{CB85F843-B4B0-4C5E-AA29-9C52EA71B041}.Debug|Any CPU.ActiveCfg = Debug|x64
		{CB85F843-B4B0-4C5E-AA29-9C52EA71B041}.Debug|Any CPU.Build.0 = Debug|x64
		{CB85F843-B4B0-4C5E-AA29-9C52EA71B041}.Debug|x64.ActiveCfg = Debug|x64
		{CB85F843-B4B0-4C5E-AA29-9C52EA71B041}.Debug|x64.Build.0 = Debug|x64
		{CB85F843-B4B0-4C5E-AA29-9C52EA71B041}.Debug|x86.ActiveCfg = Debug|Win32
		{CB85F843-B4B0-4C5E-AA29-9C52EA71B041}.Debug|x86.Build.0 = Debug|Win32
		{CB85F843-B4B0-4C5E-AA29-9C52EA71B041}.Release|Any CPU.ActiveCfg = Release|x64
		{CB85F843-B4B0-4C5E-AA29-9C52EA71B041}.Release|Any CPU.Build.0 = Release|x64
		{CB85F843-B4B0-4C5E-AA29-9C52EA71B041}.Release|x64.ActiveCfg = Release|x64
		{CB85F843-B4B0-4C5E-AA29-9C52EA71B041}.Release|x64.Build.0 = Release|x64
		{CB85F843-B4B0-4C5E-AA29-9C52EA71B041}.Release|x86.ActiveCfg = Release|Win32
		{CB85F843-B4B0-4C5E-AA29-9C52EA71B041}.Release|x86.Build.0 = Release|Win32
		{A87EDEBD-4823-42A5-B5C8-D9A1557AB5B0}.Debug|Any CPU.ActiveCfg = Debug|x64
		{A87EDEBD-4823-42A5-B5C8-D9A1557AB5B0}.Debug|Any CPU.Build.0 = Debug|x64
		{A87EDEBD-4823-42A5-B5C8-D9A1557AB5B0}.Debug|x64.ActiveCfg = Debug|x64
		{A87EDEBD-4823-42A5-B5C8-D9A1557AB5B0}.Debug|x64.Build.0 = Debug|x64
		{A87EDEBD-4823-42A5-B5C8-D9A1557AB5B0}.Debug|x86.ActiveCfg = Debug|Win32
		{A87EDEBD-4823-42A5-B5C8-D9A1557AB5B0}.Debug|x86.Build.0 = Debug|Win32
		{A87EDEBD-4823-42A5-B5C8-D9A1557AB5B0}.Release|Any CPU.ActiveCfg = Release|x64
		{A87EDEBD-4823-42A5-B5C8-D9A1557AB5B0}.Release|Any CPU.Build.0 = Release|x64
		{A87EDEBD-4823-42A5-B5C8-D9A1557AB5B0}.Release|x64.ActiveCfg = Release|x64
		{A87EDEBD-4823-42A5-B5C8-D9A1557AB5B0}.Release|x64.Build.0 = Release|x64
		{A87EDEBD-4823-42A5-B5C8-D9A1557AB5B0}.Release|x86.ActiveCfg = Release|Win32
		{A87EDEBD-4823-42A5-B5C8-D9A1557AB5B0}.Release|x86.Build.0 = Release|Win32
		{F06C8CC5-2F66-4448-88B1-38DA46890B8F}.Debug|Any CPU.ActiveCfg = Debug|x64
		{F06C8CC5-2F66-4448-88B1-38DA46890B8F}.Debug|Any CPU.Build.0 = Debug|x64
		{F06C8CC5-2F66-4448-88B1-38DA46890B8F}.Debug|x64.ActiveCfg = Debug|x64
		{F06C8CC5-2F66-4448-88B1-38DA46890B8F}.Debug|x64.Build.0 = Debug|x64
		{F06C8CC5-2F66-4448-88B1-38DA46890B8F}.Debug|x86.ActiveCfg = Debug|Win32
		{F06C8CC5-2F66-4448-88B1-38DA46890B8F}.Debug|x86.Build.0 = Debug|Win32
		{F06C8CC5-2F66-4448-88B1-38DA46890B8F}.Release|Any CPU.ActiveCfg = Release|x64
		{F06C8CC5-2F66-4448-88B1-38DA46890B8F}.Release|Any CPU.Build.0 = Release|x64
		{F06C8CC5-2F66-4448-88B1-38DA46890B8F}.Release|x64.ActiveCfg = Release|x64
		{F06C8CC5-2F66-4448-88B1-38DA46890B8F}.Release|x64.Build.0 = Release|x64
		{F06C8CC5-2F66-4448-88B1-38DA46890B8F}.Release|x86.ActiveCfg = Release|Win32
		{F06C8CC5-2F66-4448-88B1-38DA46890B8F}.Release|x86.Build.0 = Release|Win32
		{5A37305E-2CF7-4C80-8B8C-70480C7A08E8}.Debug|Any CPU.ActiveCfg = Debug|x64
		{5A37305E-2CF7-4C80-8B8C-70480C7A08E8}.Debug|Any CPU.Build.0 = Debug|x64
		{5A37305E-2CF7-4C80-8B8C-70480C7A08E8}.Debug|x64.ActiveCfg = Debug|x64
		{5A37305E-2CF7-4C80-8B8C-70480C7A08E8}.Debug|x64.Build.0 = Debug|x64
		{5A37305E-2CF7-4C80-8B8C-70480C7A08E8}.Debug|x86.ActiveCfg = Debug|Win32
		{5A37305E-2CF7-4C80-8B8C-70480C7A08E8}.Debug|x86.Build.0 = Debug|Win32
		{5A37305E-2CF7-4C80-8B8C-70480C7A08E8}.Release|Any CPU.ActiveCfg = Release|x64
		{5A37305E-2CF7-4C80-8B8C-70480C7A08E8}.Release|Any CPU.Build.0 = Release|x64
		{5A37305E-2CF7-4C80-8B8C-70480C7A08E8}.Release|x64.ActiveCfg = Release|x64
		{5A37305E-2CF7-4C80-8B8C-70480C7A08E8}.Release|x64.Build.0 = Release|x64
		{5A37305E-2CF7-4C80-8B8C-70480C7A08E8}.Release|x86.ActiveCfg = Release|Win32
		{5A37305E-2CF7-4C80-8B8C-70480C7A08E8}.Release|x86.Build.0 = Release|Win32
		{6157D6F0-1AC4-4226-AC25-92E9B24114B8}.Debug|Any CPU.ActiveCfg = Debug|x64
		{6157D6F0-1AC4-4226-AC25-92E9B24114B8}.Debug|Any CPU.Build.0 = Debug|x64
		{6157D6F0-1AC4-4226-AC25-92E9B24114B8}.Debug|x64.ActiveCfg = Debug|x64
		{6157D6F0-1AC4-4226-AC25-92E9B24114B8}.Debug|x64.Build.0 = Debug|x64
		{6157D6F0-1AC4-4226-AC25-92E9B24114B8}.Debug|x86.ActiveCfg = Debug|Win32
		{6157D6F0-1AC4-4226-AC25-92E9B24114B8}.Debug|x86.Build.0 = Debug|Win32
		{6157D6F0-1AC4-4226-AC25-92E9B24114B8}.Release|Any CPU.ActiveCfg = Release|x64
		{6157D6F0-1AC4-4226-AC25-92E9B24114B8}.Release|Any CPU.Build.0 = Release|x64
		{6157D6F0-1AC4-4226-AC25-92E9B24114B8}.Release|x64.ActiveCfg = Release|x64
		{6157D6F0-1AC4-4226-AC25-92E9B24114B8}.Release|x64.Build.0 = Release|x64
		{6157D6F0-1AC4-4226-AC25-92E9B24114B8}.Release|x86.ActiveCfg = Release|Win32
		{6157D6F0-1AC4-4226-AC25-92E9B24114B8}.Release|x86.Build.0 = Release|Win32
		{52E46300-7BC9-4C16-8050-84CA594A9201}.Debug|Any CPU.ActiveCfg = Debug|x64
		{52E46300-7BC9-4C16-8050-84CA594A9201}.Debug|Any CPU.Build.0 = Debug|x64
		{52E46300-7BC9-4C16-8050-84CA594A9201}.Debug|x64.ActiveCfg = Debug|x64
		{52E46300-7BC9-4C16-8050-84CA594A9201}.Debug|x64.Build.0 = Debug|x64
		{52E46300-7BC9-4C16-8050-84CA594A9201}.Debug|x86.ActiveCfg = Debug|Win32
		{52E46300-7BC9-4C16-8050-84CA594A9201}.Debug|x86.Build.0 = Debug|Win32
		{52E46300-7BC9-4C16-8050-84CA594A9201}.Release|Any CPU.ActiveCfg = Release|x64
		{52E46300-7BC9-4C16-8050-84CA594A9201}.Release|Any CPU.Build.0 = Release|x64
		{52E46300-7BC9-4C16-8050-84CA594A9201}.Release|x64.ActiveCfg = Release|x64
		{52E46300-7BC9-4C16-8050-84CA594A9201}.Release|x64.Build.0 = Release|x64
		{52E46300-7BC9-4C16-8050-84CA594A9201}.Release|x86.ActiveCfg = Release|Win32
		{52E46300-7BC9-4C16-8050-84CA594A9201}.Release|x86.Build.0 = Release|Win32
		{006C86C4-ACF4-483D-A24E-2B966D929594}.Debug|Any CPU.ActiveCfg = Debug|x64
		{006C86C4-ACF4-483D-A24E-2B966D929594}.Debug|Any CPU.Build.0 = Debug|x64
		{006C86C4-ACF4-483D-A24E-2B966D929594}.Debug|x64.ActiveCfg = Debug|x64
		{006C86C4-ACF4-483D-A24E-2B966D929594}.Debug|x64.Build.0 = Debug|x64
		{006C86C4-ACF4-483D-A24E-2B966D929594}.Debug|x86.ActiveCfg = Debug|Win32
		{006C86C4-ACF4-483D-A24E-2B966D929594}.Debug|x86.Build.0 = Debug|Win32
		{006C86C4-ACF4-483D-A24E-2B966D929594}.Release|Any CPU.ActiveCfg = Release|x64
		{006C86C4-ACF4-483D-A24E-2B966D929594}.Release|Any CPU.Build.0 = Release|x64
		{006C86C4-ACF4-483D-A24E-2B966D929594}.Release|x64.ActiveCfg = Release|x64
		{006C86C4-ACF4-483D-A24E-2B966D929594}.Release|x64.Build.0 = Release|x64
		{006C86C4-ACF4-483D-A24E-2B966D929594}.Release|x86.ActiveCfg = Release|Win32
		{006C86C4-ACF4-483D-A24E-2B966D929594}.Release|x86.Build.0 = Release|Win32
		{BF9B4D52-BF89-4890-8B05-F47A03110969}.Debug|Any CPU.ActiveCfg = Debug|x64
		{BF9B4D52-BF89-4890-8B05-F47A03110969}.Debug|Any CPU.Build.0 = Debug|x64
		{BF9B4D52-BF89-4890-8B05-F47A03110969}.Debug|x64.ActiveCfg = Debug|x64
		{BF9B4D52-BF89-4890-8B05-F47A03110969}.Debug|x64.Build.0 = Debug|x64
		{BF9B4D52-BF89-4890-8B05-F47A03110969}.Debug|x86.ActiveCfg = Debug|Win32
		{BF9B4D52-BF89-4890-8B05-F47A03110969}.Debug|x86.Build.0 = Debug|Win32
		{BF9B4D52-BF89-4890-8B05-F47A03110969}.Release|Any CPU.ActiveCfg = Release|x64
		{BF9B4D52-BF89-4890-8B05-F47A03110969}.Release|Any CPU.Build.0 = Release|x64
		{BF9B4D52-BF89-4890-8B05-F47A03110969}.Release|x64.ActiveCfg = Release|x64
		{BF9B4D52-BF89-4890-8B05-F47A03110969}.Release|x64.Build.0 = Release|x64
		{BF9B4D52-BF89-4890-8B05-F47A03110969}.Release|x86.ActiveCfg = Release|Win32
		{BF9B4D52-BF89-4890-8B05-F47A03110969}.Release|x86.Build.0 = Release|Win32
		{6C2438CE-59EB-44E5-BCA3-8D96B35AFC73}.Debug|Any CPU.ActiveCfg = Debug|x64
		{6C2438CE-59EB-44E5-BCA3-8D96B35AFC73}.Debug|Any CPU.Build.0 = Debug|x64
		{6C2438CE-59EB-44E5-BCA3-8D96B35AFC73}.Debug|x64.ActiveCfg = Debug|x64
		{6C2438CE-59EB-44E5-BCA3-8D96B35AFC73}.Debug|x64.Build.0 = Debug|x64
		{6C2438CE-59EB-44E5-BCA3-8D96B35AFC73}.Debug|x86.ActiveCfg = Debug|Win32
		{6C2438CE-59EB-44E5-BCA3-8D96B35AFC73}.Debug|x86.Build.0 = Debug|Win32
		{6C2438CE-59EB-44E5-BCA3-8D96B35AFC73}.Release|Any CPU.ActiveCfg = Release|x64
		{6C2438CE-59EB-44E5-BCA3-8D96B35AFC73}.Release|Any CPU.Build.0 = Release|x64
		{6C2438CE-59EB-44E5-BCA3-8D96B35AFC73}.Release|x64.ActiveCfg = Release|x64
		{6C2438CE-59EB-44E5-BCA3-8D96B35AFC73}.Release|x64.Build.0 = Release|x64
		{6C2438CE-59EB-44E5-BCA3-8D96B35AFC73}.Release|x86.ActiveCfg = Release|Win32
		{6C2438CE-59EB-44E5-BCA3-8D96B35AFC73}.Release|x86.Build.0 = Release|Win32
		{7B0DC480-5755-47EA-88AC-CD571E740E41}.Debug|Any CPU.ActiveCfg = Debug|x64
		{7B0DC480-5755-47EA-88AC-CD571E740E41}.Debug|Any CPU.Build.0 = Debug|x64
		{7B0DC480-5755-47EA-88AC-CD571E740E41}.Debug|x64.ActiveCfg = Debug|x64
		{7B0DC480-5755-47EA-88AC-CD571E740E41}.Debug|x64.Build.0 = Debug|x64
		{7B0DC480-5755-47EA-88AC-CD571E740E41}.Debug|x86.ActiveCfg = Debug|Win32
		{7B0DC480-5755-47EA-88AC-CD571E740E41}.Debug|x86.Build.0 = Debug|Win32
		{7B0DC480-5755-47EA-88AC-CD571E740E41}.Release|Any CPU.ActiveCfg = Release|x64
		{7B0DC480-5755-47EA-88AC-CD571E740E41}.Release|Any CPU.Build.0 = Release|x64
		{7B0DC480-5755-47EA-88AC-CD571E740E41}.Release|x64.ActiveCfg = Release|x64
		{7B0DC480-5755-47EA-88AC-CD571E740E41}.Release|x64.Build.0 = Release|x64
		{7B0DC480-5755-47EA-88AC-CD571E740E41}.Release|x86.ActiveCfg = Release|Win32
		{7B0DC480-5755-47EA-88AC-CD571E740E41}.Release|x86.Build.0 = Release|Win32
		{1BC8E81B-7E3B-4249-9C25-5CE0D09FB724}.Debug|Any CPU.ActiveCfg = Debug|x64
		{1BC8E81B-7E3B-4249-9C25-5CE0D09FB724}.Debug|Any CPU.Build.0 = Debug|x64
		{1BC8E81B-7E3B-4249-9C25-5CE0D09FB724}.Debug|x64.ActiveCfg = Debug|x64
		{1BC8E81B-7E3B-4249-9C25-5CE0D09FB724}.Debug|x64.Build.0 = Debug|x64
		{1BC8E81B-7E3B-4249-9C25-5CE0D09FB724}.Debug|x86.ActiveCfg = Debug|Win32
		{1BC8E81B-7E3B-4249-9C25-5CE0D09FB724}.Debug|x86.Build.0 = Debug|Win32
		{1BC8E81B-7E3B-4249-9C25-5CE0D09FB724}.Release|Any CPU.ActiveCfg = Release|x64
		{1BC8E81B-7E3B-4249-9C25-5CE0D09FB724}.Release|Any CPU.Build.0 = Release|x64
		{1BC8E81B-7E3B-4249-9C25-5CE0D09FB724}.Release|x64.ActiveCfg = Release|x64
		{1BC8E81B-7E3B-4249-9C25-5CE0D09FB724}.Release|x64.Build.0 = Release|x64
		{1BC8E81B-7E3B-4249-9C25-5CE0D09FB724}.Release|x86.ActiveCfg = Release|Win32
		{1BC8E81B-7E3B-4249-9C25-5CE0D09FB724}.Release|x86.Build.0 = Release|Win32
		{62F06199-625B-4F2B-BBA2-B2D99A46FF12}.Debug|Any CPU.ActiveCfg = Debug|x64
		{62F06199-625B-4F2B-BBA2-B2D99A46FF12}.Debug|Any CPU.Build.0 = Debug|x64
		{62F06199-625B-4F2B-BBA2-B2D99A46FF12}.Debug|x64.ActiveCfg = Debug|x64
		{62F06199-625B-4F2B-BBA2-B2D99A46FF12}.Debug|x64.Build.0 = Debug|x64
		{62F06199-625B-4F2B-BBA2-B2D99A46FF12}.Debug|x86.ActiveCfg = Debug|Win32
		{62F06199-625B-4F2B-BBA2-B2D99A46FF12}.Debug|x86.Build.0 = Debug|Win32
		{62F06199-625B-4F2B-BBA2-B2D99A46FF12}.Release|Any CPU.ActiveCfg = Release|x64
		{62F06199-625B-4F2B-BBA2-B2D99A46FF12}.Release|Any CPU.Build.0 = Release|x64
		{62F06199-625B-4F2B-BBA2-B2D99A46FF12}.Release|x64.ActiveCfg = Release|x64
		{62F06199-625B-4F2B-BBA2-B2D99A46FF12}.Release|x64.Build.0 = Release|x64
		{62F06199-625B-4F2B-BBA2-B2D99A46FF12}.Release|x86.ActiveCfg = Release|Win32
		{62F06199-625B-4F2B-BBA2-B2D99A46FF12}.Release|x86.Build.0 = Release|Win32
		{5A078C8E-759C-421D-B8BF-76AD0926744C}.Debug|Any CPU.ActiveCfg = Debug|x64
		{5A078C8E-759C-421D-B8BF-76AD0926744C}.Debug|Any CPU.Build.0 = Debug|x64
		{5A078C8E-759C-421D-B8BF-76AD0926744C}.Debug|x64.ActiveCfg = Debug|x64
		{5A078C8E-759C-421D-B8BF-76AD0926744C}.Debug|x64.Build.0 = Debug|x64
		{5A078C8E-759C-421D-B8BF-76AD0926744C}.Debug|x86.ActiveCfg = Debug|Win32
		{5A078C8E-759C-421D-B8BF-76AD0926744C}.Debug|x86.Build.0 = Debug|Win32
		{5A078C8E-759C-421D-B8BF-76AD0926744C}.Release|Any CPU.ActiveCfg = Release|x64
		{5A078C8E-759C-421D-B8BF-76AD0926744C}.Release|Any CPU.Build.0 = Release|x64
		{5A078C8E-759C-421D-B8BF-76AD0926744C}.Release|x64.ActiveCfg = Release|x64
		{5A078C8E-759C-421D-B8BF-76AD0926744C}.Release|x64.Build.0 = Release|x64
		{5A078C8E-759C-421D-B8BF-76AD0926744C}.Release|x86.ActiveCfg = Release|Win32
		{5A078C8E-759C-421D-B8BF-76AD0926744C}.Release|x86.Build.0 = Release|Win32
		{BED2154B-3007-49F4-8AF4-B1DFE715D026}.Debug|Any CPU.ActiveCfg = Debug|x64
		{BED2154B-3007-49F4-8AF4-B1DFE715D026}.Debug|Any CPU.Build.0 = Debug|x64
		{BED2154B-3007-49F4-8AF4-B1DFE715D026}.Debug|x64.ActiveCfg = Debug|x64
		{BED2154B-3007-49F4-8AF4-B1DFE715D026}.Debug|x64.Build.0 = Debug|x64
		{BED2154B-3007-49F4-8AF4-B1DFE715D026}.Debug|x86.ActiveCfg = Debug|Win32
		{BED2154B-3007-49F4-8AF4-B1DFE715D026}.Debug|x86.Build.0 = Debug|Win32
		{BED2154B-3007-49F4-8AF4-B1DFE715D026}.Release|Any CPU.ActiveCfg = Release|x64
		{BED2154B-3007-49F4-8AF4-B1DFE715D026}.Release|Any CPU.Build.0 = Release|x64
		{BED2154B-3007-49F4-8AF4-B1DFE715D026}.Release|x64.ActiveCfg = Release|x64
		{BED2154B-3007-49F4-8AF4-B1DFE715D026}.Release|x64.Build.0 = Release|x64
		{BED2154B-3007-49F4-8AF4-B1DFE715D026}.Release|x86.ActiveCfg = Release|Win32
		{BED2154B-3007-49F4-8AF4-B1DFE715D026}.Release|x86.Build.0 = Release|Win32
		{9465475F-E306-4842-B27B-3DAB608D7301}.Debug|Any CPU.ActiveCfg = Debug|x64
		{9465475F-E306-4842-B27B-3DAB608D7301}.Debug|Any CPU.Build.0 = Debug|x64
		{9465475F-E306-4842-B27B-3DAB608D7301}.Debug|x64.ActiveCfg = Debug|x64
		{9465475F-E306-4842-B27B-3DAB608D7301}.Debug|x64.Build.0 = Debug|x64
		{9465475F-E306-4842-B27B-3DAB608D7301}.Debug|x86.ActiveCfg = Debug|Win32
		{9465475F-E306-4842-B27B-3DAB608D7301}.Debug|x86.Build.0 = Debug|Win32
		{9465475F-E306-4842-B27B-3DAB608D7301}.Release|Any CPU.ActiveCfg = Release|x64
		{9465475F-E306-4842-B27B-3DAB608D7301}.Release|Any CPU.Build.0 = Release|x64
		{9465475F-E306-4842-B27B-3DAB608D7301}.Release|x64.ActiveCfg = Release|x64
		{9465475F-E306-4842-B27B-3DAB608D7301}.Release|x64.Build.0 = Release|x64
		{9465475F-E306-4842-B27B-3DAB608D7301}.Release|x86.ActiveCfg = Release|Win32
		{9465475F-E306-4842-B27B-3DAB608D7301}.Release|x86.Build.0 = Release|Win32
		{A6078985-8B64-4DC8-BD87-2DA92CC9C6AD}.Debug|Any CPU.ActiveCfg = Debug|x64
		{A6078985-8B64-4DC8-BD87-2DA92CC9C6AD}.Debug|Any CPU.Build.0 = Debug|x64
		{A6078985-8B64-4DC8-BD87-2DA92CC9C6AD}.Debug|x64.ActiveCfg = Debug|x64
		{A6078985-8B64-4DC8-BD87-2DA92CC9C6AD}.Debug|x64.Build.0 = Debug|x64
		{A6078985-8B64-4DC8-BD87-2DA92CC9C6AD}.Debug|x86.ActiveCfg = Debug|Win32
		{A6078985-8B64-4DC8-BD87-2DA92CC9C6AD}.Debug|x86.Build.0 = Debug|Win32
		{A6078985-8B64-4DC8-BD87-2DA92CC9C6AD}.Release|Any CPU.ActiveCfg = Release|x64
		{A6078985-8B64-4DC8-BD87-2DA92CC9C6AD}.Release|Any CPU.Build.0 = Release|x64
		{A6078985-8B64-4DC8-BD87-2DA92CC9C6AD}.Release|x64.ActiveCfg = Release|x64
		{A6078985-8B64-4DC8-BD87-2DA92CC9C6AD}.Release|x64.Build.0 = Release|x64
		{A6078985-8B64-4DC8-BD87-2DA92CC9C6AD}.Release|x86.ActiveCfg = Release|Win32
		{A6078985-8B64-4DC8-BD87-2DA92CC9C6AD}.Release|x86.Build.0 = Release|Win32
		{42E27122-B14E-438F-9F83-1D09F13C2DBE}.Debug|Any CPU.ActiveCfg = Debug|x64
		{42E27122-B14E-438F-9F83-1D09F13C2DBE}.Debug|Any CPU.Build.0 = Debug|x64
		{42E27122-B14E-438F-9F83-1D09F13C2DBE}.Debug|x64.ActiveCfg = Debug|x64
		{42E27122-B14E-438F-9F83-1D09F13C2DBE}.Debug|x64.Build.0 = Debug|x64
		{42E27122-B14E-438F-9F83-1D09F13C2DBE}.Debug|x86.ActiveCfg = Debug|Win32
		{42E27122-B14E-438F-9F83-1D09F13C2DBE}.Debug|x86.Build.0 = Debug|Win32
		{42E27122-B14E-438F-9F83-1D09F13C2DBE}.Release|Any CPU.ActiveCfg = Release|x64
		{42E27122-B14E-438F-9F83-1D09F13C2DBE}.Release|Any CPU.Build.0 = Release|x64
		{42E27122-B14E-438F-9F83-1D09F13C2DBE}.Release|x64.ActiveCfg = Release|x64
		{42E27122-B14E-438F-9F83-1D09F13C2DBE}.Release|x64.Build.0 = Release|x64
		{42E27122-B14E-438F-9F83-1D09F13C2DBE}.Release|x86.ActiveCfg = Release|Win32
		{42E27122-B14E-438F-9F83-1D09F13C2DBE}.Release|x86.Build.0 = Release|Win32
		{F80E60B7-EBB3-4718-95C2-9EE95773A4F6}.Debug|Any CPU.ActiveCfg = Debug|x64
		{F80E60B7-EBB3-4718-95C2-9EE95773A4F6}.Debug|Any CPU.Build.0 = Debug|x64
		{F80E60B7-EBB3-4718-95C2-9EE95773A4F6}.Debug|x64.ActiveCfg = Debug|x64
		{F80E60B7-EBB3-4718-95C2-9EE95773A4F6}.Debug|x64.Build.0 = Debug|x64
		{F80E60B7-EBB3-4718-95C2-9EE95773A4F6}.Debug|x86.ActiveCfg = Debug|Win32
		{F80E60B7-EBB3-4718-95C2-9EE95773A4F6}.Debug|x86.Build.0 = Debug|Win32
		{F80E60B7-EBB3-4718-95C2-9EE95773A4F6}.Release|Any CPU.ActiveCfg = Release|x64
		{F80E60B7-EBB3-4718-95C2-9EE95773A4F6}.Release|Any CPU.Build.0 = Release|x64
		{F80E60B7-EBB3-4718-95C2-9EE95773A4F6}.Release|x64.ActiveCfg = Release|x64
		{F80E60B7-EBB3-4718-95C2-9EE95773A4F6}.Release|x64.Build.0 = Release|x64
		{F80E60B7-EBB3-4718-95C2-9EE95773A4F6}.Release|x86.ActiveCfg = Release|Win32
		{F80E60B7-EBB3-4718-95C2-9EE95773A4F6}.Release|x86.Build.0 = Release|Win32
		{ECBC14A6-9A00-4122-B74F-E6DC687433AB}.Debug|Any CPU.ActiveCfg = Debug|x64
		{ECBC14A6-9A00-4122-B74F-E6DC687433AB}.Debug|Any CPU.Build.0 = Debug|x64
		{ECBC14A6-9A00-4122-B74F-E6DC687433AB}.Debug|x64.ActiveCfg = Debug|x64
		{ECBC14A6-9A00-4122-B74F-E6DC687433AB}.Debug|x64.Build.0 = Debug|x64
		{ECBC14A6-9A00-4122-B74F-E6DC687433AB}.Debug|x86.ActiveCfg = Debug|Win32
		{ECBC14A6-9A00-4122-B74F-E6DC687433AB}.Debug|x86.Build.0 = Debug|Win32
		{ECBC14A6-9A00-4122-B74F-E6DC687433AB}.Release|Any CPU.ActiveCfg = Release|x64
		{ECBC14A6-9A00-4122-B74F-E6DC687433AB}.Release|Any CPU.Build.0 = Release|x64
		{ECBC14A6-9A00-4122-B74F-E6DC687433AB}.Release|x64.ActiveCfg = Release|x64
		{ECBC14A6-9A00-4122-B74F-E6DC687433AB}.Release|x64.Build.0 = Release|x64
		{ECBC14A6-9A00-4122-B74F-E6DC687433AB}.Release|x86.ActiveCfg = Release|Win32
		{ECBC14A6-9A00-4122-B74F-E6DC687433AB}.Release|x86.Build.0 = Release|Win32
	EndGlobalSection
	GlobalSection(SolutionProperties) = preSolution
		HideSolutionNode = FALSE
	EndGlobalSection
	GlobalSection(ExtensibilityGlobals) = postSolution
		SolutionGuid = {592F62A0-A54F-43CE-BCF6-E568056488E8}
	EndGlobalSection
EndGlobal
