
Microsoft Visual Studio Solution File, Format Version 12.00
# Visual Studio 14
VisualStudioVersion = 14.0.24720.0
MinimumVisualStudioVersion = 10.0.40219.1
Project("{8BC9CEB8-8B4A-11D0-8D11-00A0C91BC942}") = "Day1", "Day1\Day1.vcxproj", "{191DDC8F-25C2-4A65-AD9E-33BBF4A633D1}"
EndProject
Project("{8BC9CEB8-8B4A-11D0-8D11-00A0C91BC942}") = "Day2", "Day2\Day2.vcxproj", "{A373E8AA-619D-43EC-A6BC-72E02946B05B}"
EndProject
Project("{8BC9CEB8-8B4A-11D0-8D11-00A0C91BC942}") = "Day3", "Day3\Day3.vcxproj", "{B59E8002-45BD-4E4E-B381-AB34333AAE13}"
EndProject
Project("{8BC9CEB8-8B4A-11D0-8D11-00A0C91BC942}") = "Day4", "Day4\Day4.vcxproj", "{F063508C-0B40-4B20-AA5D-04D1805D8989}"
EndProject
Project("{8BC9CEB8-8B4A-11D0-8D11-00A0C91BC942}") = "Day5", "Day5\Day5.vcxproj", "{E13D0F3B-FA1D-4C5C-A2DD-C9775BF9A4C8}"
EndProject
Project("{8BC9CEB8-8B4A-11D0-8D11-00A0C91BC942}") = "Day6", "Day6\Day6.vcxproj", "{1EAB2647-F9D7-4376-8A96-45C906D568C7}"
EndProject
Project("{8BC9CEB8-8B4A-11D0-8D11-00A0C91BC942}") = "Day7", "Day7\Day7.vcxproj", "{437F46F6-FEC4-41FC-8244-A9D9CAC54F77}"
EndProject
Project("{8BC9CEB8-8B4A-11D0-8D11-00A0C91BC942}") = "Day8", "Day8\Day8.vcxproj", "{F8EFD87E-25BC-40DD-9802-C3031B1970FF}"
EndProject
Project("{8BC9CEB8-8B4A-11D0-8D11-00A0C91BC942}") = "Day9", "Day9\Day9.vcxproj", "{48774461-27E0-4D47-B9C5-8C3C5D6A7A8A}"
EndProject
Project("{8BC9CEB8-8B4A-11D0-8D11-00A0C91BC942}") = "Day10", "Day10\Day10.vcxproj", "{C15F9804-2A0C-4322-AF3D-4894852C8E94}"
EndProject
Project("{8BC9CEB8-8B4A-11D0-8D11-00A0C91BC942}") = "Day11", "Day11\Day11.vcxproj", "{D9DEEB26-232C-4B65-84E3-9CDE4477D65D}"
EndProject
Project("{8BC9CEB8-8B4A-11D0-8D11-00A0C91BC942}") = "Day12", "Day12\Day12.vcxproj", "{6A9AE962-3D48-41E4-857A-2902704D1F2D}"
EndProject
Project("{8BC9CEB8-8B4A-11D0-8D11-00A0C91BC942}") = "Day13", "Day13\Day13.vcxproj", "{1200D521-0D72-4D2D-98F5-438194EB5B95}"
EndProject
Project("{8BC9CEB8-8B4A-11D0-8D11-00A0C91BC942}") = "Day14", "Day14\Day14.vcxproj", "{A420FE60-8B65-4A86-9D55-EDDF41420007}"
EndProject
Project("{8BC9CEB8-8B4A-11D0-8D11-00A0C91BC942}") = "Day15", "Day15\Day15.vcxproj", "{D29A6429-A5B7-41A2-9BCF-B0155DFB4362}"
EndProject
Project("{8BC9CEB8-8B4A-11D0-8D11-00A0C91BC942}") = "Day16", "Day16\Day16.vcxproj", "{83FEA23F-D05B-404E-BD48-773D0ACD8060}"
EndProject
Project("{8BC9CEB8-8B4A-11D0-8D11-00A0C91BC942}") = "Day17", "Day17\Day17.vcxproj", "{8260A877-2849-47F9-B528-AD50B97B89C8}"
EndProject
Project("{8BC9CEB8-8B4A-11D0-8D11-00A0C91BC942}") = "Day18", "Day18\Day18.vcxproj", "{C6FE9C21-764D-45E6-9F3B-A67B4B8FFB5D}"
EndProject
Project("{8BC9CEB8-8B4A-11D0-8D11-00A0C91BC942}") = "Day19", "Day19\Day19.vcxproj", "{1E9932C9-2237-4814-84B0-D43399743F8D}"
EndProject
Project("{8BC9CEB8-8B4A-11D0-8D11-00A0C91BC942}") = "Day20", "Day20\Day20.vcxproj", "{41CE10C3-80C2-47EF-9A86-6526161DCB0F}"
EndProject
Project("{8BC9CEB8-8B4A-11D0-8D11-00A0C91BC942}") = "Day21", "Day21\Day21.vcxproj", "{5A99FF63-1D0F-4D7C-9182-CC9CE54C6D61}"
EndProject
Project("{8BC9CEB8-8B4A-11D0-8D11-00A0C91BC942}") = "Day23", "Day23\Day23.vcxproj", "{9A8C41F0-D1AE-403E-A755-A247DEDF3574}"
EndProject
Project("{8BC9CEB8-8B4A-11D0-8D11-00A0C91BC942}") = "Day24", "Day24\Day24.vcxproj", "{469C1955-134B-42B9-84CC-D533032D2C44}"
EndProject
Project("{8BC9CEB8-8B4A-11D0-8D11-00A0C91BC942}") = "Day25", "Day25\Day25.vcxproj", "{ADDD297A-F482-4656-9985-A5F766530B39}"
EndProject
Project("{FAE04EC0-301F-11D3-BF4B-00C04F79EFBC}") = "Day22b", "Day22b\Day22b.csproj", "{38419E99-FE58-4BC4-B91D-DB0629FA5B99}"
EndProject
Project("{8BC9CEB8-8B4A-11D0-8D11-00A0C91BC942}") = "Day22a", "Day22a\Day22a.vcxproj", "{19E75FE5-D522-46C2-BBB6-9E6EB37A85DC}"
EndProject
Global
	GlobalSection(SolutionConfigurationPlatforms) = preSolution
		Debug|Any CPU = Debug|Any CPU
		Debug|x64 = Debug|x64
		Debug|x86 = Debug|x86
		Release|Any CPU = Release|Any CPU
		Release|x64 = Release|x64
		Release|x86 = Release|x86
	EndGlobalSection
	GlobalSection(ProjectConfigurationPlatforms) = postSolution
		{191DDC8F-25C2-4A65-AD9E-33BBF4A633D1}.Debug|Any CPU.ActiveCfg = Debug|Win32
		{191DDC8F-25C2-4A65-AD9E-33BBF4A633D1}.Debug|x64.ActiveCfg = Debug|x64
		{191DDC8F-25C2-4A65-AD9E-33BBF4A633D1}.Debug|x64.Build.0 = Debug|x64
		{191DDC8F-25C2-4A65-AD9E-33BBF4A633D1}.Debug|x86.ActiveCfg = Debug|Win32
		{191DDC8F-25C2-4A65-AD9E-33BBF4A633D1}.Debug|x86.Build.0 = Debug|Win32
		{191DDC8F-25C2-4A65-AD9E-33BBF4A633D1}.Release|Any CPU.ActiveCfg = Release|Win32
		{191DDC8F-25C2-4A65-AD9E-33BBF4A633D1}.Release|x64.ActiveCfg = Release|x64
		{191DDC8F-25C2-4A65-AD9E-33BBF4A633D1}.Release|x64.Build.0 = Release|x64
		{191DDC8F-25C2-4A65-AD9E-33BBF4A633D1}.Release|x86.ActiveCfg = Release|Win32
		{191DDC8F-25C2-4A65-AD9E-33BBF4A633D1}.Release|x86.Build.0 = Release|Win32
		{A373E8AA-619D-43EC-A6BC-72E02946B05B}.Debug|Any CPU.ActiveCfg = Debug|Win32
		{A373E8AA-619D-43EC-A6BC-72E02946B05B}.Debug|x64.ActiveCfg = Debug|x64
		{A373E8AA-619D-43EC-A6BC-72E02946B05B}.Debug|x64.Build.0 = Debug|x64
		{A373E8AA-619D-43EC-A6BC-72E02946B05B}.Debug|x86.ActiveCfg = Debug|Win32
		{A373E8AA-619D-43EC-A6BC-72E02946B05B}.Debug|x86.Build.0 = Debug|Win32
		{A373E8AA-619D-43EC-A6BC-72E02946B05B}.Release|Any CPU.ActiveCfg = Release|Win32
		{A373E8AA-619D-43EC-A6BC-72E02946B05B}.Release|x64.ActiveCfg = Release|x64
		{A373E8AA-619D-43EC-A6BC-72E02946B05B}.Release|x64.Build.0 = Release|x64
		{A373E8AA-619D-43EC-A6BC-72E02946B05B}.Release|x86.ActiveCfg = Release|Win32
		{A373E8AA-619D-43EC-A6BC-72E02946B05B}.Release|x86.Build.0 = Release|Win32
		{B59E8002-45BD-4E4E-B381-AB34333AAE13}.Debug|Any CPU.ActiveCfg = Debug|Win32
		{B59E8002-45BD-4E4E-B381-AB34333AAE13}.Debug|x64.ActiveCfg = Debug|x64
		{B59E8002-45BD-4E4E-B381-AB34333AAE13}.Debug|x64.Build.0 = Debug|x64
		{B59E8002-45BD-4E4E-B381-AB34333AAE13}.Debug|x86.ActiveCfg = Debug|Win32
		{B59E8002-45BD-4E4E-B381-AB34333AAE13}.Debug|x86.Build.0 = Debug|Win32
		{B59E8002-45BD-4E4E-B381-AB34333AAE13}.Release|Any CPU.ActiveCfg = Release|Win32
		{B59E8002-45BD-4E4E-B381-AB34333AAE13}.Release|x64.ActiveCfg = Release|x64
		{B59E8002-45BD-4E4E-B381-AB34333AAE13}.Release|x64.Build.0 = Release|x64
		{B59E8002-45BD-4E4E-B381-AB34333AAE13}.Release|x86.ActiveCfg = Release|Win32
		{B59E8002-45BD-4E4E-B381-AB34333AAE13}.Release|x86.Build.0 = Release|Win32
		{F063508C-0B40-4B20-AA5D-04D1805D8989}.Debug|Any CPU.ActiveCfg = Debug|Win32
		{F063508C-0B40-4B20-AA5D-04D1805D8989}.Debug|x64.ActiveCfg = Debug|x64
		{F063508C-0B40-4B20-AA5D-04D1805D8989}.Debug|x64.Build.0 = Debug|x64
		{F063508C-0B40-4B20-AA5D-04D1805D8989}.Debug|x86.ActiveCfg = Debug|Win32
		{F063508C-0B40-4B20-AA5D-04D1805D8989}.Debug|x86.Build.0 = Debug|Win32
		{F063508C-0B40-4B20-AA5D-04D1805D8989}.Release|Any CPU.ActiveCfg = Release|Win32
		{F063508C-0B40-4B20-AA5D-04D1805D8989}.Release|x64.ActiveCfg = Release|x64
		{F063508C-0B40-4B20-AA5D-04D1805D8989}.Release|x64.Build.0 = Release|x64
		{F063508C-0B40-4B20-AA5D-04D1805D8989}.Release|x86.ActiveCfg = Release|Win32
		{F063508C-0B40-4B20-AA5D-04D1805D8989}.Release|x86.Build.0 = Release|Win32
		{E13D0F3B-FA1D-4C5C-A2DD-C9775BF9A4C8}.Debug|Any CPU.ActiveCfg = Debug|Win32
		{E13D0F3B-FA1D-4C5C-A2DD-C9775BF9A4C8}.Debug|x64.ActiveCfg = Debug|x64
		{E13D0F3B-FA1D-4C5C-A2DD-C9775BF9A4C8}.Debug|x64.Build.0 = Debug|x64
		{E13D0F3B-FA1D-4C5C-A2DD-C9775BF9A4C8}.Debug|x86.ActiveCfg = Debug|Win32
		{E13D0F3B-FA1D-4C5C-A2DD-C9775BF9A4C8}.Debug|x86.Build.0 = Debug|Win32
		{E13D0F3B-FA1D-4C5C-A2DD-C9775BF9A4C8}.Release|Any CPU.ActiveCfg = Release|Win32
		{E13D0F3B-FA1D-4C5C-A2DD-C9775BF9A4C8}.Release|x64.ActiveCfg = Release|x64
		{E13D0F3B-FA1D-4C5C-A2DD-C9775BF9A4C8}.Release|x64.Build.0 = Release|x64
		{E13D0F3B-FA1D-4C5C-A2DD-C9775BF9A4C8}.Release|x86.ActiveCfg = Release|Win32
		{E13D0F3B-FA1D-4C5C-A2DD-C9775BF9A4C8}.Release|x86.Build.0 = Release|Win32
		{1EAB2647-F9D7-4376-8A96-45C906D568C7}.Debug|Any CPU.ActiveCfg = Debug|Win32
		{1EAB2647-F9D7-4376-8A96-45C906D568C7}.Debug|x64.ActiveCfg = Debug|x64
		{1EAB2647-F9D7-4376-8A96-45C906D568C7}.Debug|x64.Build.0 = Debug|x64
		{1EAB2647-F9D7-4376-8A96-45C906D568C7}.Debug|x86.ActiveCfg = Debug|Win32
		{1EAB2647-F9D7-4376-8A96-45C906D568C7}.Debug|x86.Build.0 = Debug|Win32
		{1EAB2647-F9D7-4376-8A96-45C906D568C7}.Release|Any CPU.ActiveCfg = Release|Win32
		{1EAB2647-F9D7-4376-8A96-45C906D568C7}.Release|x64.ActiveCfg = Release|x64
		{1EAB2647-F9D7-4376-8A96-45C906D568C7}.Release|x64.Build.0 = Release|x64
		{1EAB2647-F9D7-4376-8A96-45C906D568C7}.Release|x86.ActiveCfg = Release|Win32
		{1EAB2647-F9D7-4376-8A96-45C906D568C7}.Release|x86.Build.0 = Release|Win32
		{437F46F6-FEC4-41FC-8244-A9D9CAC54F77}.Debug|Any CPU.ActiveCfg = Debug|Win32
		{437F46F6-FEC4-41FC-8244-A9D9CAC54F77}.Debug|x64.ActiveCfg = Debug|x64
		{437F46F6-FEC4-41FC-8244-A9D9CAC54F77}.Debug|x64.Build.0 = Debug|x64
		{437F46F6-FEC4-41FC-8244-A9D9CAC54F77}.Debug|x86.ActiveCfg = Debug|Win32
		{437F46F6-FEC4-41FC-8244-A9D9CAC54F77}.Debug|x86.Build.0 = Debug|Win32
		{437F46F6-FEC4-41FC-8244-A9D9CAC54F77}.Release|Any CPU.ActiveCfg = Release|Win32
		{437F46F6-FEC4-41FC-8244-A9D9CAC54F77}.Release|x64.ActiveCfg = Release|x64
		{437F46F6-FEC4-41FC-8244-A9D9CAC54F77}.Release|x64.Build.0 = Release|x64
		{437F46F6-FEC4-41FC-8244-A9D9CAC54F77}.Release|x86.ActiveCfg = Release|Win32
		{437F46F6-FEC4-41FC-8244-A9D9CAC54F77}.Release|x86.Build.0 = Release|Win32
		{F8EFD87E-25BC-40DD-9802-C3031B1970FF}.Debug|Any CPU.ActiveCfg = Debug|Win32
		{F8EFD87E-25BC-40DD-9802-C3031B1970FF}.Debug|x64.ActiveCfg = Debug|x64
		{F8EFD87E-25BC-40DD-9802-C3031B1970FF}.Debug|x64.Build.0 = Debug|x64
		{F8EFD87E-25BC-40DD-9802-C3031B1970FF}.Debug|x86.ActiveCfg = Debug|Win32
		{F8EFD87E-25BC-40DD-9802-C3031B1970FF}.Debug|x86.Build.0 = Debug|Win32
		{F8EFD87E-25BC-40DD-9802-C3031B1970FF}.Release|Any CPU.ActiveCfg = Release|Win32
		{F8EFD87E-25BC-40DD-9802-C3031B1970FF}.Release|x64.ActiveCfg = Release|x64
		{F8EFD87E-25BC-40DD-9802-C3031B1970FF}.Release|x64.Build.0 = Release|x64
		{F8EFD87E-25BC-40DD-9802-C3031B1970FF}.Release|x86.ActiveCfg = Release|Win32
		{F8EFD87E-25BC-40DD-9802-C3031B1970FF}.Release|x86.Build.0 = Release|Win32
		{48774461-27E0-4D47-B9C5-8C3C5D6A7A8A}.Debug|Any CPU.ActiveCfg = Debug|Win32
		{48774461-27E0-4D47-B9C5-8C3C5D6A7A8A}.Debug|x64.ActiveCfg = Debug|x64
		{48774461-27E0-4D47-B9C5-8C3C5D6A7A8A}.Debug|x64.Build.0 = Debug|x64
		{48774461-27E0-4D47-B9C5-8C3C5D6A7A8A}.Debug|x86.ActiveCfg = Debug|Win32
		{48774461-27E0-4D47-B9C5-8C3C5D6A7A8A}.Debug|x86.Build.0 = Debug|Win32
		{48774461-27E0-4D47-B9C5-8C3C5D6A7A8A}.Release|Any CPU.ActiveCfg = Release|Win32
		{48774461-27E0-4D47-B9C5-8C3C5D6A7A8A}.Release|x64.ActiveCfg = Release|x64
		{48774461-27E0-4D47-B9C5-8C3C5D6A7A8A}.Release|x64.Build.0 = Release|x64
		{48774461-27E0-4D47-B9C5-8C3C5D6A7A8A}.Release|x86.ActiveCfg = Release|Win32
		{48774461-27E0-4D47-B9C5-8C3C5D6A7A8A}.Release|x86.Build.0 = Release|Win32
		{C15F9804-2A0C-4322-AF3D-4894852C8E94}.Debug|Any CPU.ActiveCfg = Debug|Win32
		{C15F9804-2A0C-4322-AF3D-4894852C8E94}.Debug|x64.ActiveCfg = Debug|x64
		{C15F9804-2A0C-4322-AF3D-4894852C8E94}.Debug|x64.Build.0 = Debug|x64
		{C15F9804-2A0C-4322-AF3D-4894852C8E94}.Debug|x86.ActiveCfg = Debug|Win32
		{C15F9804-2A0C-4322-AF3D-4894852C8E94}.Debug|x86.Build.0 = Debug|Win32
		{C15F9804-2A0C-4322-AF3D-4894852C8E94}.Release|Any CPU.ActiveCfg = Release|Win32
		{C15F9804-2A0C-4322-AF3D-4894852C8E94}.Release|x64.ActiveCfg = Release|x64
		{C15F9804-2A0C-4322-AF3D-4894852C8E94}.Release|x64.Build.0 = Release|x64
		{C15F9804-2A0C-4322-AF3D-4894852C8E94}.Release|x86.ActiveCfg = Release|Win32
		{C15F9804-2A0C-4322-AF3D-4894852C8E94}.Release|x86.Build.0 = Release|Win32
		{D9DEEB26-232C-4B65-84E3-9CDE4477D65D}.Debug|Any CPU.ActiveCfg = Debug|Win32
		{D9DEEB26-232C-4B65-84E3-9CDE4477D65D}.Debug|x64.ActiveCfg = Debug|x64
		{D9DEEB26-232C-4B65-84E3-9CDE4477D65D}.Debug|x64.Build.0 = Debug|x64
		{D9DEEB26-232C-4B65-84E3-9CDE4477D65D}.Debug|x86.ActiveCfg = Debug|Win32
		{D9DEEB26-232C-4B65-84E3-9CDE4477D65D}.Debug|x86.Build.0 = Debug|Win32
		{D9DEEB26-232C-4B65-84E3-9CDE4477D65D}.Release|Any CPU.ActiveCfg = Release|Win32
		{D9DEEB26-232C-4B65-84E3-9CDE4477D65D}.Release|x64.ActiveCfg = Release|x64
		{D9DEEB26-232C-4B65-84E3-9CDE4477D65D}.Release|x64.Build.0 = Release|x64
		{D9DEEB26-232C-4B65-84E3-9CDE4477D65D}.Release|x86.ActiveCfg = Release|Win32
		{D9DEEB26-232C-4B65-84E3-9CDE4477D65D}.Release|x86.Build.0 = Release|Win32
		{6A9AE962-3D48-41E4-857A-2902704D1F2D}.Debug|Any CPU.ActiveCfg = Debug|Win32
		{6A9AE962-3D48-41E4-857A-2902704D1F2D}.Debug|x64.ActiveCfg = Debug|x64
		{6A9AE962-3D48-41E4-857A-2902704D1F2D}.Debug|x64.Build.0 = Debug|x64
		{6A9AE962-3D48-41E4-857A-2902704D1F2D}.Debug|x86.ActiveCfg = Debug|Win32
		{6A9AE962-3D48-41E4-857A-2902704D1F2D}.Debug|x86.Build.0 = Debug|Win32
		{6A9AE962-3D48-41E4-857A-2902704D1F2D}.Release|Any CPU.ActiveCfg = Release|Win32
		{6A9AE962-3D48-41E4-857A-2902704D1F2D}.Release|x64.ActiveCfg = Release|x64
		{6A9AE962-3D48-41E4-857A-2902704D1F2D}.Release|x64.Build.0 = Release|x64
		{6A9AE962-3D48-41E4-857A-2902704D1F2D}.Release|x86.ActiveCfg = Release|Win32
		{6A9AE962-3D48-41E4-857A-2902704D1F2D}.Release|x86.Build.0 = Release|Win32
		{1200D521-0D72-4D2D-98F5-438194EB5B95}.Debug|Any CPU.ActiveCfg = Debug|Win32
		{1200D521-0D72-4D2D-98F5-438194EB5B95}.Debug|x64.ActiveCfg = Debug|x64
		{1200D521-0D72-4D2D-98F5-438194EB5B95}.Debug|x64.Build.0 = Debug|x64
		{1200D521-0D72-4D2D-98F5-438194EB5B95}.Debug|x86.ActiveCfg = Debug|Win32
		{1200D521-0D72-4D2D-98F5-438194EB5B95}.Debug|x86.Build.0 = Debug|Win32
		{1200D521-0D72-4D2D-98F5-438194EB5B95}.Release|Any CPU.ActiveCfg = Release|Win32
		{1200D521-0D72-4D2D-98F5-438194EB5B95}.Release|x64.ActiveCfg = Release|x64
		{1200D521-0D72-4D2D-98F5-438194EB5B95}.Release|x64.Build.0 = Release|x64
		{1200D521-0D72-4D2D-98F5-438194EB5B95}.Release|x86.ActiveCfg = Release|Win32
		{1200D521-0D72-4D2D-98F5-438194EB5B95}.Release|x86.Build.0 = Release|Win32
		{A420FE60-8B65-4A86-9D55-EDDF41420007}.Debug|Any CPU.ActiveCfg = Debug|Win32
		{A420FE60-8B65-4A86-9D55-EDDF41420007}.Debug|x64.ActiveCfg = Debug|x64
		{A420FE60-8B65-4A86-9D55-EDDF41420007}.Debug|x64.Build.0 = Debug|x64
		{A420FE60-8B65-4A86-9D55-EDDF41420007}.Debug|x86.ActiveCfg = Debug|Win32
		{A420FE60-8B65-4A86-9D55-EDDF41420007}.Debug|x86.Build.0 = Debug|Win32
		{A420FE60-8B65-4A86-9D55-EDDF41420007}.Release|Any CPU.ActiveCfg = Release|Win32
		{A420FE60-8B65-4A86-9D55-EDDF41420007}.Release|x64.ActiveCfg = Release|x64
		{A420FE60-8B65-4A86-9D55-EDDF41420007}.Release|x64.Build.0 = Release|x64
		{A420FE60-8B65-4A86-9D55-EDDF41420007}.Release|x86.ActiveCfg = Release|Win32
		{A420FE60-8B65-4A86-9D55-EDDF41420007}.Release|x86.Build.0 = Release|Win32
		{D29A6429-A5B7-41A2-9BCF-B0155DFB4362}.Debug|Any CPU.ActiveCfg = Debug|Win32
		{D29A6429-A5B7-41A2-9BCF-B0155DFB4362}.Debug|x64.ActiveCfg = Debug|x64
		{D29A6429-A5B7-41A2-9BCF-B0155DFB4362}.Debug|x64.Build.0 = Debug|x64
		{D29A6429-A5B7-41A2-9BCF-B0155DFB4362}.Debug|x86.ActiveCfg = Debug|Win32
		{D29A6429-A5B7-41A2-9BCF-B0155DFB4362}.Debug|x86.Build.0 = Debug|Win32
		{D29A6429-A5B7-41A2-9BCF-B0155DFB4362}.Release|Any CPU.ActiveCfg = Release|Win32
		{D29A6429-A5B7-41A2-9BCF-B0155DFB4362}.Release|x64.ActiveCfg = Release|x64
		{D29A6429-A5B7-41A2-9BCF-B0155DFB4362}.Release|x64.Build.0 = Release|x64
		{D29A6429-A5B7-41A2-9BCF-B0155DFB4362}.Release|x86.ActiveCfg = Release|Win32
		{D29A6429-A5B7-41A2-9BCF-B0155DFB4362}.Release|x86.Build.0 = Release|Win32
		{83FEA23F-D05B-404E-BD48-773D0ACD8060}.Debug|Any CPU.ActiveCfg = Debug|Win32
		{83FEA23F-D05B-404E-BD48-773D0ACD8060}.Debug|x64.ActiveCfg = Debug|x64
		{83FEA23F-D05B-404E-BD48-773D0ACD8060}.Debug|x64.Build.0 = Debug|x64
		{83FEA23F-D05B-404E-BD48-773D0ACD8060}.Debug|x86.ActiveCfg = Debug|Win32
		{83FEA23F-D05B-404E-BD48-773D0ACD8060}.Debug|x86.Build.0 = Debug|Win32
		{83FEA23F-D05B-404E-BD48-773D0ACD8060}.Release|Any CPU.ActiveCfg = Release|Win32
		{83FEA23F-D05B-404E-BD48-773D0ACD8060}.Release|x64.ActiveCfg = Release|x64
		{83FEA23F-D05B-404E-BD48-773D0ACD8060}.Release|x64.Build.0 = Release|x64
		{83FEA23F-D05B-404E-BD48-773D0ACD8060}.Release|x86.ActiveCfg = Release|Win32
		{83FEA23F-D05B-404E-BD48-773D0ACD8060}.Release|x86.Build.0 = Release|Win32
		{8260A877-2849-47F9-B528-AD50B97B89C8}.Debug|Any CPU.ActiveCfg = Debug|Win32
		{8260A877-2849-47F9-B528-AD50B97B89C8}.Debug|x64.ActiveCfg = Debug|x64
		{8260A877-2849-47F9-B528-AD50B97B89C8}.Debug|x64.Build.0 = Debug|x64
		{8260A877-2849-47F9-B528-AD50B97B89C8}.Debug|x86.ActiveCfg = Debug|Win32
		{8260A877-2849-47F9-B528-AD50B97B89C8}.Debug|x86.Build.0 = Debug|Win32
		{8260A877-2849-47F9-B528-AD50B97B89C8}.Release|Any CPU.ActiveCfg = Release|Win32
		{8260A877-2849-47F9-B528-AD50B97B89C8}.Release|x64.ActiveCfg = Release|x64
		{8260A877-2849-47F9-B528-AD50B97B89C8}.Release|x64.Build.0 = Release|x64
		{8260A877-2849-47F9-B528-AD50B97B89C8}.Release|x86.ActiveCfg = Release|Win32
		{8260A877-2849-47F9-B528-AD50B97B89C8}.Release|x86.Build.0 = Release|Win32
		{C6FE9C21-764D-45E6-9F3B-A67B4B8FFB5D}.Debug|Any CPU.ActiveCfg = Debug|Win32
		{C6FE9C21-764D-45E6-9F3B-A67B4B8FFB5D}.Debug|x64.ActiveCfg = Debug|x64
		{C6FE9C21-764D-45E6-9F3B-A67B4B8FFB5D}.Debug|x64.Build.0 = Debug|x64
		{C6FE9C21-764D-45E6-9F3B-A67B4B8FFB5D}.Debug|x86.ActiveCfg = Debug|Win32
		{C6FE9C21-764D-45E6-9F3B-A67B4B8FFB5D}.Debug|x86.Build.0 = Debug|Win32
		{C6FE9C21-764D-45E6-9F3B-A67B4B8FFB5D}.Release|Any CPU.ActiveCfg = Release|Win32
		{C6FE9C21-764D-45E6-9F3B-A67B4B8FFB5D}.Release|x64.ActiveCfg = Release|x64
		{C6FE9C21-764D-45E6-9F3B-A67B4B8FFB5D}.Release|x64.Build.0 = Release|x64
		{C6FE9C21-764D-45E6-9F3B-A67B4B8FFB5D}.Release|x86.ActiveCfg = Release|Win32
		{C6FE9C21-764D-45E6-9F3B-A67B4B8FFB5D}.Release|x86.Build.0 = Release|Win32
		{1E9932C9-2237-4814-84B0-D43399743F8D}.Debug|Any CPU.ActiveCfg = Debug|Win32
		{1E9932C9-2237-4814-84B0-D43399743F8D}.Debug|x64.ActiveCfg = Debug|x64
		{1E9932C9-2237-4814-84B0-D43399743F8D}.Debug|x64.Build.0 = Debug|x64
		{1E9932C9-2237-4814-84B0-D43399743F8D}.Debug|x86.ActiveCfg = Debug|Win32
		{1E9932C9-2237-4814-84B0-D43399743F8D}.Debug|x86.Build.0 = Debug|Win32
		{1E9932C9-2237-4814-84B0-D43399743F8D}.Release|Any CPU.ActiveCfg = Release|Win32
		{1E9932C9-2237-4814-84B0-D43399743F8D}.Release|x64.ActiveCfg = Release|x64
		{1E9932C9-2237-4814-84B0-D43399743F8D}.Release|x64.Build.0 = Release|x64
		{1E9932C9-2237-4814-84B0-D43399743F8D}.Release|x86.ActiveCfg = Release|Win32
		{1E9932C9-2237-4814-84B0-D43399743F8D}.Release|x86.Build.0 = Release|Win32
		{41CE10C3-80C2-47EF-9A86-6526161DCB0F}.Debug|Any CPU.ActiveCfg = Debug|Win32
		{41CE10C3-80C2-47EF-9A86-6526161DCB0F}.Debug|x64.ActiveCfg = Debug|x64
		{41CE10C3-80C2-47EF-9A86-6526161DCB0F}.Debug|x64.Build.0 = Debug|x64
		{41CE10C3-80C2-47EF-9A86-6526161DCB0F}.Debug|x86.ActiveCfg = Debug|Win32
		{41CE10C3-80C2-47EF-9A86-6526161DCB0F}.Debug|x86.Build.0 = Debug|Win32
		{41CE10C3-80C2-47EF-9A86-6526161DCB0F}.Release|Any CPU.ActiveCfg = Release|Win32
		{41CE10C3-80C2-47EF-9A86-6526161DCB0F}.Release|x64.ActiveCfg = Release|x64
		{41CE10C3-80C2-47EF-9A86-6526161DCB0F}.Release|x64.Build.0 = Release|x64
		{41CE10C3-80C2-47EF-9A86-6526161DCB0F}.Release|x86.ActiveCfg = Release|Win32
		{41CE10C3-80C2-47EF-9A86-6526161DCB0F}.Release|x86.Build.0 = Release|Win32
		{5A99FF63-1D0F-4D7C-9182-CC9CE54C6D61}.Debug|Any CPU.ActiveCfg = Debug|Win32
		{5A99FF63-1D0F-4D7C-9182-CC9CE54C6D61}.Debug|x64.ActiveCfg = Debug|x64
		{5A99FF63-1D0F-4D7C-9182-CC9CE54C6D61}.Debug|x64.Build.0 = Debug|x64
		{5A99FF63-1D0F-4D7C-9182-CC9CE54C6D61}.Debug|x86.ActiveCfg = Debug|Win32
		{5A99FF63-1D0F-4D7C-9182-CC9CE54C6D61}.Debug|x86.Build.0 = Debug|Win32
		{5A99FF63-1D0F-4D7C-9182-CC9CE54C6D61}.Release|Any CPU.ActiveCfg = Release|Win32
		{5A99FF63-1D0F-4D7C-9182-CC9CE54C6D61}.Release|x64.ActiveCfg = Release|x64
		{5A99FF63-1D0F-4D7C-9182-CC9CE54C6D61}.Release|x64.Build.0 = Release|x64
		{5A99FF63-1D0F-4D7C-9182-CC9CE54C6D61}.Release|x86.ActiveCfg = Release|Win32
		{5A99FF63-1D0F-4D7C-9182-CC9CE54C6D61}.Release|x86.Build.0 = Release|Win32
		{9A8C41F0-D1AE-403E-A755-A247DEDF3574}.Debug|Any CPU.ActiveCfg = Debug|Win32
		{9A8C41F0-D1AE-403E-A755-A247DEDF3574}.Debug|x64.ActiveCfg = Debug|x64
		{9A8C41F0-D1AE-403E-A755-A247DEDF3574}.Debug|x64.Build.0 = Debug|x64
		{9A8C41F0-D1AE-403E-A755-A247DEDF3574}.Debug|x86.ActiveCfg = Debug|Win32
		{9A8C41F0-D1AE-403E-A755-A247DEDF3574}.Debug|x86.Build.0 = Debug|Win32
		{9A8C41F0-D1AE-403E-A755-A247DEDF3574}.Release|Any CPU.ActiveCfg = Release|Win32
		{9A8C41F0-D1AE-403E-A755-A247DEDF3574}.Release|x64.ActiveCfg = Release|x64
		{9A8C41F0-D1AE-403E-A755-A247DEDF3574}.Release|x64.Build.0 = Release|x64
		{9A8C41F0-D1AE-403E-A755-A247DEDF3574}.Release|x86.ActiveCfg = Release|Win32
		{9A8C41F0-D1AE-403E-A755-A247DEDF3574}.Release|x86.Build.0 = Release|Win32
		{469C1955-134B-42B9-84CC-D533032D2C44}.Debug|Any CPU.ActiveCfg = Debug|Win32
		{469C1955-134B-42B9-84CC-D533032D2C44}.Debug|x64.ActiveCfg = Debug|x64
		{469C1955-134B-42B9-84CC-D533032D2C44}.Debug|x64.Build.0 = Debug|x64
		{469C1955-134B-42B9-84CC-D533032D2C44}.Debug|x86.ActiveCfg = Debug|Win32
		{469C1955-134B-42B9-84CC-D533032D2C44}.Debug|x86.Build.0 = Debug|Win32
		{469C1955-134B-42B9-84CC-D533032D2C44}.Release|Any CPU.ActiveCfg = Release|Win32
		{469C1955-134B-42B9-84CC-D533032D2C44}.Release|x64.ActiveCfg = Release|x64
		{469C1955-134B-42B9-84CC-D533032D2C44}.Release|x64.Build.0 = Release|x64
		{469C1955-134B-42B9-84CC-D533032D2C44}.Release|x86.ActiveCfg = Release|Win32
		{469C1955-134B-42B9-84CC-D533032D2C44}.Release|x86.Build.0 = Release|Win32
		{ADDD297A-F482-4656-9985-A5F766530B39}.Debug|Any CPU.ActiveCfg = Debug|Win32
		{ADDD297A-F482-4656-9985-A5F766530B39}.Debug|x64.ActiveCfg = Debug|x64
		{ADDD297A-F482-4656-9985-A5F766530B39}.Debug|x64.Build.0 = Debug|x64
		{ADDD297A-F482-4656-9985-A5F766530B39}.Debug|x86.ActiveCfg = Debug|Win32
		{ADDD297A-F482-4656-9985-A5F766530B39}.Debug|x86.Build.0 = Debug|Win32
		{ADDD297A-F482-4656-9985-A5F766530B39}.Release|Any CPU.ActiveCfg = Release|Win32
		{ADDD297A-F482-4656-9985-A5F766530B39}.Release|x64.ActiveCfg = Release|x64
		{ADDD297A-F482-4656-9985-A5F766530B39}.Release|x64.Build.0 = Release|x64
		{ADDD297A-F482-4656-9985-A5F766530B39}.Release|x86.ActiveCfg = Release|Win32
		{ADDD297A-F482-4656-9985-A5F766530B39}.Release|x86.Build.0 = Release|Win32
		{38419E99-FE58-4BC4-B91D-DB0629FA5B99}.Debug|Any CPU.ActiveCfg = Debug|Any CPU
		{38419E99-FE58-4BC4-B91D-DB0629FA5B99}.Debug|Any CPU.Build.0 = Debug|Any CPU
		{38419E99-FE58-4BC4-B91D-DB0629FA5B99}.Debug|x64.ActiveCfg = Debug|Any CPU
		{38419E99-FE58-4BC4-B91D-DB0629FA5B99}.Debug|x64.Build.0 = Debug|Any CPU
		{38419E99-FE58-4BC4-B91D-DB0629FA5B99}.Debug|x86.ActiveCfg = Debug|Any CPU
		{38419E99-FE58-4BC4-B91D-DB0629FA5B99}.Debug|x86.Build.0 = Debug|Any CPU
		{38419E99-FE58-4BC4-B91D-DB0629FA5B99}.Release|Any CPU.ActiveCfg = Release|Any CPU
		{38419E99-FE58-4BC4-B91D-DB0629FA5B99}.Release|Any CPU.Build.0 = Release|Any CPU
		{38419E99-FE58-4BC4-B91D-DB0629FA5B99}.Release|x64.ActiveCfg = Release|Any CPU
		{38419E99-FE58-4BC4-B91D-DB0629FA5B99}.Release|x64.Build.0 = Release|Any CPU
		{38419E99-FE58-4BC4-B91D-DB0629FA5B99}.Release|x86.ActiveCfg = Release|Any CPU
		{38419E99-FE58-4BC4-B91D-DB0629FA5B99}.Release|x86.Build.0 = Release|Any CPU
		{19E75FE5-D522-46C2-BBB6-9E6EB37A85DC}.Debug|Any CPU.ActiveCfg = Debug|Win32
		{19E75FE5-D522-46C2-BBB6-9E6EB37A85DC}.Debug|x64.ActiveCfg = Debug|x64
		{19E75FE5-D522-46C2-BBB6-9E6EB37A85DC}.Debug|x64.Build.0 = Debug|x64
		{19E75FE5-D522-46C2-BBB6-9E6EB37A85DC}.Debug|x86.ActiveCfg = Debug|Win32
		{19E75FE5-D522-46C2-BBB6-9E6EB37A85DC}.Debug|x86.Build.0 = Debug|Win32
		{19E75FE5-D522-46C2-BBB6-9E6EB37A85DC}.Release|Any CPU.ActiveCfg = Release|Win32
		{19E75FE5-D522-46C2-BBB6-9E6EB37A85DC}.Release|x64.ActiveCfg = Release|x64
		{19E75FE5-D522-46C2-BBB6-9E6EB37A85DC}.Release|x64.Build.0 = Release|x64
		{19E75FE5-D522-46C2-BBB6-9E6EB37A85DC}.Release|x86.ActiveCfg = Release|Win32
		{19E75FE5-D522-46C2-BBB6-9E6EB37A85DC}.Release|x86.Build.0 = Release|Win32
	EndGlobalSection
	GlobalSection(SolutionProperties) = preSolution
		HideSolutionNode = FALSE
	EndGlobalSection
EndGlobal
