
Microsoft Visual Studio Solution File, Format Version 12.00
# Visual Studio Version 16
VisualStudioVersion = 16.0.32630.194
MinimumVisualStudioVersion = 10.0.40219.1
Project("{8BC9CEB8-8B4A-11D0-8D11-00A0C91BC942}") = "Day1", "Day1\Day1.vcxproj", "{D0785E76-28C6-4E64-B0D7-C660DE2AFF00}"
EndProject
Project("{8BC9CEB8-8B4A-11D0-8D11-00A0C91BC942}") = "Day2", "Day2\Day2.vcxproj", "{43F85546-9D4D-4887-9FAD-1852AC4B2E10}"
EndProject
Project("{8BC9CEB8-8B4A-11D0-8D11-00A0C91BC942}") = "Day3", "Day3\Day3.vcxproj", "{8A939249-F131-4EE1-8D90-2C61F4031B7A}"
EndProject
Project("{8BC9CEB8-8B4A-11D0-8D11-00A0C91BC942}") = "Day4", "Day4\Day4.vcxproj", "{9A15AD59-0DEC-47A3-8737-F76D27B9A14E}"
EndProject
Project("{8BC9CEB8-8B4A-11D0-8D11-00A0C91BC942}") = "Day5", "Day5\Day5.vcxproj", "{63036427-48FC-44B2-A5AC-2D159B9AF1E9}"
EndProject
Project("{8BC9CEB8-8B4A-11D0-8D11-00A0C91BC942}") = "Day6", "Day6\Day6.vcxproj", "{628B57B5-EE43-4712-8816-150A8A138C2E}"
EndProject
Project("{8BC9CEB8-8B4A-11D0-8D11-00A0C91BC942}") = "Day25", "Day25\Day25.vcxproj", "{3000FDA2-0634-404F-9F1E-AA14D4FE34B9}"
EndProject
Project("{8BC9CEB8-8B4A-11D0-8D11-00A0C91BC942}") = "Day7", "Day7\Day7.vcxproj", "{96A250DF-FB0E-4AEB-9C04-0D82FF67621D}"
EndProject
Project("{8BC9CEB8-8B4A-11D0-8D11-00A0C91BC942}") = "Day8", "Day8\Day8.vcxproj", "{38E063BC-21D5-4B4C-8E11-BE10E95113DA}"
EndProject
Project("{8BC9CEB8-8B4A-11D0-8D11-00A0C91BC942}") = "Day9", "Day9\Day9.vcxproj", "{43C801A8-EECE-4BD6-975F-EAA393D2DC5D}"
EndProject
Project("{8BC9CEB8-8B4A-11D0-8D11-00A0C91BC942}") = "Day10", "Day10\Day10.vcxproj", "{5AAE5E43-7AEC-41E3-AD3C-27FBFB929448}"
EndProject
Project("{8BC9CEB8-8B4A-11D0-8D11-00A0C91BC942}") = "Day11", "Day11\Day11.vcxproj", "{D5D382EC-0A8B-456B-A704-6C02D2560491}"
EndProject
Project("{8BC9CEB8-8B4A-11D0-8D11-00A0C91BC942}") = "Day12", "Day12\Day12.vcxproj", "{06139373-3BC6-4A29-B38E-2131913728C6}"
EndProject
Project("{8BC9CEB8-8B4A-11D0-8D11-00A0C91BC942}") = "Day13", "Day13\Day13.vcxproj", "{D0E191C7-712B-431E-8B56-B67BD1F6DFAB}"
EndProject
Global
	GlobalSection(SolutionConfigurationPlatforms) = preSolution
		Debug|Any CPU = Debug|Any CPU
		Debug|x64 = Debug|x64
		Debug|x86 = Debug|x86
		Release|Any CPU = Release|Any CPU
		Release|x64 = Release|x64
		Release|x86 = Release|x86
	EndGlobalSection
	GlobalSection(ProjectConfigurationPlatforms) = postSolution
		{D0785E76-28C6-4E64-B0D7-C660DE2AFF00}.Debug|Any CPU.ActiveCfg = Debug|Win32
		{D0785E76-28C6-4E64-B0D7-C660DE2AFF00}.Debug|x64.ActiveCfg = Debug|x64
		{D0785E76-28C6-4E64-B0D7-C660DE2AFF00}.Debug|x64.Build.0 = Debug|x64
		{D0785E76-28C6-4E64-B0D7-C660DE2AFF00}.Debug|x86.ActiveCfg = Debug|Win32
		{D0785E76-28C6-4E64-B0D7-C660DE2AFF00}.Debug|x86.Build.0 = Debug|Win32
		{D0785E76-28C6-4E64-B0D7-C660DE2AFF00}.Release|Any CPU.ActiveCfg = Release|Win32
		{D0785E76-28C6-4E64-B0D7-C660DE2AFF00}.Release|x64.ActiveCfg = Release|x64
		{D0785E76-28C6-4E64-B0D7-C660DE2AFF00}.Release|x64.Build.0 = Release|x64
		{D0785E76-28C6-4E64-B0D7-C660DE2AFF00}.Release|x86.ActiveCfg = Release|Win32
		{D0785E76-28C6-4E64-B0D7-C660DE2AFF00}.Release|x86.Build.0 = Release|Win32
		{43F85546-9D4D-4887-9FAD-1852AC4B2E10}.Debug|Any CPU.ActiveCfg = Debug|Win32
		{43F85546-9D4D-4887-9FAD-1852AC4B2E10}.Debug|x64.ActiveCfg = Debug|x64
		{43F85546-9D4D-4887-9FAD-1852AC4B2E10}.Debug|x64.Build.0 = Debug|x64
		{43F85546-9D4D-4887-9FAD-1852AC4B2E10}.Debug|x86.ActiveCfg = Debug|Win32
		{43F85546-9D4D-4887-9FAD-1852AC4B2E10}.Debug|x86.Build.0 = Debug|Win32
		{43F85546-9D4D-4887-9FAD-1852AC4B2E10}.Release|Any CPU.ActiveCfg = Release|Win32
		{43F85546-9D4D-4887-9FAD-1852AC4B2E10}.Release|x64.ActiveCfg = Release|x64
		{43F85546-9D4D-4887-9FAD-1852AC4B2E10}.Release|x64.Build.0 = Release|x64
		{43F85546-9D4D-4887-9FAD-1852AC4B2E10}.Release|x86.ActiveCfg = Release|Win32
		{43F85546-9D4D-4887-9FAD-1852AC4B2E10}.Release|x86.Build.0 = Release|Win32
		{8A939249-F131-4EE1-8D90-2C61F4031B7A}.Debug|Any CPU.ActiveCfg = Debug|Win32
		{8A939249-F131-4EE1-8D90-2C61F4031B7A}.Debug|x64.ActiveCfg = Debug|x64
		{8A939249-F131-4EE1-8D90-2C61F4031B7A}.Debug|x64.Build.0 = Debug|x64
		{8A939249-F131-4EE1-8D90-2C61F4031B7A}.Debug|x86.ActiveCfg = Debug|Win32
		{8A939249-F131-4EE1-8D90-2C61F4031B7A}.Debug|x86.Build.0 = Debug|Win32
		{8A939249-F131-4EE1-8D90-2C61F4031B7A}.Release|Any CPU.ActiveCfg = Release|Win32
		{8A939249-F131-4EE1-8D90-2C61F4031B7A}.Release|x64.ActiveCfg = Release|x64
		{8A939249-F131-4EE1-8D90-2C61F4031B7A}.Release|x64.Build.0 = Release|x64
		{8A939249-F131-4EE1-8D90-2C61F4031B7A}.Release|x86.ActiveCfg = Release|Win32
		{8A939249-F131-4EE1-8D90-2C61F4031B7A}.Release|x86.Build.0 = Release|Win32
		{9A15AD59-0DEC-47A3-8737-F76D27B9A14E}.Debug|Any CPU.ActiveCfg = Debug|Win32
		{9A15AD59-0DEC-47A3-8737-F76D27B9A14E}.Debug|x64.ActiveCfg = Debug|x64
		{9A15AD59-0DEC-47A3-8737-F76D27B9A14E}.Debug|x64.Build.0 = Debug|x64
		{9A15AD59-0DEC-47A3-8737-F76D27B9A14E}.Debug|x86.ActiveCfg = Debug|Win32
		{9A15AD59-0DEC-47A3-8737-F76D27B9A14E}.Debug|x86.Build.0 = Debug|Win32
		{9A15AD59-0DEC-47A3-8737-F76D27B9A14E}.Release|Any CPU.ActiveCfg = Release|Win32
		{9A15AD59-0DEC-47A3-8737-F76D27B9A14E}.Release|x64.ActiveCfg = Release|x64
		{9A15AD59-0DEC-47A3-8737-F76D27B9A14E}.Release|x64.Build.0 = Release|x64
		{9A15AD59-0DEC-47A3-8737-F76D27B9A14E}.Release|x86.ActiveCfg = Release|Win32
		{9A15AD59-0DEC-47A3-8737-F76D27B9A14E}.Release|x86.Build.0 = Release|Win32
		{63036427-48FC-44B2-A5AC-2D159B9AF1E9}.Debug|Any CPU.ActiveCfg = Debug|Win32
		{63036427-48FC-44B2-A5AC-2D159B9AF1E9}.Debug|x64.ActiveCfg = Debug|x64
		{63036427-48FC-44B2-A5AC-2D159B9AF1E9}.Debug|x64.Build.0 = Debug|x64
		{63036427-48FC-44B2-A5AC-2D159B9AF1E9}.Debug|x86.ActiveCfg = Debug|Win32
		{63036427-48FC-44B2-A5AC-2D159B9AF1E9}.Debug|x86.Build.0 = Debug|Win32
		{63036427-48FC-44B2-A5AC-2D159B9AF1E9}.Release|Any CPU.ActiveCfg = Release|Win32
		{63036427-48FC-44B2-A5AC-2D159B9AF1E9}.Release|x64.ActiveCfg = Release|x64
		{63036427-48FC-44B2-A5AC-2D159B9AF1E9}.Release|x64.Build.0 = Release|x64
		{63036427-48FC-44B2-A5AC-2D159B9AF1E9}.Release|x86.ActiveCfg = Release|Win32
		{63036427-48FC-44B2-A5AC-2D159B9AF1E9}.Release|x86.Build.0 = Release|Win32
		{628B57B5-EE43-4712-8816-150A8A138C2E}.Debug|Any CPU.ActiveCfg = Debug|Win32
		{628B57B5-EE43-4712-8816-150A8A138C2E}.Debug|x64.ActiveCfg = Debug|x64
		{628B57B5-EE43-4712-8816-150A8A138C2E}.Debug|x64.Build.0 = Debug|x64
		{628B57B5-EE43-4712-8816-150A8A138C2E}.Debug|x86.ActiveCfg = Debug|Win32
		{628B57B5-EE43-4712-8816-150A8A138C2E}.Debug|x86.Build.0 = Debug|Win32
		{628B57B5-EE43-4712-8816-150A8A138C2E}.Release|Any CPU.ActiveCfg = Release|Win32
		{628B57B5-EE43-4712-8816-150A8A138C2E}.Release|x64.ActiveCfg = Release|x64
		{628B57B5-EE43-4712-8816-150A8A138C2E}.Release|x64.Build.0 = Release|x64
		{628B57B5-EE43-4712-8816-150A8A138C2E}.Release|x86.ActiveCfg = Release|Win32
		{628B57B5-EE43-4712-8816-150A8A138C2E}.Release|x86.Build.0 = Release|Win32
		{3000FDA2-0634-404F-9F1E-AA14D4FE34B9}.Debug|Any CPU.ActiveCfg = Debug|Win32
		{3000FDA2-0634-404F-9F1E-AA14D4FE34B9}.Debug|x64.ActiveCfg = Debug|x64
		{3000FDA2-0634-404F-9F1E-AA14D4FE34B9}.Debug|x64.Build.0 = Debug|x64
		{3000FDA2-0634-404F-9F1E-AA14D4FE34B9}.Debug|x86.ActiveCfg = Debug|Win32
		{3000FDA2-0634-404F-9F1E-AA14D4FE34B9}.Debug|x86.Build.0 = Debug|Win32
		{3000FDA2-0634-404F-9F1E-AA14D4FE34B9}.Release|Any CPU.ActiveCfg = Release|Win32
		{3000FDA2-0634-404F-9F1E-AA14D4FE34B9}.Release|x64.ActiveCfg = Release|x64
		{3000FDA2-0634-404F-9F1E-AA14D4FE34B9}.Release|x64.Build.0 = Release|x64
		{3000FDA2-0634-404F-9F1E-AA14D4FE34B9}.Release|x86.ActiveCfg = Release|Win32
		{3000FDA2-0634-404F-9F1E-AA14D4FE34B9}.Release|x86.Build.0 = Release|Win32
		{96A250DF-FB0E-4AEB-9C04-0D82FF67621D}.Debug|Any CPU.ActiveCfg = Debug|Win32
		{96A250DF-FB0E-4AEB-9C04-0D82FF67621D}.Debug|x64.ActiveCfg = Debug|x64
		{96A250DF-FB0E-4AEB-9C04-0D82FF67621D}.Debug|x64.Build.0 = Debug|x64
		{96A250DF-FB0E-4AEB-9C04-0D82FF67621D}.Debug|x86.ActiveCfg = Debug|Win32
		{96A250DF-FB0E-4AEB-9C04-0D82FF67621D}.Debug|x86.Build.0 = Debug|Win32
		{96A250DF-FB0E-4AEB-9C04-0D82FF67621D}.Release|Any CPU.ActiveCfg = Release|Win32
		{96A250DF-FB0E-4AEB-9C04-0D82FF67621D}.Release|x64.ActiveCfg = Release|x64
		{96A250DF-FB0E-4AEB-9C04-0D82FF67621D}.Release|x64.Build.0 = Release|x64
		{96A250DF-FB0E-4AEB-9C04-0D82FF67621D}.Release|x86.ActiveCfg = Release|Win32
		{96A250DF-FB0E-4AEB-9C04-0D82FF67621D}.Release|x86.Build.0 = Release|Win32
		{38E063BC-21D5-4B4C-8E11-BE10E95113DA}.Debug|Any CPU.ActiveCfg = Debug|Win32
		{38E063BC-21D5-4B4C-8E11-BE10E95113DA}.Debug|x64.ActiveCfg = Debug|x64
		{38E063BC-21D5-4B4C-8E11-BE10E95113DA}.Debug|x64.Build.0 = Debug|x64
		{38E063BC-21D5-4B4C-8E11-BE10E95113DA}.Debug|x86.ActiveCfg = Debug|Win32
		{38E063BC-21D5-4B4C-8E11-BE10E95113DA}.Debug|x86.Build.0 = Debug|Win32
		{38E063BC-21D5-4B4C-8E11-BE10E95113DA}.Release|Any CPU.ActiveCfg = Release|Win32
		{38E063BC-21D5-4B4C-8E11-BE10E95113DA}.Release|x64.ActiveCfg = Release|x64
		{38E063BC-21D5-4B4C-8E11-BE10E95113DA}.Release|x64.Build.0 = Release|x64
		{38E063BC-21D5-4B4C-8E11-BE10E95113DA}.Release|x86.ActiveCfg = Release|Win32
		{38E063BC-21D5-4B4C-8E11-BE10E95113DA}.Release|x86.Build.0 = Release|Win32
		{43C801A8-EECE-4BD6-975F-EAA393D2DC5D}.Debug|Any CPU.ActiveCfg = Debug|Win32
		{43C801A8-EECE-4BD6-975F-EAA393D2DC5D}.Debug|x64.ActiveCfg = Debug|x64
		{43C801A8-EECE-4BD6-975F-EAA393D2DC5D}.Debug|x64.Build.0 = Debug|x64
		{43C801A8-EECE-4BD6-975F-EAA393D2DC5D}.Debug|x86.ActiveCfg = Debug|Win32
		{43C801A8-EECE-4BD6-975F-EAA393D2DC5D}.Debug|x86.Build.0 = Debug|Win32
		{43C801A8-EECE-4BD6-975F-EAA393D2DC5D}.Release|Any CPU.ActiveCfg = Release|Win32
		{43C801A8-EECE-4BD6-975F-EAA393D2DC5D}.Release|x64.ActiveCfg = Release|x64
		{43C801A8-EECE-4BD6-975F-EAA393D2DC5D}.Release|x64.Build.0 = Release|x64
		{43C801A8-EECE-4BD6-975F-EAA393D2DC5D}.Release|x86.ActiveCfg = Release|Win32
		{43C801A8-EECE-4BD6-975F-EAA393D2DC5D}.Release|x86.Build.0 = Release|Win32
		{5AAE5E43-7AEC-41E3-AD3C-27FBFB929448}.Debug|Any CPU.ActiveCfg = Debug|Win32
		{5AAE5E43-7AEC-41E3-AD3C-27FBFB929448}.Debug|x64.ActiveCfg = Debug|x64
		{5AAE5E43-7AEC-41E3-AD3C-27FBFB929448}.Debug|x64.Build.0 = Debug|x64
		{5AAE5E43-7AEC-41E3-AD3C-27FBFB929448}.Debug|x86.ActiveCfg = Debug|Win32
		{5AAE5E43-7AEC-41E3-AD3C-27FBFB929448}.Debug|x86.Build.0 = Debug|Win32
		{5AAE5E43-7AEC-41E3-AD3C-27FBFB929448}.Release|Any CPU.ActiveCfg = Release|Win32
		{5AAE5E43-7AEC-41E3-AD3C-27FBFB929448}.Release|x64.ActiveCfg = Release|x64
		{5AAE5E43-7AEC-41E3-AD3C-27FBFB929448}.Release|x64.Build.0 = Release|x64
		{5AAE5E43-7AEC-41E3-AD3C-27FBFB929448}.Release|x86.ActiveCfg = Release|Win32
		{5AAE5E43-7AEC-41E3-AD3C-27FBFB929448}.Release|x86.Build.0 = Release|Win32
		{D5D382EC-0A8B-456B-A704-6C02D2560491}.Debug|Any CPU.ActiveCfg = Debug|Win32
		{D5D382EC-0A8B-456B-A704-6C02D2560491}.Debug|x64.ActiveCfg = Debug|x64
		{D5D382EC-0A8B-456B-A704-6C02D2560491}.Debug|x64.Build.0 = Debug|x64
		{D5D382EC-0A8B-456B-A704-6C02D2560491}.Debug|x86.ActiveCfg = Debug|Win32
		{D5D382EC-0A8B-456B-A704-6C02D2560491}.Debug|x86.Build.0 = Debug|Win32
		{D5D382EC-0A8B-456B-A704-6C02D2560491}.Release|Any CPU.ActiveCfg = Release|Win32
		{D5D382EC-0A8B-456B-A704-6C02D2560491}.Release|x64.ActiveCfg = Release|x64
		{D5D382EC-0A8B-456B-A704-6C02D2560491}.Release|x64.Build.0 = Release|x64
		{D5D382EC-0A8B-456B-A704-6C02D2560491}.Release|x86.ActiveCfg = Release|Win32
		{D5D382EC-0A8B-456B-A704-6C02D2560491}.Release|x86.Build.0 = Release|Win32
		{06139373-3BC6-4A29-B38E-2131913728C6}.Debug|Any CPU.ActiveCfg = Debug|Win32
		{06139373-3BC6-4A29-B38E-2131913728C6}.Debug|x64.ActiveCfg = Debug|x64
		{06139373-3BC6-4A29-B38E-2131913728C6}.Debug|x64.Build.0 = Debug|x64
		{06139373-3BC6-4A29-B38E-2131913728C6}.Debug|x86.ActiveCfg = Debug|Win32
		{06139373-3BC6-4A29-B38E-2131913728C6}.Debug|x86.Build.0 = Debug|Win32
		{06139373-3BC6-4A29-B38E-2131913728C6}.Release|Any CPU.ActiveCfg = Release|Win32
		{06139373-3BC6-4A29-B38E-2131913728C6}.Release|x64.ActiveCfg = Release|x64
		{06139373-3BC6-4A29-B38E-2131913728C6}.Release|x64.Build.0 = Release|x64
		{06139373-3BC6-4A29-B38E-2131913728C6}.Release|x86.ActiveCfg = Release|Win32
		{06139373-3BC6-4A29-B38E-2131913728C6}.Release|x86.Build.0 = Release|Win32
		{D0E191C7-712B-431E-8B56-B67BD1F6DFAB}.Debug|Any CPU.ActiveCfg = Debug|Win32
		{D0E191C7-712B-431E-8B56-B67BD1F6DFAB}.Debug|x64.ActiveCfg = Debug|x64
		{D0E191C7-712B-431E-8B56-B67BD1F6DFAB}.Debug|x64.Build.0 = Debug|x64
		{D0E191C7-712B-431E-8B56-B67BD1F6DFAB}.Debug|x86.ActiveCfg = Debug|Win32
		{D0E191C7-712B-431E-8B56-B67BD1F6DFAB}.Debug|x86.Build.0 = Debug|Win32
		{D0E191C7-712B-431E-8B56-B67BD1F6DFAB}.Release|Any CPU.ActiveCfg = Release|Win32
		{D0E191C7-712B-431E-8B56-B67BD1F6DFAB}.Release|x64.ActiveCfg = Release|x64
		{D0E191C7-712B-431E-8B56-B67BD1F6DFAB}.Release|x64.Build.0 = Release|x64
		{D0E191C7-712B-431E-8B56-B67BD1F6DFAB}.Release|x86.ActiveCfg = Release|Win32
		{D0E191C7-712B-431E-8B56-B67BD1F6DFAB}.Release|x86.Build.0 = Release|Win32
	EndGlobalSection
	GlobalSection(SolutionProperties) = preSolution
		HideSolutionNode = FALSE
	EndGlobalSection
	GlobalSection(ExtensibilityGlobals) = postSolution
		SolutionGuid = {9470728F-9A2B-4413-9100-E753F4AECCF7}
	EndGlobalSection
EndGlobal
